// !$*UTF8*$!
{
	archiveVersion = 1;
	classes = {
	};
	objectVersion = 46;
	objects = {

/* Begin PBXBuildFile section */
		41396E0817E7517F00EC1DA6 /* SDL2.framework in Frameworks */ = {isa = PBXBuildFile; fileRef = 41C0B59817E63DA300C52270 /* SDL2.framework */; };
		41396E0917E7517F00EC1DA6 /* liblua-mac.a in Frameworks */ = {isa = PBXBuildFile; fileRef = 4169B54917676D8C00C2F34E /* liblua-mac.a */; };
		41396E0A17E7517F00EC1DA6 /* AudioToolbox.framework in Frameworks */ = {isa = PBXBuildFile; fileRef = 413B7026175DFEC800AABF10 /* AudioToolbox.framework */; };
		41396E0B17E7517F00EC1DA6 /* Cocoa.framework in Frameworks */ = {isa = PBXBuildFile; fileRef = 413B6DFA175CE70B00AABF10 /* Cocoa.framework */; };
		41396E0C17E7517F00EC1DA6 /* GLKit.framework in Frameworks */ = {isa = PBXBuildFile; fileRef = 413B6ECF175DE18A00AABF10 /* GLKit.framework */; };
		41396E0D17E7517F00EC1DA6 /* OpenAL.framework in Frameworks */ = {isa = PBXBuildFile; fileRef = 413B7022175DFEA900AABF10 /* OpenAL.framework */; };
		41396E0E17E7517F00EC1DA6 /* OpenGL.framework in Frameworks */ = {isa = PBXBuildFile; fileRef = 413B6ED1175DE19200AABF10 /* OpenGL.framework */; };
		41B2298F17EC730E00DFA0B6 /* Maps in Resources */ = {isa = PBXBuildFile; fileRef = 41B2298B17EC730E00DFA0B6 /* Maps */; };
		41B2299017EC730E00DFA0B6 /* Scripts in Resources */ = {isa = PBXBuildFile; fileRef = 41B2298C17EC730E00DFA0B6 /* Scripts */; };
		41B2299117EC730E00DFA0B6 /* Sounds in Resources */ = {isa = PBXBuildFile; fileRef = 41B2298D17EC730E00DFA0B6 /* Sounds */; };
		41B2299217EC730E00DFA0B6 /* Textures in Resources */ = {isa = PBXBuildFile; fileRef = 41B2298E17EC730E00DFA0B6 /* Textures */; };
		41EE144A17E8A4290085D3F2 /* SDL2_image.framework in Frameworks */ = {isa = PBXBuildFile; fileRef = 41EE144217E8A4020085D3F2 /* SDL2_image.framework */; };
		41EE144B17E8A4290085D3F2 /* SDL2_net.framework in Frameworks */ = {isa = PBXBuildFile; fileRef = 41EE144317E8A4020085D3F2 /* SDL2_net.framework */; };
		41EE144C17E8A4290085D3F2 /* SDL2_ttf.framework in Frameworks */ = {isa = PBXBuildFile; fileRef = 41EE144417E8A4020085D3F2 /* SDL2_ttf.framework */; };
		63F5503EC95D513DA04AB2B6 /* ButtonView.cpp in Sources */ = {isa = PBXBuildFile; fileRef = 63F553CB42E9E71501F4B017 /* ButtonView.cpp */; };
		63F550B662BEEAAA8D48C2A8 /* TerrainForest.cpp in Sources */ = {isa = PBXBuildFile; fileRef = 63F551DA89F0EC589EAF7E01 /* TerrainForest.cpp */; };
		63F550FED76DDF652A9C50B9 /* ColorBillboardRenderer.cpp in Sources */ = {isa = PBXBuildFile; fileRef = 63F5510889D854BAA1901027 /* ColorBillboardRenderer.cpp */; };
		63F551203E05661D8857E43A /* TerrainSurface.cpp in Sources */ = {isa = PBXBuildFile; fileRef = 63F551677D856F4DE69D9267 /* TerrainSurface.cpp */; };
		63F55141798EC9AE4917EA89 /* quadtree.cpp in Sources */ = {isa = PBXBuildFile; fileRef = 63F55E142C87CD190699B59A /* quadtree.cpp */; };
		63F551B11C9664867F3037DE /* ButtonRendering.cpp in Sources */ = {isa = PBXBuildFile; fileRef = 63F552FEDA6FD3A42486F79E /* ButtonRendering.cpp */; };
		63F55211E9EC58D197413281 /* vertexbuffer.cpp in Sources */ = {isa = PBXBuildFile; fileRef = 63F55210645696DF8C39FAA1 /* vertexbuffer.cpp */; };
		63F552991717E520636434AD /* View.cpp in Sources */ = {isa = PBXBuildFile; fileRef = 63F55AC9EFB69A66A162FA57 /* View.cpp */; };
		63F552DB4F5F259C2FE10D89 /* SmoothTerrainSurfaceRenderer.cpp in Sources */ = {isa = PBXBuildFile; fileRef = 63F55EA7FED50E1B180BCE7F /* SmoothTerrainSurfaceRenderer.cpp */; };
		63F5530271DC187BCEF0CF08 /* renderer.cpp in Sources */ = {isa = PBXBuildFile; fileRef = 63F55C0BD31BFD5B101FB3DA /* renderer.cpp */; };
		63F553C0EB47AB02528E231F /* TiledTerrainSurface.cpp in Sources */ = {isa = PBXBuildFile; fileRef = 63F557859608184A3EA4B6FC /* TiledTerrainSurface.cpp */; };
		63F553C832A774E6970A5828 /* PathRenderer.cpp in Sources */ = {isa = PBXBuildFile; fileRef = 63F555381CC651765405560B /* PathRenderer.cpp */; };
		63F553D501D84AAEB66ECCF9 /* geometry.cpp in Sources */ = {isa = PBXBuildFile; fileRef = 63F55CAFEA637F3D66215BD2 /* geometry.cpp */; };
		63F55433D66E0956B386D227 /* UnitMovementMarker.cpp in Sources */ = {isa = PBXBuildFile; fileRef = 63F55D5E1B7F9F2AFF583B2D /* UnitMovementMarker.cpp */; };
		63F5548D06981F2EA28B4C70 /* Window.cpp in Sources */ = {isa = PBXBuildFile; fileRef = 63F55E03B1193B22920A311E /* Window.cpp */; };
		63F554A56356060092C77122 /* framebuffer.cpp in Sources */ = {isa = PBXBuildFile; fileRef = 63F553B7E5DD54BA26248B3A /* framebuffer.cpp */; };
		63F554C3AFD11DF5918FA0E8 /* TextureRenderer.cpp in Sources */ = {isa = PBXBuildFile; fileRef = 63F55E7FF64AACC3DEBEF231 /* TextureRenderer.cpp */; };
		63F554D599B9EA471445C976 /* texture.cpp in Sources */ = {isa = PBXBuildFile; fileRef = 63F559F46C12DC702D63A12E /* texture.cpp */; };
		63F554D6FFA9FCA63FD7AB05 /* SoundLoader.cpp in Sources */ = {isa = PBXBuildFile; fileRef = 63F5500E141C859C13F9FC93 /* SoundLoader.cpp */; };
		63F5552382844DD951176704 /* TerrainSky.cpp in Sources */ = {isa = PBXBuildFile; fileRef = 63F5554DB57C199D82F2C968 /* TerrainSky.cpp */; };
		63F55545CE738AF09240DCA5 /* animation.cpp in Sources */ = {isa = PBXBuildFile; fileRef = 63F55CD34CCD2630B8ACF544 /* animation.cpp */; };
		63F555591364064D048D66DB /* PlainRenderer.cpp in Sources */ = {isa = PBXBuildFile; fileRef = 63F552FDFE5C6DB4BED6696F /* PlainRenderer.cpp */; };
		63F5558AC23A5B04A8330552 /* heightmap.cpp in Sources */ = {isa = PBXBuildFile; fileRef = 63F558B463EE915830B4958A /* heightmap.cpp */; };
		63F55593E97F8142871F5997 /* TiledTerrainSurfaceRenderer.cpp in Sources */ = {isa = PBXBuildFile; fileRef = 63F55668FA97C36F42F697E7 /* TiledTerrainSurfaceRenderer.cpp */; };
		63F5563E7284F60A11F8D90F /* UnitTrackingMarker.cpp in Sources */ = {isa = PBXBuildFile; fileRef = 63F558098EC65E4AB2495C2C /* UnitTrackingMarker.cpp */; };
		63F5567BE5C32F9B5F7D3AB7 /* BillboardTexture.cpp in Sources */ = {isa = PBXBuildFile; fileRef = 63F55523D79B2074202AE39A /* BillboardTexture.cpp */; };
		63F556D416CF315C05E40BEE /* TerrainWater.cpp in Sources */ = {isa = PBXBuildFile; fileRef = 63F551F1D95F0C557F0CF659 /* TerrainWater.cpp */; };
		63F556EF5D47AB63BC4254D9 /* BattleModel.cpp in Sources */ = {isa = PBXBuildFile; fileRef = 63F55F37B4865B6DB3D98DD7 /* BattleModel.cpp */; };
		63F5570002E7A8C45BA9193F /* TerrainView.cpp in Sources */ = {isa = PBXBuildFile; fileRef = 63F558F731F350A8BBE8E5A1 /* TerrainView.cpp */; };
		63F55716489CD3CFE523F118 /* MovementRules.cpp in Sources */ = {isa = PBXBuildFile; fileRef = 63F55BDF3022BE7EBE90969F /* MovementRules.cpp */; };
		63F5571764F43039B4C71633 /* SmokeCounter.cpp in Sources */ = {isa = PBXBuildFile; fileRef = 63F55B2FDADA57FEF8B45402 /* SmokeCounter.cpp */; };
		63F55722EEC5CE9AE320A7CF /* UnitCounter.cpp in Sources */ = {isa = PBXBuildFile; fileRef = 63F55C8F5267D09379279A4C /* UnitCounter.cpp */; };
		63F5575DCDE438070E9DF48C /* BattleView.cpp in Sources */ = {isa = PBXBuildFile; fileRef = 63F5561912400A1271CD5499 /* BattleView.cpp */; };
		63F5576689E0D2F4E57A3ED3 /* TerrainModel.cpp in Sources */ = {isa = PBXBuildFile; fileRef = 63F55B72960274D552F17053 /* TerrainModel.cpp */; };
		63F557E474C048664638BE6E /* ShootingCounter.cpp in Sources */ = {isa = PBXBuildFile; fileRef = 63F55D68C6456ED43F695676 /* ShootingCounter.cpp */; };
		63F557F49E49C72EBA30827B /* BattleScript.cpp in Sources */ = {isa = PBXBuildFile; fileRef = 63F552D6EBD5644E153D41B2 /* BattleScript.cpp */; };
		63F5582E120B722D806CDB58 /* CasualtyMarker.cpp in Sources */ = {isa = PBXBuildFile; fileRef = 63F55DFD84BC5463290D7393 /* CasualtyMarker.cpp */; };
		63F55886DA1CF72461C234F2 /* Gesture.cpp in Sources */ = {isa = PBXBuildFile; fileRef = 63F55E9460C9DAACCDCCA217 /* Gesture.cpp */; };
		63F558A3314F7A4251DF486E /* sampler.cpp in Sources */ = {isa = PBXBuildFile; fileRef = 63F55CE5272DE6F5E75AD10C /* sampler.cpp */; };
		63F558B39EB29DFB791E2951 /* Surface.cpp in Sources */ = {isa = PBXBuildFile; fileRef = 63F55D85DD218A9816498CE7 /* Surface.cpp */; };
		63F558DDB64E7B6125214060 /* string_shape.cpp in Sources */ = {isa = PBXBuildFile; fileRef = 63F55E04017B622EEDDC3E60 /* string_shape.cpp */; };
		63F5590A07885289F44997C1 /* SmoothTerrainSurface.cpp in Sources */ = {isa = PBXBuildFile; fileRef = 63F5514F1ED09B7C1DB009CB /* SmoothTerrainSurface.cpp */; };
		63F559482A86E47274136F37 /* UnitMarker.cpp in Sources */ = {isa = PBXBuildFile; fileRef = 63F5503DE69D968145B61EA6 /* UnitMarker.cpp */; };
		63F5596C0986FE7D81143BE1 /* RangeMarker.cpp in Sources */ = {isa = PBXBuildFile; fileRef = 63F552E43A0079DB88A52C9E /* RangeMarker.cpp */; };
		63F559BF719B416B43EFC1C6 /* TextureBillboardRenderer.cpp in Sources */ = {isa = PBXBuildFile; fileRef = 63F55C05BD2ADE30FBA4092E /* TextureBillboardRenderer.cpp */; };
		63F55A511124A6FB53683EA8 /* image.cpp in Sources */ = {isa = PBXBuildFile; fileRef = 63F552E0234EA71BAF4BDA5C /* image.cpp */; };
		63F55A5714237586D4DA8DB8 /* ButtonGesture.cpp in Sources */ = {isa = PBXBuildFile; fileRef = 63F556CDCFB86E30F18A5260 /* ButtonGesture.cpp */; };
		63F55BC7E8C99A6C96EE1A21 /* main.cpp in Sources */ = {isa = PBXBuildFile; fileRef = 63F550783E4B40F4117A4A1D /* main.cpp */; };
		63F55BD434ACA029C8FCEA04 /* bspline.cpp in Sources */ = {isa = PBXBuildFile; fileRef = 63F55AC129C1E8590AC60284 /* bspline.cpp */; };
		63F55C3F231CB1B446E0E0A1 /* sprite.cpp in Sources */ = {isa = PBXBuildFile; fileRef = 63F55DF4576BB7800CDA32FF /* sprite.cpp */; };
		63F55C6C209B937D619FE398 /* renderbuffer.cpp in Sources */ = {isa = PBXBuildFile; fileRef = 63F55B29F88D705246F698D2 /* renderbuffer.cpp */; };
		63F55D30931A4268F2704228 /* SmoothTerrainSky.cpp in Sources */ = {isa = PBXBuildFile; fileRef = 63F558B4DA23460D769477F6 /* SmoothTerrainSky.cpp */; };
		63F55D45A7A30820587225CB /* BattleGesture.cpp in Sources */ = {isa = PBXBuildFile; fileRef = 63F5575A4F049DA365D0685F /* BattleGesture.cpp */; };
		63F55D68A07CFDC7816F111A /* SmoothTerrainWater.cpp in Sources */ = {isa = PBXBuildFile; fileRef = 63F559A86B147EC2482F2E50 /* SmoothTerrainWater.cpp */; };
		63F55D81972105FD90CA832F /* OpenWarSurface.cpp in Sources */ = {isa = PBXBuildFile; fileRef = 63F5567B80EBBFC23C6EF38B /* OpenWarSurface.cpp */; };
		63F55D86A73E343C83D5E124 /* BattleSimulator.cpp in Sources */ = {isa = PBXBuildFile; fileRef = 63F55C13723082308ACD4511 /* BattleSimulator.cpp */; };
		63F55DC9F91104DB98854A0F /* EditorModel.cpp in Sources */ = {isa = PBXBuildFile; fileRef = 63F55EDEE5AF3C0B27543240 /* EditorModel.cpp */; };
		63F55E04CBD1D5B38067D31A /* EditorGesture.cpp in Sources */ = {isa = PBXBuildFile; fileRef = 63F559CAE90D309CD6697CC0 /* EditorGesture.cpp */; };
		63F55ECBBDB6C8631D7D8524 /* BillboardTerrainForest.cpp in Sources */ = {isa = PBXBuildFile; fileRef = 63F553CAD4D4F581C8F04465 /* BillboardTerrainForest.cpp */; };
		63F55F282E4AB4A3DC32F341 /* resource.cpp in Sources */ = {isa = PBXBuildFile; fileRef = 63F55EA10AE026287D60893A /* resource.cpp */; };
		63F55F836D09F1C6F5BC5E39 /* GradientRenderer.cpp in Sources */ = {isa = PBXBuildFile; fileRef = 63F557F9E6796A6318982179 /* GradientRenderer.cpp */; };
		63F55FBC597899D12FDCC5E9 /* TerrainGesture.cpp in Sources */ = {isa = PBXBuildFile; fileRef = 63F55662FF64D23F4AE9F8F2 /* TerrainGesture.cpp */; };
		63F55FC60E3AC160AB4A7CF2 /* Touch.cpp in Sources */ = {isa = PBXBuildFile; fileRef = 63F55354D8CD65C3BB96B765 /* Touch.cpp */; };
		63F55FF10D806725443AEE28 /* SoundPlayer.cpp in Sources */ = {isa = PBXBuildFile; fileRef = 63F55EDB26A6E2039B956B1B /* SoundPlayer.cpp */; };
/* End PBXBuildFile section */

/* Begin PBXContainerItemProxy section */
		4169B54817676D8C00C2F34E /* PBXContainerItemProxy */ = {
			isa = PBXContainerItemProxy;
			containerPortal = 4169B54417676D8B00C2F34E /* lua.xcodeproj */;
			proxyType = 2;
			remoteGlobalIDString = 410F067B1767661E00DBD017;
			remoteInfo = lua;
		};
		4169B57617676F9B00C2F34E /* PBXContainerItemProxy */ = {
			isa = PBXContainerItemProxy;
			containerPortal = 4169B54417676D8B00C2F34E /* lua.xcodeproj */;
			proxyType = 2;
			remoteGlobalIDString = 4169B55A17676EFB00C2F34E;
			remoteInfo = "lua-ios";
		};
/* End PBXContainerItemProxy section */

/* Begin PBXFileReference section */
		41396E3117E7517F00EC1DA6 /* Open War.app */ = {isa = PBXFileReference; explicitFileType = wrapper.application; includeInIndex = 0; path = "Open War.app"; sourceTree = BUILT_PRODUCTS_DIR; };
		413B6DFA175CE70B00AABF10 /* Cocoa.framework */ = {isa = PBXFileReference; lastKnownFileType = wrapper.framework; name = Cocoa.framework; path = System/Library/Frameworks/Cocoa.framework; sourceTree = SDKROOT; };
		413B6DFD175CE70B00AABF10 /* AppKit.framework */ = {isa = PBXFileReference; lastKnownFileType = wrapper.framework; name = AppKit.framework; path = System/Library/Frameworks/AppKit.framework; sourceTree = SDKROOT; };
		413B6DFF175CE70B00AABF10 /* Foundation.framework */ = {isa = PBXFileReference; lastKnownFileType = wrapper.framework; name = Foundation.framework; path = System/Library/Frameworks/Foundation.framework; sourceTree = SDKROOT; };
		413B6E02175CE70B00AABF10 /* OpenWar-Info.plist */ = {isa = PBXFileReference; lastKnownFileType = text.plist.xml; path = "OpenWar-Info.plist"; sourceTree = "<group>"; };
		413B6E08175CE70B00AABF10 /* OpenWar-Prefix.pch */ = {isa = PBXFileReference; lastKnownFileType = sourcecode.c.h; path = "OpenWar-Prefix.pch"; sourceTree = "<group>"; };
		413B6ECF175DE18A00AABF10 /* GLKit.framework */ = {isa = PBXFileReference; lastKnownFileType = wrapper.framework; name = GLKit.framework; path = System/Library/Frameworks/GLKit.framework; sourceTree = SDKROOT; };
		413B6ED1175DE19200AABF10 /* OpenGL.framework */ = {isa = PBXFileReference; lastKnownFileType = wrapper.framework; name = OpenGL.framework; path = System/Library/Frameworks/OpenGL.framework; sourceTree = SDKROOT; };
		413B7022175DFEA900AABF10 /* OpenAL.framework */ = {isa = PBXFileReference; lastKnownFileType = wrapper.framework; name = OpenAL.framework; path = System/Library/Frameworks/OpenAL.framework; sourceTree = SDKROOT; };
		413B7024175DFEB900AABF10 /* CoreAudio.framework */ = {isa = PBXFileReference; lastKnownFileType = wrapper.framework; name = CoreAudio.framework; path = System/Library/Frameworks/CoreAudio.framework; sourceTree = SDKROOT; };
		413B7026175DFEC800AABF10 /* AudioToolbox.framework */ = {isa = PBXFileReference; lastKnownFileType = wrapper.framework; name = AudioToolbox.framework; path = System/Library/Frameworks/AudioToolbox.framework; sourceTree = SDKROOT; };
		4169B54317676D3D00C2F34E /* luaconf.h */ = {isa = PBXFileReference; fileEncoding = 4; lastKnownFileType = sourcecode.c.h; path = luaconf.h; sourceTree = "<group>"; };
		4169B54417676D8B00C2F34E /* lua.xcodeproj */ = {isa = PBXFileReference; lastKnownFileType = "wrapper.pb-project"; path = lua.xcodeproj; sourceTree = "<group>"; };
		41B2298B17EC730E00DFA0B6 /* Maps */ = {isa = PBXFileReference; lastKnownFileType = folder; path = Maps; sourceTree = "<group>"; };
		41B2298C17EC730E00DFA0B6 /* Scripts */ = {isa = PBXFileReference; lastKnownFileType = folder; path = Scripts; sourceTree = "<group>"; };
		41B2298D17EC730E00DFA0B6 /* Sounds */ = {isa = PBXFileReference; lastKnownFileType = folder; path = Sounds; sourceTree = "<group>"; };
		41B2298E17EC730E00DFA0B6 /* Textures */ = {isa = PBXFileReference; lastKnownFileType = folder; path = Textures; sourceTree = "<group>"; };
		41C0B59817E63DA300C52270 /* SDL2.framework */ = {isa = PBXFileReference; lastKnownFileType = wrapper.framework; name = SDL2.framework; path = /Users/nicke/openwar/../../../Library/Frameworks/SDL2.framework; sourceTree = "<absolute>"; };
		41EE144217E8A4020085D3F2 /* SDL2_image.framework */ = {isa = PBXFileReference; lastKnownFileType = wrapper.framework; name = SDL2_image.framework; path = ../../../Library/Frameworks/SDL2_image.framework; sourceTree = "<group>"; };
		41EE144317E8A4020085D3F2 /* SDL2_net.framework */ = {isa = PBXFileReference; lastKnownFileType = wrapper.framework; name = SDL2_net.framework; path = ../../../Library/Frameworks/SDL2_net.framework; sourceTree = "<group>"; };
		41EE144417E8A4020085D3F2 /* SDL2_ttf.framework */ = {isa = PBXFileReference; lastKnownFileType = wrapper.framework; name = SDL2_ttf.framework; path = ../../../Library/Frameworks/SDL2_ttf.framework; sourceTree = "<group>"; };
		63F5500E141C859C13F9FC93 /* SoundLoader.cpp */ = {isa = PBXFileReference; fileEncoding = 4; lastKnownFileType = sourcecode.cpp.cpp; path = SoundLoader.cpp; sourceTree = "<group>"; };
		63F550366F1987F9B0EFEF8D /* SmoothTerrainSky.h */ = {isa = PBXFileReference; fileEncoding = 4; lastKnownFileType = sourcecode.c.h; path = SmoothTerrainSky.h; sourceTree = "<group>"; };
		63F5503DE69D968145B61EA6 /* UnitMarker.cpp */ = {isa = PBXFileReference; fileEncoding = 4; lastKnownFileType = sourcecode.cpp.cpp; path = UnitMarker.cpp; sourceTree = "<group>"; };
		63F550783E4B40F4117A4A1D /* main.cpp */ = {isa = PBXFileReference; fileEncoding = 4; lastKnownFileType = sourcecode.cpp.cpp; lineEnding = 0; path = main.cpp; sourceTree = "<group>"; };
		63F55092ECBD3383315D18BD /* BattleSimulator.h */ = {isa = PBXFileReference; fileEncoding = 4; lastKnownFileType = sourcecode.c.h; path = BattleSimulator.h; sourceTree = "<group>"; };
		63F5509439B53C00F30EFF32 /* OpenWarSurface.h */ = {isa = PBXFileReference; fileEncoding = 4; lastKnownFileType = sourcecode.c.h; path = OpenWarSurface.h; sourceTree = "<group>"; };
		63F550A448E1D6D3C5878C09 /* BillboardTexture.h */ = {isa = PBXFileReference; fileEncoding = 4; lastKnownFileType = sourcecode.c.h; path = BillboardTexture.h; sourceTree = "<group>"; };
		63F550B4F3BA0EF0F0BFA195 /* SmokeCounter.h */ = {isa = PBXFileReference; fileEncoding = 4; lastKnownFileType = sourcecode.c.h; path = SmokeCounter.h; sourceTree = "<group>"; };
		63F5510889D854BAA1901027 /* ColorBillboardRenderer.cpp */ = {isa = PBXFileReference; fileEncoding = 4; lastKnownFileType = sourcecode.cpp.cpp; path = ColorBillboardRenderer.cpp; sourceTree = "<group>"; };
		63F5510BB23143A4902E9FFA /* SmoothTerrainSurfaceRenderer.h */ = {isa = PBXFileReference; fileEncoding = 4; lastKnownFileType = sourcecode.c.h; path = SmoothTerrainSurfaceRenderer.h; sourceTree = "<group>"; };
		63F5512629224214EAA271E9 /* PathRenderer.h */ = {isa = PBXFileReference; fileEncoding = 4; lastKnownFileType = sourcecode.c.h; path = PathRenderer.h; sourceTree = "<group>"; };
		63F5514F1ED09B7C1DB009CB /* SmoothTerrainSurface.cpp */ = {isa = PBXFileReference; fileEncoding = 4; lastKnownFileType = sourcecode.cpp.cpp; path = SmoothTerrainSurface.cpp; sourceTree = "<group>"; };
		63F55157BC0A9E510B62B787 /* TextureRenderer.h */ = {isa = PBXFileReference; fileEncoding = 4; lastKnownFileType = sourcecode.c.h; path = TextureRenderer.h; sourceTree = "<group>"; };
		63F551677D856F4DE69D9267 /* TerrainSurface.cpp */ = {isa = PBXFileReference; fileEncoding = 4; lastKnownFileType = sourcecode.cpp.cpp; path = TerrainSurface.cpp; sourceTree = "<group>"; };
		63F55193EB82580AA48251BC /* Touch.h */ = {isa = PBXFileReference; fileEncoding = 4; lastKnownFileType = sourcecode.c.h; path = Touch.h; sourceTree = "<group>"; };
		63F551CF98E4F30C268EFF65 /* heightmap.h */ = {isa = PBXFileReference; fileEncoding = 4; lastKnownFileType = sourcecode.c.h; path = heightmap.h; sourceTree = "<group>"; };
		63F551DA5FF720685BD4D72F /* BillboardTerrainForest.h */ = {isa = PBXFileReference; fileEncoding = 4; lastKnownFileType = sourcecode.c.h; path = BillboardTerrainForest.h; sourceTree = "<group>"; };
		63F551DA89F0EC589EAF7E01 /* TerrainForest.cpp */ = {isa = PBXFileReference; fileEncoding = 4; lastKnownFileType = sourcecode.cpp.cpp; path = TerrainForest.cpp; sourceTree = "<group>"; };
		63F551F1D95F0C557F0CF659 /* TerrainWater.cpp */ = {isa = PBXFileReference; fileEncoding = 4; lastKnownFileType = sourcecode.cpp.cpp; path = TerrainWater.cpp; sourceTree = "<group>"; };
		63F55210645696DF8C39FAA1 /* vertexbuffer.cpp */ = {isa = PBXFileReference; fileEncoding = 4; lastKnownFileType = sourcecode.cpp.cpp; path = vertexbuffer.cpp; sourceTree = "<group>"; };
		63F5524A19A7DF6F3C5CE23F /* ColorBillboardRenderer.h */ = {isa = PBXFileReference; fileEncoding = 4; lastKnownFileType = sourcecode.c.h; path = ColorBillboardRenderer.h; sourceTree = "<group>"; };
		63F5524B256F939F6CFBB49D /* framebuffer.h */ = {isa = PBXFileReference; fileEncoding = 4; lastKnownFileType = sourcecode.c.h; path = framebuffer.h; sourceTree = "<group>"; };
		63F552CCF852821EC8BD4752 /* EditorModel.h */ = {isa = PBXFileReference; fileEncoding = 4; lastKnownFileType = sourcecode.c.h; path = EditorModel.h; sourceTree = "<group>"; };
		63F552D6EBD5644E153D41B2 /* BattleScript.cpp */ = {isa = PBXFileReference; fileEncoding = 4; lastKnownFileType = sourcecode.cpp.cpp; path = BattleScript.cpp; sourceTree = "<group>"; };
		63F552E0234EA71BAF4BDA5C /* image.cpp */ = {isa = PBXFileReference; fileEncoding = 4; lastKnownFileType = sourcecode.cpp.cpp; lineEnding = 0; path = image.cpp; sourceTree = "<group>"; xcLanguageSpecificationIdentifier = xcode.lang.cpp; };
		63F552E43A0079DB88A52C9E /* RangeMarker.cpp */ = {isa = PBXFileReference; fileEncoding = 4; lastKnownFileType = sourcecode.cpp.cpp; path = RangeMarker.cpp; sourceTree = "<group>"; };
		63F552E8E7EB3B493C22ED59 /* affine2.h */ = {isa = PBXFileReference; fileEncoding = 4; lastKnownFileType = sourcecode.c.h; path = affine2.h; sourceTree = "<group>"; };
		63F552FDFE5C6DB4BED6696F /* PlainRenderer.cpp */ = {isa = PBXFileReference; fileEncoding = 4; lastKnownFileType = sourcecode.cpp.cpp; path = PlainRenderer.cpp; sourceTree = "<group>"; };
		63F552FEDA6FD3A42486F79E /* ButtonRendering.cpp */ = {isa = PBXFileReference; fileEncoding = 4; lastKnownFileType = sourcecode.cpp.cpp; path = ButtonRendering.cpp; sourceTree = "<group>"; };
		63F5533372938D897E5B2EE4 /* vertexbuffer.h */ = {isa = PBXFileReference; fileEncoding = 4; lastKnownFileType = sourcecode.c.h; path = vertexbuffer.h; sourceTree = "<group>"; };
		63F55354D8CD65C3BB96B765 /* Touch.cpp */ = {isa = PBXFileReference; fileEncoding = 4; lastKnownFileType = sourcecode.cpp.cpp; path = Touch.cpp; sourceTree = "<group>"; };
		63F5535A136DED3B01215426 /* renderbuffer.h */ = {isa = PBXFileReference; fileEncoding = 4; lastKnownFileType = sourcecode.c.h; path = renderbuffer.h; sourceTree = "<group>"; };
		63F5536A34BFD90B10F1240C /* TerrainGesture.h */ = {isa = PBXFileReference; fileEncoding = 4; lastKnownFileType = sourcecode.c.h; path = TerrainGesture.h; sourceTree = "<group>"; };
		63F553A5C950C36CB298DCA0 /* Gesture.h */ = {isa = PBXFileReference; fileEncoding = 4; lastKnownFileType = sourcecode.c.h; path = Gesture.h; sourceTree = "<group>"; };
		63F553B2AC839B349F338BE8 /* image.h */ = {isa = PBXFileReference; fileEncoding = 4; lastKnownFileType = sourcecode.c.h; path = image.h; sourceTree = "<group>"; };
		63F553B7E5DD54BA26248B3A /* framebuffer.cpp */ = {isa = PBXFileReference; fileEncoding = 4; lastKnownFileType = sourcecode.cpp.cpp; path = framebuffer.cpp; sourceTree = "<group>"; };
		63F553CAD4D4F581C8F04465 /* BillboardTerrainForest.cpp */ = {isa = PBXFileReference; fileEncoding = 4; lastKnownFileType = sourcecode.cpp.cpp; path = BillboardTerrainForest.cpp; sourceTree = "<group>"; };
		63F553CB42E9E71501F4B017 /* ButtonView.cpp */ = {isa = PBXFileReference; fileEncoding = 4; lastKnownFileType = sourcecode.cpp.cpp; path = ButtonView.cpp; sourceTree = "<group>"; };
		63F553D7644D12FC7882284E /* uniforms.h */ = {isa = PBXFileReference; fileEncoding = 4; lastKnownFileType = sourcecode.c.h; path = uniforms.h; sourceTree = "<group>"; };
		63F5547D56E6A2D1C43B5A71 /* string_shape.h */ = {isa = PBXFileReference; fileEncoding = 4; lastKnownFileType = sourcecode.c.h; path = string_shape.h; sourceTree = "<group>"; };
		63F55489149FCEFFD8BF8C22 /* BattleScript.h */ = {isa = PBXFileReference; fileEncoding = 4; lastKnownFileType = sourcecode.c.h; path = BattleScript.h; sourceTree = "<group>"; };
		63F554F7CD1A8ADB9D2F708A /* sprite.h */ = {isa = PBXFileReference; fileEncoding = 4; lastKnownFileType = sourcecode.c.h; path = sprite.h; sourceTree = "<group>"; };
		63F55523D79B2074202AE39A /* BillboardTexture.cpp */ = {isa = PBXFileReference; fileEncoding = 4; lastKnownFileType = sourcecode.cpp.cpp; path = BillboardTexture.cpp; sourceTree = "<group>"; };
		63F555381CC651765405560B /* PathRenderer.cpp */ = {isa = PBXFileReference; fileEncoding = 4; lastKnownFileType = sourcecode.cpp.cpp; path = PathRenderer.cpp; sourceTree = "<group>"; };
		63F5554DB57C199D82F2C968 /* TerrainSky.cpp */ = {isa = PBXFileReference; fileEncoding = 4; lastKnownFileType = sourcecode.cpp.cpp; path = TerrainSky.cpp; sourceTree = "<group>"; };
		63F5559F5157EF61C44866C4 /* BattleModel.h */ = {isa = PBXFileReference; fileEncoding = 4; lastKnownFileType = sourcecode.c.h; path = BattleModel.h; sourceTree = "<group>"; };
		63F5561912400A1271CD5499 /* BattleView.cpp */ = {isa = PBXFileReference; fileEncoding = 4; lastKnownFileType = sourcecode.cpp.cpp; path = BattleView.cpp; sourceTree = "<group>"; };
		63F55662FF64D23F4AE9F8F2 /* TerrainGesture.cpp */ = {isa = PBXFileReference; fileEncoding = 4; lastKnownFileType = sourcecode.cpp.cpp; path = TerrainGesture.cpp; sourceTree = "<group>"; };
		63F55668FA97C36F42F697E7 /* TiledTerrainSurfaceRenderer.cpp */ = {isa = PBXFileReference; fileEncoding = 4; lastKnownFileType = sourcecode.cpp.cpp; path = TiledTerrainSurfaceRenderer.cpp; sourceTree = "<group>"; };
		63F5567B80EBBFC23C6EF38B /* OpenWarSurface.cpp */ = {isa = PBXFileReference; fileEncoding = 4; lastKnownFileType = sourcecode.cpp.cpp; path = OpenWarSurface.cpp; sourceTree = "<group>"; };
		63F5569A4201AD82257B1AEE /* TextureBillboardRenderer.h */ = {isa = PBXFileReference; fileEncoding = 4; lastKnownFileType = sourcecode.c.h; path = TextureBillboardRenderer.h; sourceTree = "<group>"; };
		63F556B85FCFB6ADAE34C47A /* sampler.h */ = {isa = PBXFileReference; fileEncoding = 4; lastKnownFileType = sourcecode.c.h; path = sampler.h; sourceTree = "<group>"; };
		63F556BA58BECAD01BE21E4D /* TerrainWater.h */ = {isa = PBXFileReference; fileEncoding = 4; lastKnownFileType = sourcecode.c.h; path = TerrainWater.h; sourceTree = "<group>"; };
		63F556CDCFB86E30F18A5260 /* ButtonGesture.cpp */ = {isa = PBXFileReference; fileEncoding = 4; lastKnownFileType = sourcecode.cpp.cpp; path = ButtonGesture.cpp; sourceTree = "<group>"; };
		63F556FFB27EA2AF4BC724B8 /* animation.h */ = {isa = PBXFileReference; fileEncoding = 4; lastKnownFileType = sourcecode.c.h; path = animation.h; sourceTree = "<group>"; };
		63F5575A4F049DA365D0685F /* BattleGesture.cpp */ = {isa = PBXFileReference; fileEncoding = 4; lastKnownFileType = sourcecode.cpp.cpp; path = BattleGesture.cpp; sourceTree = "<group>"; };
		63F557859608184A3EA4B6FC /* TiledTerrainSurface.cpp */ = {isa = PBXFileReference; fileEncoding = 4; lastKnownFileType = sourcecode.cpp.cpp; path = TiledTerrainSurface.cpp; sourceTree = "<group>"; };
		63F557F8869ACEAFC7DECBA8 /* UnitCounter.h */ = {isa = PBXFileReference; fileEncoding = 4; lastKnownFileType = sourcecode.c.h; path = UnitCounter.h; sourceTree = "<group>"; };
		63F557F9E6796A6318982179 /* GradientRenderer.cpp */ = {isa = PBXFileReference; fileEncoding = 4; lastKnownFileType = sourcecode.cpp.cpp; path = GradientRenderer.cpp; sourceTree = "<group>"; };
		63F558098EC65E4AB2495C2C /* UnitTrackingMarker.cpp */ = {isa = PBXFileReference; fileEncoding = 4; lastKnownFileType = sourcecode.cpp.cpp; path = UnitTrackingMarker.cpp; sourceTree = "<group>"; };
		63F5589EE14D04B277CCA7A0 /* TiledTerrainSurfaceRenderer.h */ = {isa = PBXFileReference; fileEncoding = 4; lastKnownFileType = sourcecode.c.h; path = TiledTerrainSurfaceRenderer.h; sourceTree = "<group>"; };
		63F558B463EE915830B4958A /* heightmap.cpp */ = {isa = PBXFileReference; fileEncoding = 4; lastKnownFileType = sourcecode.cpp.cpp; path = heightmap.cpp; sourceTree = "<group>"; };
		63F558B4DA23460D769477F6 /* SmoothTerrainSky.cpp */ = {isa = PBXFileReference; fileEncoding = 4; lastKnownFileType = sourcecode.cpp.cpp; path = SmoothTerrainSky.cpp; sourceTree = "<group>"; };
		63F558F731F350A8BBE8E5A1 /* TerrainView.cpp */ = {isa = PBXFileReference; fileEncoding = 4; lastKnownFileType = sourcecode.cpp.cpp; path = TerrainView.cpp; sourceTree = "<group>"; };
		63F5591061A03528F689063F /* ButtonGesture.h */ = {isa = PBXFileReference; fileEncoding = 4; lastKnownFileType = sourcecode.c.h; path = ButtonGesture.h; sourceTree = "<group>"; };
		63F55973AF4F6709B2F8689A /* resource.h */ = {isa = PBXFileReference; fileEncoding = 4; lastKnownFileType = sourcecode.c.h; path = resource.h; sourceTree = "<group>"; };
		63F5597C5AA2418A64923099 /* UnitMovementMarker.h */ = {isa = PBXFileReference; fileEncoding = 4; lastKnownFileType = sourcecode.c.h; path = UnitMovementMarker.h; sourceTree = "<group>"; };
		63F559A86B147EC2482F2E50 /* SmoothTerrainWater.cpp */ = {isa = PBXFileReference; fileEncoding = 4; lastKnownFileType = sourcecode.cpp.cpp; path = SmoothTerrainWater.cpp; sourceTree = "<group>"; };
		63F559AE7C01F0DD28F167BA /* ButtonView.h */ = {isa = PBXFileReference; fileEncoding = 4; lastKnownFileType = sourcecode.c.h; path = ButtonView.h; sourceTree = "<group>"; };
		63F559CAE90D309CD6697CC0 /* EditorGesture.cpp */ = {isa = PBXFileReference; fileEncoding = 4; lastKnownFileType = sourcecode.cpp.cpp; path = EditorGesture.cpp; sourceTree = "<group>"; };
		63F559CB796A229963420AED /* vertex.h */ = {isa = PBXFileReference; fileEncoding = 4; lastKnownFileType = sourcecode.c.h; path = vertex.h; sourceTree = "<group>"; };
		63F559F46C12DC702D63A12E /* texture.cpp */ = {isa = PBXFileReference; fileEncoding = 4; lastKnownFileType = sourcecode.cpp.cpp; path = texture.cpp; sourceTree = "<group>"; };
		63F559F96653B5741865983B /* View.h */ = {isa = PBXFileReference; fileEncoding = 4; lastKnownFileType = sourcecode.c.h; path = View.h; sourceTree = "<group>"; };
		63F55A00FA9DD155AB56622E /* TerrainSurface.h */ = {isa = PBXFileReference; fileEncoding = 4; lastKnownFileType = sourcecode.c.h; path = TerrainSurface.h; sourceTree = "<group>"; };
		63F55A15A6C2FB0B852D8D65 /* ShootingCounter.h */ = {isa = PBXFileReference; fileEncoding = 4; lastKnownFileType = sourcecode.c.h; path = ShootingCounter.h; sourceTree = "<group>"; };
		63F55A399C7906BE1D77A063 /* TerrainSky.h */ = {isa = PBXFileReference; fileEncoding = 4; lastKnownFileType = sourcecode.c.h; path = TerrainSky.h; sourceTree = "<group>"; };
		63F55A63B8C3D4F77D0FA5D1 /* TiledTerrainSurface.h */ = {isa = PBXFileReference; fileEncoding = 4; lastKnownFileType = sourcecode.c.h; path = TiledTerrainSurface.h; sourceTree = "<group>"; };
		63F55AB2BE0DA6BCCD070755 /* UnitTrackingMarker.h */ = {isa = PBXFileReference; fileEncoding = 4; lastKnownFileType = sourcecode.c.h; path = UnitTrackingMarker.h; sourceTree = "<group>"; };
		63F55AC129C1E8590AC60284 /* bspline.cpp */ = {isa = PBXFileReference; fileEncoding = 4; lastKnownFileType = sourcecode.cpp.cpp; path = bspline.cpp; sourceTree = "<group>"; };
		63F55AC9EFB69A66A162FA57 /* View.cpp */ = {isa = PBXFileReference; fileEncoding = 4; lastKnownFileType = sourcecode.cpp.cpp; path = View.cpp; sourceTree = "<group>"; };
		63F55ACC2C3FA9411DBC86C1 /* quadtree.h */ = {isa = PBXFileReference; fileEncoding = 4; lastKnownFileType = sourcecode.c.h; path = quadtree.h; sourceTree = "<group>"; };
		63F55AD3C680A53B22D999AE /* TerrainView.h */ = {isa = PBXFileReference; fileEncoding = 4; lastKnownFileType = sourcecode.c.h; path = TerrainView.h; sourceTree = "<group>"; };
		63F55AE091832B41016A5337 /* TerrainModel.h */ = {isa = PBXFileReference; fileEncoding = 4; lastKnownFileType = sourcecode.c.h; path = TerrainModel.h; sourceTree = "<group>"; };
		63F55B25666858BF5024E9FA /* texture.h */ = {isa = PBXFileReference; fileEncoding = 4; lastKnownFileType = sourcecode.c.h; path = texture.h; sourceTree = "<group>"; };
		63F55B29F88D705246F698D2 /* renderbuffer.cpp */ = {isa = PBXFileReference; fileEncoding = 4; lastKnownFileType = sourcecode.cpp.cpp; path = renderbuffer.cpp; sourceTree = "<group>"; };
		63F55B2FDADA57FEF8B45402 /* SmokeCounter.cpp */ = {isa = PBXFileReference; fileEncoding = 4; lastKnownFileType = sourcecode.cpp.cpp; path = SmokeCounter.cpp; sourceTree = "<group>"; };
		63F55B48B866CEFBA6AB2BF2 /* SoundPlayer.h */ = {isa = PBXFileReference; fileEncoding = 4; lastKnownFileType = sourcecode.c.h; path = SoundPlayer.h; sourceTree = "<group>"; };
		63F55B5F9271AA7EA4F00E20 /* CasualtyMarker.h */ = {isa = PBXFileReference; fileEncoding = 4; lastKnownFileType = sourcecode.c.h; path = CasualtyMarker.h; sourceTree = "<group>"; };
		63F55B72960274D552F17053 /* TerrainModel.cpp */ = {isa = PBXFileReference; fileEncoding = 4; lastKnownFileType = sourcecode.cpp.cpp; path = TerrainModel.cpp; sourceTree = "<group>"; };
		63F55B8BB5DE03C59EE5D3DF /* UnitMarker.h */ = {isa = PBXFileReference; fileEncoding = 4; lastKnownFileType = sourcecode.c.h; path = UnitMarker.h; sourceTree = "<group>"; };
		63F55BCD0376B53CEDF4DD40 /* renderer.h */ = {isa = PBXFileReference; fileEncoding = 4; lastKnownFileType = sourcecode.c.h; path = renderer.h; sourceTree = "<group>"; };
		63F55BDF3022BE7EBE90969F /* MovementRules.cpp */ = {isa = PBXFileReference; fileEncoding = 4; lastKnownFileType = sourcecode.cpp.cpp; path = MovementRules.cpp; sourceTree = "<group>"; };
		63F55C05BD2ADE30FBA4092E /* TextureBillboardRenderer.cpp */ = {isa = PBXFileReference; fileEncoding = 4; lastKnownFileType = sourcecode.cpp.cpp; path = TextureBillboardRenderer.cpp; sourceTree = "<group>"; };
		63F55C0BD31BFD5B101FB3DA /* renderer.cpp */ = {isa = PBXFileReference; fileEncoding = 4; lastKnownFileType = sourcecode.cpp.cpp; path = renderer.cpp; sourceTree = "<group>"; };
		63F55C13723082308ACD4511 /* BattleSimulator.cpp */ = {isa = PBXFileReference; fileEncoding = 4; lastKnownFileType = sourcecode.cpp.cpp; path = BattleSimulator.cpp; sourceTree = "<group>"; };
		63F55C2E5A299BF382C33A05 /* geometry.h */ = {isa = PBXFileReference; fileEncoding = 4; lastKnownFileType = sourcecode.c.h; path = geometry.h; sourceTree = "<group>"; };
		63F55C464CBF5588721C6A8D /* GradientRenderer.h */ = {isa = PBXFileReference; fileEncoding = 4; lastKnownFileType = sourcecode.c.h; path = GradientRenderer.h; sourceTree = "<group>"; };
		63F55C8F5267D09379279A4C /* UnitCounter.cpp */ = {isa = PBXFileReference; fileEncoding = 4; lastKnownFileType = sourcecode.cpp.cpp; path = UnitCounter.cpp; sourceTree = "<group>"; };
		63F55CAFEA637F3D66215BD2 /* geometry.cpp */ = {isa = PBXFileReference; fileEncoding = 4; lastKnownFileType = sourcecode.cpp.cpp; path = geometry.cpp; sourceTree = "<group>"; };
		63F55CD34CCD2630B8ACF544 /* animation.cpp */ = {isa = PBXFileReference; fileEncoding = 4; lastKnownFileType = sourcecode.cpp.cpp; path = animation.cpp; sourceTree = "<group>"; };
		63F55CE5272DE6F5E75AD10C /* sampler.cpp */ = {isa = PBXFileReference; fileEncoding = 4; lastKnownFileType = sourcecode.cpp.cpp; path = sampler.cpp; sourceTree = "<group>"; };
		63F55D47F9AC5614AE3B6432 /* ButtonRendering.h */ = {isa = PBXFileReference; fileEncoding = 4; lastKnownFileType = sourcecode.c.h; path = ButtonRendering.h; sourceTree = "<group>"; };
		63F55D5E1B7F9F2AFF583B2D /* UnitMovementMarker.cpp */ = {isa = PBXFileReference; fileEncoding = 4; lastKnownFileType = sourcecode.cpp.cpp; path = UnitMovementMarker.cpp; sourceTree = "<group>"; };
		63F55D68C6456ED43F695676 /* ShootingCounter.cpp */ = {isa = PBXFileReference; fileEncoding = 4; lastKnownFileType = sourcecode.cpp.cpp; path = ShootingCounter.cpp; sourceTree = "<group>"; };
		63F55D85DD218A9816498CE7 /* Surface.cpp */ = {isa = PBXFileReference; fileEncoding = 4; lastKnownFileType = sourcecode.cpp.cpp; path = Surface.cpp; sourceTree = "<group>"; };
		63F55D897FA67A71DB48D943 /* TerrainForest.h */ = {isa = PBXFileReference; fileEncoding = 4; lastKnownFileType = sourcecode.c.h; path = TerrainForest.h; sourceTree = "<group>"; };
		63F55D8F4295FAA02DC0AEEF /* BattleView.h */ = {isa = PBXFileReference; fileEncoding = 4; lastKnownFileType = sourcecode.c.h; path = BattleView.h; sourceTree = "<group>"; };
		63F55DF4576BB7800CDA32FF /* sprite.cpp */ = {isa = PBXFileReference; fileEncoding = 4; lastKnownFileType = sourcecode.cpp.cpp; path = sprite.cpp; sourceTree = "<group>"; };
		63F55DFD84BC5463290D7393 /* CasualtyMarker.cpp */ = {isa = PBXFileReference; fileEncoding = 4; lastKnownFileType = sourcecode.cpp.cpp; path = CasualtyMarker.cpp; sourceTree = "<group>"; };
		63F55E03B1193B22920A311E /* Window.cpp */ = {isa = PBXFileReference; fileEncoding = 4; lastKnownFileType = sourcecode.cpp.cpp; path = Window.cpp; sourceTree = "<group>"; };
		63F55E04017B622EEDDC3E60 /* string_shape.cpp */ = {isa = PBXFileReference; fileEncoding = 4; lastKnownFileType = sourcecode.cpp.cpp; path = string_shape.cpp; sourceTree = "<group>"; };
		63F55E0DF535BDD7022C6BFD /* SmoothTerrainWater.h */ = {isa = PBXFileReference; fileEncoding = 4; lastKnownFileType = sourcecode.c.h; path = SmoothTerrainWater.h; sourceTree = "<group>"; };
		63F55E142C87CD190699B59A /* quadtree.cpp */ = {isa = PBXFileReference; fileEncoding = 4; lastKnownFileType = sourcecode.cpp.cpp; path = quadtree.cpp; sourceTree = "<group>"; };
		63F55E1A41E735430E302DAD /* Window.h */ = {isa = PBXFileReference; fileEncoding = 4; lastKnownFileType = sourcecode.c.h; path = Window.h; sourceTree = "<group>"; };
		63F55E5ACB461AF50E8B57D9 /* RangeMarker.h */ = {isa = PBXFileReference; fileEncoding = 4; lastKnownFileType = sourcecode.c.h; path = RangeMarker.h; sourceTree = "<group>"; };
		63F55E7FF64AACC3DEBEF231 /* TextureRenderer.cpp */ = {isa = PBXFileReference; fileEncoding = 4; lastKnownFileType = sourcecode.cpp.cpp; path = TextureRenderer.cpp; sourceTree = "<group>"; };
		63F55E9460C9DAACCDCCA217 /* Gesture.cpp */ = {isa = PBXFileReference; fileEncoding = 4; lastKnownFileType = sourcecode.cpp.cpp; path = Gesture.cpp; sourceTree = "<group>"; };
		63F55EA10AE026287D60893A /* resource.cpp */ = {isa = PBXFileReference; fileEncoding = 4; lastKnownFileType = sourcecode.cpp.cpp; path = resource.cpp; sourceTree = "<group>"; };
		63F55EA7CE6A2900CE71DD1D /* EditorGesture.h */ = {isa = PBXFileReference; fileEncoding = 4; lastKnownFileType = sourcecode.c.h; path = EditorGesture.h; sourceTree = "<group>"; };
		63F55EA7FED50E1B180BCE7F /* SmoothTerrainSurfaceRenderer.cpp */ = {isa = PBXFileReference; fileEncoding = 4; lastKnownFileType = sourcecode.cpp.cpp; path = SmoothTerrainSurfaceRenderer.cpp; sourceTree = "<group>"; };
		63F55EDB26A6E2039B956B1B /* SoundPlayer.cpp */ = {isa = PBXFileReference; fileEncoding = 4; lastKnownFileType = sourcecode.cpp.cpp; path = SoundPlayer.cpp; sourceTree = "<group>"; };
		63F55EDEE5AF3C0B27543240 /* EditorModel.cpp */ = {isa = PBXFileReference; fileEncoding = 4; lastKnownFileType = sourcecode.cpp.cpp; path = EditorModel.cpp; sourceTree = "<group>"; };
		63F55EF2863F6A2F589A51E4 /* SmoothTerrainSurface.h */ = {isa = PBXFileReference; fileEncoding = 4; lastKnownFileType = sourcecode.c.h; path = SmoothTerrainSurface.h; sourceTree = "<group>"; };
		63F55F15640E6646ED5ED674 /* bspline.h */ = {isa = PBXFileReference; fileEncoding = 4; lastKnownFileType = sourcecode.c.h; path = bspline.h; sourceTree = "<group>"; };
		63F55F31EB1255C4B6B0337F /* Surface.h */ = {isa = PBXFileReference; fileEncoding = 4; lastKnownFileType = sourcecode.c.h; path = Surface.h; sourceTree = "<group>"; };
		63F55F37B4865B6DB3D98DD7 /* BattleModel.cpp */ = {isa = PBXFileReference; fileEncoding = 4; lastKnownFileType = sourcecode.cpp.cpp; path = BattleModel.cpp; sourceTree = "<group>"; };
		63F55F465EEC5764D107A77E /* SoundLoader.h */ = {isa = PBXFileReference; fileEncoding = 4; lastKnownFileType = sourcecode.c.h; path = SoundLoader.h; sourceTree = "<group>"; };
		63F55F554D2048063A2E417C /* bounds.h */ = {isa = PBXFileReference; fileEncoding = 4; lastKnownFileType = sourcecode.c.h; path = bounds.h; sourceTree = "<group>"; };
		63F55FBEF0278E29E88A088C /* BattleGesture.h */ = {isa = PBXFileReference; fileEncoding = 4; lastKnownFileType = sourcecode.c.h; path = BattleGesture.h; sourceTree = "<group>"; };
		63F55FC1EA8991D16A60F8AC /* MovementRules.h */ = {isa = PBXFileReference; fileEncoding = 4; lastKnownFileType = sourcecode.c.h; path = MovementRules.h; sourceTree = "<group>"; };
		63F55FFCDBD2C7E4BDC29ABC /* PlainRenderer.h */ = {isa = PBXFileReference; fileEncoding = 4; lastKnownFileType = sourcecode.c.h; path = PlainRenderer.h; sourceTree = "<group>"; };
/* End PBXFileReference section */

/* Begin PBXFrameworksBuildPhase section */
		41396E0717E7517F00EC1DA6 /* Frameworks */ = {
			isa = PBXFrameworksBuildPhase;
			buildActionMask = 2147483647;
			files = (
				41396E0917E7517F00EC1DA6 /* liblua-mac.a in Frameworks */,
				41EE144A17E8A4290085D3F2 /* SDL2_image.framework in Frameworks */,
				41EE144B17E8A4290085D3F2 /* SDL2_net.framework in Frameworks */,
				41EE144C17E8A4290085D3F2 /* SDL2_ttf.framework in Frameworks */,
				41396E0817E7517F00EC1DA6 /* SDL2.framework in Frameworks */,
				41396E0A17E7517F00EC1DA6 /* AudioToolbox.framework in Frameworks */,
				41396E0B17E7517F00EC1DA6 /* Cocoa.framework in Frameworks */,
				41396E0C17E7517F00EC1DA6 /* GLKit.framework in Frameworks */,
				41396E0D17E7517F00EC1DA6 /* OpenAL.framework in Frameworks */,
				41396E0E17E7517F00EC1DA6 /* OpenGL.framework in Frameworks */,
			);
			runOnlyForDeploymentPostprocessing = 0;
		};
/* End PBXFrameworksBuildPhase section */

/* Begin PBXGroup section */
		413B6DEE175CE70B00AABF10 = {
			isa = PBXGroup;
			children = (
				413B6E02175CE70B00AABF10 /* OpenWar-Info.plist */,
				413B6E08175CE70B00AABF10 /* OpenWar-Prefix.pch */,
				4157EF8D1767694200266CFA /* External */,
				41B2298817EC72C400DFA0B6 /* Resources */,
				63F55B1AFAF82F9443B94898 /* Sources */,
				413B6DF9175CE70B00AABF10 /* Frameworks */,
				413B6DF8175CE70B00AABF10 /* Products */,
			);
			sourceTree = "<group>";
		};
		413B6DF8175CE70B00AABF10 /* Products */ = {
			isa = PBXGroup;
			children = (
				41396E3117E7517F00EC1DA6 /* Open War.app */,
			);
			name = Products;
			sourceTree = "<group>";
		};
		413B6DF9175CE70B00AABF10 /* Frameworks */ = {
			isa = PBXGroup;
			children = (
				413B6DFD175CE70B00AABF10 /* AppKit.framework */,
				413B7026175DFEC800AABF10 /* AudioToolbox.framework */,
				413B6DFA175CE70B00AABF10 /* Cocoa.framework */,
				413B7024175DFEB900AABF10 /* CoreAudio.framework */,
				413B6DFF175CE70B00AABF10 /* Foundation.framework */,
				413B6ECF175DE18A00AABF10 /* GLKit.framework */,
				413B7022175DFEA900AABF10 /* OpenAL.framework */,
				413B6ED1175DE19200AABF10 /* OpenGL.framework */,
				41C0B59817E63DA300C52270 /* SDL2.framework */,
				41EE144217E8A4020085D3F2 /* SDL2_image.framework */,
				41EE144317E8A4020085D3F2 /* SDL2_net.framework */,
				41EE144417E8A4020085D3F2 /* SDL2_ttf.framework */,
			);
			name = Frameworks;
			sourceTree = "<group>";
		};
		4157EF8D1767694200266CFA /* External */ = {
			isa = PBXGroup;
			children = (
				4169B54417676D8B00C2F34E /* lua.xcodeproj */,
				4169B54317676D3D00C2F34E /* luaconf.h */,
			);
			path = External;
			sourceTree = "<group>";
		};
		4169B54517676D8B00C2F34E /* Products */ = {
			isa = PBXGroup;
			children = (
				4169B57717676F9B00C2F34E /* liblua-ios.a */,
				4169B54917676D8C00C2F34E /* liblua-mac.a */,
			);
			name = Products;
			sourceTree = "<group>";
		};
		41B2298817EC72C400DFA0B6 /* Resources */ = {
			isa = PBXGroup;
			children = (
				41B2298B17EC730E00DFA0B6 /* Maps */,
				41B2298C17EC730E00DFA0B6 /* Scripts */,
				41B2298D17EC730E00DFA0B6 /* Sounds */,
				41B2298E17EC730E00DFA0B6 /* Textures */,
			);
			path = Resources;
			sourceTree = "<group>";
		};
		63F5503F7A0639ADB22855EF /* Algebra */ = {
			isa = PBXGroup;
			children = (
				63F55F554D2048063A2E417C /* bounds.h */,
				63F55CAFEA637F3D66215BD2 /* geometry.cpp */,
				63F55C2E5A299BF382C33A05 /* geometry.h */,
				63F552E0234EA71BAF4BDA5C /* image.cpp */,
				63F553B2AC839B349F338BE8 /* image.h */,
				63F552E8E7EB3B493C22ED59 /* affine2.h */,
			);
			path = Algebra;
			sourceTree = "<group>";
		};
		63F5508F07ECFEA054277782 /* BattleModel */ = {
			isa = PBXGroup;
			children = (
				63F5559F5157EF61C44866C4 /* BattleModel.h */,
				63F55F37B4865B6DB3D98DD7 /* BattleModel.cpp */,
				63F55D68C6456ED43F695676 /* ShootingCounter.cpp */,
				63F55A15A6C2FB0B852D8D65 /* ShootingCounter.h */,
				63F55B2FDADA57FEF8B45402 /* SmokeCounter.cpp */,
				63F550B4F3BA0EF0F0BFA195 /* SmokeCounter.h */,
				63F55C8F5267D09379279A4C /* UnitCounter.cpp */,
				63F557F8869ACEAFC7DECBA8 /* UnitCounter.h */,
			);
			path = BattleModel;
			sourceTree = "<group>";
		};
		63F5509FBDF9B166B4498329 /* ViewCore */ = {
			isa = PBXGroup;
			children = (
				63F55E9460C9DAACCDCCA217 /* Gesture.cpp */,
				63F553A5C950C36CB298DCA0 /* Gesture.h */,
				63F55D85DD218A9816498CE7 /* Surface.cpp */,
				63F55F31EB1255C4B6B0337F /* Surface.h */,
				63F55354D8CD65C3BB96B765 /* Touch.cpp */,
				63F55193EB82580AA48251BC /* Touch.h */,
				63F55AC9EFB69A66A162FA57 /* View.cpp */,
				63F559F96653B5741865983B /* View.h */,
				63F55E03B1193B22920A311E /* Window.cpp */,
				63F55E1A41E735430E302DAD /* Window.h */,
			);
			path = ViewCore;
			sourceTree = "<group>";
		};
		63F5514E02B8998EDF2FC576 /* Sources */ = {
			isa = PBXGroup;
			children = (
				63F5508F07ECFEA054277782 /* BattleModel */,
				63F55FFA5FE3E081A6015693 /* BattleView */,
				63F551FE4108ED00D98A59AE /* Simulator */,
				63F55588CA4F5E074F058960 /* SmoothTerrain */,
				63F55334853E0F5F252CE107 /* TerrainForest */,
				63F55D0D8978C6F2F192A9DF /* TerrainModel */,
				63F5576E8DF71A0023F98648 /* TerrainSurface */,
				63F55C7AE6C66094DA9E0F6F /* TerrainSky */,
				63F553EC0C3E195D719DAB42 /* TerrainView */,
				63F552D6EBD5644E153D41B2 /* BattleScript.cpp */,
				63F55489149FCEFFD8BF8C22 /* BattleScript.h */,
				63F5567B80EBBFC23C6EF38B /* OpenWarSurface.cpp */,
				63F5509439B53C00F30EFF32 /* OpenWarSurface.h */,
			);
			path = Sources;
			sourceTree = "<group>";
		};
		63F551FE4108ED00D98A59AE /* Simulator */ = {
			isa = PBXGroup;
			children = (
				63F55FC1EA8991D16A60F8AC /* MovementRules.h */,
				63F55BDF3022BE7EBE90969F /* MovementRules.cpp */,
				63F55092ECBD3383315D18BD /* BattleSimulator.h */,
				63F55C13723082308ACD4511 /* BattleSimulator.cpp */,
			);
			path = Simulator;
			sourceTree = "<group>";
		};
		63F55334853E0F5F252CE107 /* TerrainForest */ = {
			isa = PBXGroup;
			children = (
				63F551DA5FF720685BD4D72F /* BillboardTerrainForest.h */,
				63F553CAD4D4F581C8F04465 /* BillboardTerrainForest.cpp */,
				63F55D897FA67A71DB48D943 /* TerrainForest.h */,
				63F551DA89F0EC589EAF7E01 /* TerrainForest.cpp */,
			);
			path = TerrainForest;
			sourceTree = "<group>";
		};
		63F553EC0C3E195D719DAB42 /* TerrainView */ = {
			isa = PBXGroup;
			children = (
				63F55662FF64D23F4AE9F8F2 /* TerrainGesture.cpp */,
				63F5536A34BFD90B10F1240C /* TerrainGesture.h */,
				63F558F731F350A8BBE8E5A1 /* TerrainView.cpp */,
				63F55AD3C680A53B22D999AE /* TerrainView.h */,
				63F55EDEE5AF3C0B27543240 /* EditorModel.cpp */,
				63F55EA7CE6A2900CE71DD1D /* EditorGesture.h */,
				63F559CAE90D309CD6697CC0 /* EditorGesture.cpp */,
				63F552CCF852821EC8BD4752 /* EditorModel.h */,
			);
			path = TerrainView;
			sourceTree = "<group>";
		};
		63F5554BD209159A56240B73 /* ViewExtra */ = {
			isa = PBXGroup;
			children = (
				63F556CDCFB86E30F18A5260 /* ButtonGesture.cpp */,
				63F5591061A03528F689063F /* ButtonGesture.h */,
				63F552FEDA6FD3A42486F79E /* ButtonRendering.cpp */,
				63F55D47F9AC5614AE3B6432 /* ButtonRendering.h */,
				63F553CB42E9E71501F4B017 /* ButtonView.cpp */,
				63F559AE7C01F0DD28F167BA /* ButtonView.h */,
			);
			path = ViewExtra;
			sourceTree = "<group>";
		};
		63F55588CA4F5E074F058960 /* SmoothTerrain */ = {
			isa = PBXGroup;
			children = (
				63F5514F1ED09B7C1DB009CB /* SmoothTerrainSurface.cpp */,
				63F55EF2863F6A2F589A51E4 /* SmoothTerrainSurface.h */,
				63F55EA7FED50E1B180BCE7F /* SmoothTerrainSurfaceRenderer.cpp */,
				63F5510BB23143A4902E9FFA /* SmoothTerrainSurfaceRenderer.h */,
				63F559A86B147EC2482F2E50 /* SmoothTerrainWater.cpp */,
				63F55E0DF535BDD7022C6BFD /* SmoothTerrainWater.h */,
			);
			path = SmoothTerrain;
			sourceTree = "<group>";
		};
		63F555A069B7FC38DF394761 /* Audio */ = {
			isa = PBXGroup;
			children = (
				63F5500E141C859C13F9FC93 /* SoundLoader.cpp */,
				63F55F465EEC5764D107A77E /* SoundLoader.h */,
				63F55EDB26A6E2039B956B1B /* SoundPlayer.cpp */,
				63F55B48B866CEFBA6AB2BF2 /* SoundPlayer.h */,
			);
			path = Audio;
			sourceTree = "<group>";
		};
		63F5576E8DF71A0023F98648 /* TerrainSurface */ = {
			isa = PBXGroup;
			children = (
				63F557859608184A3EA4B6FC /* TiledTerrainSurface.cpp */,
				63F55A63B8C3D4F77D0FA5D1 /* TiledTerrainSurface.h */,
				63F55668FA97C36F42F697E7 /* TiledTerrainSurfaceRenderer.cpp */,
				63F5589EE14D04B277CCA7A0 /* TiledTerrainSurfaceRenderer.h */,
			);
			path = TerrainSurface;
			sourceTree = "<group>";
		};
		63F5583EE4EC35D3F54CFCF1 /* Library */ = {
			isa = PBXGroup;
			children = (
				63F5503F7A0639ADB22855EF /* Algebra */,
				63F55E5F5D5E4F81EED26BDC /* Algorithms */,
				63F555A069B7FC38DF394761 /* Audio */,
				63F5596EDE0967E5B2E70EF4 /* Graphics */,
				63F55FE9E6B9B333F8F123C7 /* Renderers */,
				63F5509FBDF9B166B4498329 /* ViewCore */,
				63F5554BD209159A56240B73 /* ViewExtra */,
				63F55EA10AE026287D60893A /* resource.cpp */,
				63F55973AF4F6709B2F8689A /* resource.h */,
			);
			path = Library;
			sourceTree = "<group>";
		};
		63F5596EDE0967E5B2E70EF4 /* Graphics */ = {
			isa = PBXGroup;
			children = (
				63F553B7E5DD54BA26248B3A /* framebuffer.cpp */,
				63F5524B256F939F6CFBB49D /* framebuffer.h */,
				63F55B29F88D705246F698D2 /* renderbuffer.cpp */,
				63F5535A136DED3B01215426 /* renderbuffer.h */,
				63F55C0BD31BFD5B101FB3DA /* renderer.cpp */,
				63F55BCD0376B53CEDF4DD40 /* renderer.h */,
				63F559F46C12DC702D63A12E /* texture.cpp */,
				63F55B25666858BF5024E9FA /* texture.h */,
				63F553D7644D12FC7882284E /* uniforms.h */,
				63F559CB796A229963420AED /* vertex.h */,
				63F55210645696DF8C39FAA1 /* vertexbuffer.cpp */,
				63F5533372938D897E5B2EE4 /* vertexbuffer.h */,
			);
			path = Graphics;
			sourceTree = "<group>";
		};
		63F55B1AFAF82F9443B94898 /* Sources */ = {
			isa = PBXGroup;
			children = (
				63F5583EE4EC35D3F54CFCF1 /* Library */,
				63F5514E02B8998EDF2FC576 /* Sources */,
				63F550783E4B40F4117A4A1D /* main.cpp */,
			);
			path = Sources;
			sourceTree = "<group>";
		};
		63F55C7AE6C66094DA9E0F6F /* TerrainSky */ = {
			isa = PBXGroup;
			children = (
				63F558B4DA23460D769477F6 /* SmoothTerrainSky.cpp */,
				63F550366F1987F9B0EFEF8D /* SmoothTerrainSky.h */,
				63F5554DB57C199D82F2C968 /* TerrainSky.cpp */,
				63F55A399C7906BE1D77A063 /* TerrainSky.h */,
			);
			path = TerrainSky;
			sourceTree = "<group>";
		};
		63F55D0D8978C6F2F192A9DF /* TerrainModel */ = {
			isa = PBXGroup;
			children = (
				63F55B72960274D552F17053 /* TerrainModel.cpp */,
				63F55AE091832B41016A5337 /* TerrainModel.h */,
				63F551677D856F4DE69D9267 /* TerrainSurface.cpp */,
				63F55A00FA9DD155AB56622E /* TerrainSurface.h */,
				63F551F1D95F0C557F0CF659 /* TerrainWater.cpp */,
				63F556BA58BECAD01BE21E4D /* TerrainWater.h */,
			);
			path = TerrainModel;
			sourceTree = "<group>";
		};
		63F55E5F5D5E4F81EED26BDC /* Algorithms */ = {
			isa = PBXGroup;
			children = (
				63F55E142C87CD190699B59A /* quadtree.cpp */,
				63F55ACC2C3FA9411DBC86C1 /* quadtree.h */,
				63F55CE5272DE6F5E75AD10C /* sampler.cpp */,
				63F556B85FCFB6ADAE34C47A /* sampler.h */,
				63F55AC129C1E8590AC60284 /* bspline.cpp */,
				63F55F15640E6646ED5ED674 /* bspline.h */,
				63F558B463EE915830B4958A /* heightmap.cpp */,
				63F551CF98E4F30C268EFF65 /* heightmap.h */,
			);
			path = Algorithms;
			sourceTree = "<group>";
		};
		63F55FE9E6B9B333F8F123C7 /* Renderers */ = {
			isa = PBXGroup;
			children = (
				63F55CD34CCD2630B8ACF544 /* animation.cpp */,
				63F556FFB27EA2AF4BC724B8 /* animation.h */,
				63F55523D79B2074202AE39A /* BillboardTexture.cpp */,
				63F550A448E1D6D3C5878C09 /* BillboardTexture.h */,
				63F5510889D854BAA1901027 /* ColorBillboardRenderer.cpp */,
				63F5524A19A7DF6F3C5CE23F /* ColorBillboardRenderer.h */,
				63F557F9E6796A6318982179 /* GradientRenderer.cpp */,
				63F55C464CBF5588721C6A8D /* GradientRenderer.h */,
				63F555381CC651765405560B /* PathRenderer.cpp */,
				63F5512629224214EAA271E9 /* PathRenderer.h */,
				63F552FDFE5C6DB4BED6696F /* PlainRenderer.cpp */,
				63F55FFCDBD2C7E4BDC29ABC /* PlainRenderer.h */,
				63F55DF4576BB7800CDA32FF /* sprite.cpp */,
				63F554F7CD1A8ADB9D2F708A /* sprite.h */,
				63F55E04017B622EEDDC3E60 /* string_shape.cpp */,
				63F5547D56E6A2D1C43B5A71 /* string_shape.h */,
				63F55C05BD2ADE30FBA4092E /* TextureBillboardRenderer.cpp */,
				63F5569A4201AD82257B1AEE /* TextureBillboardRenderer.h */,
				63F55E7FF64AACC3DEBEF231 /* TextureRenderer.cpp */,
				63F55157BC0A9E510B62B787 /* TextureRenderer.h */,
			);
			path = Renderers;
			sourceTree = "<group>";
		};
		63F55FFA5FE3E081A6015693 /* BattleView */ = {
			isa = PBXGroup;
			children = (
				63F5561912400A1271CD5499 /* BattleView.cpp */,
				63F55D8F4295FAA02DC0AEEF /* BattleView.h */,
				63F5575A4F049DA365D0685F /* BattleGesture.cpp */,
				63F55FBEF0278E29E88A088C /* BattleGesture.h */,
				63F55DFD84BC5463290D7393 /* CasualtyMarker.cpp */,
				63F55B5F9271AA7EA4F00E20 /* CasualtyMarker.h */,
				63F55D5E1B7F9F2AFF583B2D /* UnitMovementMarker.cpp */,
				63F5597C5AA2418A64923099 /* UnitMovementMarker.h */,
				63F552E43A0079DB88A52C9E /* RangeMarker.cpp */,
				63F55E5ACB461AF50E8B57D9 /* RangeMarker.h */,
				63F558098EC65E4AB2495C2C /* UnitTrackingMarker.cpp */,
				63F55AB2BE0DA6BCCD070755 /* UnitTrackingMarker.h */,
				63F5503DE69D968145B61EA6 /* UnitMarker.cpp */,
				63F55B8BB5DE03C59EE5D3DF /* UnitMarker.h */,
			);
			path = BattleView;
			sourceTree = "<group>";
		};
/* End PBXGroup section */

/* Begin PBXNativeTarget section */
		41396DC317E7517F00EC1DA6 /* Open War */ = {
			isa = PBXNativeTarget;
			buildConfigurationList = 41396E2E17E7517F00EC1DA6 /* Build configuration list for PBXNativeTarget "Open War" */;
			buildPhases = (
				41396DC417E7517F00EC1DA6 /* Sources */,
				41396E0717E7517F00EC1DA6 /* Frameworks */,
				41396E0F17E7517F00EC1DA6 /* Resources */,
			);
			buildRules = (
			);
			dependencies = (
			);
			name = "Open War";
			productName = OpenWar;
			productReference = 41396E3117E7517F00EC1DA6 /* Open War.app */;
			productType = "com.apple.product-type.application";
		};
/* End PBXNativeTarget section */

/* Begin PBXProject section */
		413B6DEF175CE70B00AABF10 /* Project object */ = {
			isa = PBXProject;
			attributes = {
				LastUpgradeCheck = 0500;
				ORGANIZATIONNAME = openwar.org;
			};
			buildConfigurationList = 413B6DF2175CE70B00AABF10 /* Build configuration list for PBXProject "OpenWar" */;
			compatibilityVersion = "Xcode 3.2";
			developmentRegion = English;
			hasScannedForEncodings = 0;
			knownRegions = (
				en,
			);
			mainGroup = 413B6DEE175CE70B00AABF10;
			productRefGroup = 413B6DF8175CE70B00AABF10 /* Products */;
			projectDirPath = "";
			projectReferences = (
				{
					ProductGroup = 4169B54517676D8B00C2F34E /* Products */;
					ProjectRef = 4169B54417676D8B00C2F34E /* lua.xcodeproj */;
				},
			);
			projectRoot = "";
			targets = (
				41396DC317E7517F00EC1DA6 /* Open War */,
			);
		};
/* End PBXProject section */

/* Begin PBXReferenceProxy section */
		4169B54917676D8C00C2F34E /* liblua-mac.a */ = {
			isa = PBXReferenceProxy;
			fileType = archive.ar;
			path = "liblua-mac.a";
			remoteRef = 4169B54817676D8C00C2F34E /* PBXContainerItemProxy */;
			sourceTree = BUILT_PRODUCTS_DIR;
		};
		4169B57717676F9B00C2F34E /* liblua-ios.a */ = {
			isa = PBXReferenceProxy;
			fileType = archive.ar;
			path = "liblua-ios.a";
			remoteRef = 4169B57617676F9B00C2F34E /* PBXContainerItemProxy */;
			sourceTree = BUILT_PRODUCTS_DIR;
		};
/* End PBXReferenceProxy section */

/* Begin PBXResourcesBuildPhase section */
		41396E0F17E7517F00EC1DA6 /* Resources */ = {
			isa = PBXResourcesBuildPhase;
			buildActionMask = 2147483647;
			files = (
				41B2299217EC730E00DFA0B6 /* Textures in Resources */,
				41B2299117EC730E00DFA0B6 /* Sounds in Resources */,
				41B2298F17EC730E00DFA0B6 /* Maps in Resources */,
				41B2299017EC730E00DFA0B6 /* Scripts in Resources */,
			);
			runOnlyForDeploymentPostprocessing = 0;
		};
/* End PBXResourcesBuildPhase section */

/* Begin PBXSourcesBuildPhase section */
		41396DC417E7517F00EC1DA6 /* Sources */ = {
			isa = PBXSourcesBuildPhase;
			buildActionMask = 2147483647;
			files = (
				63F553D501D84AAEB66ECCF9 /* geometry.cpp in Sources */,
				63F55A511124A6FB53683EA8 /* image.cpp in Sources */,
				63F55141798EC9AE4917EA89 /* quadtree.cpp in Sources */,
				63F558A3314F7A4251DF486E /* sampler.cpp in Sources */,
				63F55BD434ACA029C8FCEA04 /* bspline.cpp in Sources */,
				63F5558AC23A5B04A8330552 /* heightmap.cpp in Sources */,
				63F554D6FFA9FCA63FD7AB05 /* SoundLoader.cpp in Sources */,
				63F55FF10D806725443AEE28 /* SoundPlayer.cpp in Sources */,
				63F554A56356060092C77122 /* framebuffer.cpp in Sources */,
				63F55C6C209B937D619FE398 /* renderbuffer.cpp in Sources */,
				63F5530271DC187BCEF0CF08 /* renderer.cpp in Sources */,
				63F554D599B9EA471445C976 /* texture.cpp in Sources */,
				63F55211E9EC58D197413281 /* vertexbuffer.cpp in Sources */,
				63F55545CE738AF09240DCA5 /* animation.cpp in Sources */,
				63F5567BE5C32F9B5F7D3AB7 /* BillboardTexture.cpp in Sources */,
				63F550FED76DDF652A9C50B9 /* ColorBillboardRenderer.cpp in Sources */,
				63F55F836D09F1C6F5BC5E39 /* GradientRenderer.cpp in Sources */,
				63F553C832A774E6970A5828 /* PathRenderer.cpp in Sources */,
				63F555591364064D048D66DB /* PlainRenderer.cpp in Sources */,
				63F55C3F231CB1B446E0E0A1 /* sprite.cpp in Sources */,
				63F558DDB64E7B6125214060 /* string_shape.cpp in Sources */,
				63F559BF719B416B43EFC1C6 /* TextureBillboardRenderer.cpp in Sources */,
				63F554C3AFD11DF5918FA0E8 /* TextureRenderer.cpp in Sources */,
				63F55886DA1CF72461C234F2 /* Gesture.cpp in Sources */,
				63F558B39EB29DFB791E2951 /* Surface.cpp in Sources */,
				63F55FC60E3AC160AB4A7CF2 /* Touch.cpp in Sources */,
				63F552991717E520636434AD /* View.cpp in Sources */,
				63F5548D06981F2EA28B4C70 /* Window.cpp in Sources */,
				63F55A5714237586D4DA8DB8 /* ButtonGesture.cpp in Sources */,
				63F551B11C9664867F3037DE /* ButtonRendering.cpp in Sources */,
				63F5503EC95D513DA04AB2B6 /* ButtonView.cpp in Sources */,
				63F55F282E4AB4A3DC32F341 /* resource.cpp in Sources */,
				63F556EF5D47AB63BC4254D9 /* BattleModel.cpp in Sources */,
				63F557E474C048664638BE6E /* ShootingCounter.cpp in Sources */,
				63F5571764F43039B4C71633 /* SmokeCounter.cpp in Sources */,
				63F55722EEC5CE9AE320A7CF /* UnitCounter.cpp in Sources */,
				63F5575DCDE438070E9DF48C /* BattleView.cpp in Sources */,
				63F55D45A7A30820587225CB /* BattleGesture.cpp in Sources */,
				63F5582E120B722D806CDB58 /* CasualtyMarker.cpp in Sources */,
				63F55433D66E0956B386D227 /* UnitMovementMarker.cpp in Sources */,
				63F5596C0986FE7D81143BE1 /* RangeMarker.cpp in Sources */,
				63F5563E7284F60A11F8D90F /* UnitTrackingMarker.cpp in Sources */,
				63F559482A86E47274136F37 /* UnitMarker.cpp in Sources */,
				63F55716489CD3CFE523F118 /* MovementRules.cpp in Sources */,
				63F55D86A73E343C83D5E124 /* BattleSimulator.cpp in Sources */,
				63F5590A07885289F44997C1 /* SmoothTerrainSurface.cpp in Sources */,
				63F552DB4F5F259C2FE10D89 /* SmoothTerrainSurfaceRenderer.cpp in Sources */,
				63F55D68A07CFDC7816F111A /* SmoothTerrainWater.cpp in Sources */,
				63F55ECBBDB6C8631D7D8524 /* BillboardTerrainForest.cpp in Sources */,
				63F550B662BEEAAA8D48C2A8 /* TerrainForest.cpp in Sources */,
				63F5576689E0D2F4E57A3ED3 /* TerrainModel.cpp in Sources */,
				63F551203E05661D8857E43A /* TerrainSurface.cpp in Sources */,
				63F556D416CF315C05E40BEE /* TerrainWater.cpp in Sources */,
				63F553C0EB47AB02528E231F /* TiledTerrainSurface.cpp in Sources */,
				63F55593E97F8142871F5997 /* TiledTerrainSurfaceRenderer.cpp in Sources */,
				63F55D30931A4268F2704228 /* SmoothTerrainSky.cpp in Sources */,
				63F5552382844DD951176704 /* TerrainSky.cpp in Sources */,
				63F55FBC597899D12FDCC5E9 /* TerrainGesture.cpp in Sources */,
				63F5570002E7A8C45BA9193F /* TerrainView.cpp in Sources */,
				63F55DC9F91104DB98854A0F /* EditorModel.cpp in Sources */,
				63F55E04CBD1D5B38067D31A /* EditorGesture.cpp in Sources */,
				63F557F49E49C72EBA30827B /* BattleScript.cpp in Sources */,
				63F55D81972105FD90CA832F /* OpenWarSurface.cpp in Sources */,
				63F55BC7E8C99A6C96EE1A21 /* main.cpp in Sources */,
			);
			runOnlyForDeploymentPostprocessing = 0;
		};
/* End PBXSourcesBuildPhase section */

/* Begin XCBuildConfiguration section */
		41396E2F17E7517F00EC1DA6 /* Debug */ = {
			isa = XCBuildConfiguration;
			buildSettings = {
				CLANG_WARN_SUSPICIOUS_IMPLICIT_CONVERSION = YES;
				COMBINE_HIDPI_IMAGES = YES;
				FRAMEWORK_SEARCH_PATHS = (
					"$(inherited)",
					"$(LOCAL_LIBRARY_DIR)/Frameworks",
				);
				GCC_PRECOMPILE_PREFIX_HEADER = YES;
				GCC_PREFIX_HEADER = "OpenWar-Prefix.pch";
				GCC_TREAT_IMPLICIT_FUNCTION_DECLARATIONS_AS_ERRORS = YES;
				GCC_TREAT_INCOMPATIBLE_POINTER_TYPE_WARNINGS_AS_ERRORS = YES;
				GCC_WARN_ABOUT_MISSING_NEWLINE = YES;
				GCC_WARN_ABOUT_MISSING_PROTOTYPES = YES;
				GCC_WARN_HIDDEN_VIRTUAL_FUNCTIONS = YES;
				GCC_WARN_NON_VIRTUAL_DESTRUCTOR = YES;
				HEADER_SEARCH_PATHS = (
					"\"$(SRCROOT)/External/glm\"",
					"\"$(SRCROOT)/External/lua/src\"",
				);
				INFOPLIST_FILE = "OpenWar-Info.plist";
				MACOSX_DEPLOYMENT_TARGET = 10.7;
				PRODUCT_NAME = "$(TARGET_NAME)";
				SDKROOT = macosx;
				WRAPPER_EXTENSION = app;
			};
			name = Debug;
		};
		41396E3017E7517F00EC1DA6 /* Release */ = {
			isa = XCBuildConfiguration;
			buildSettings = {
				CLANG_WARN_SUSPICIOUS_IMPLICIT_CONVERSION = YES;
				COMBINE_HIDPI_IMAGES = YES;
				FRAMEWORK_SEARCH_PATHS = (
					"$(inherited)",
					"$(LOCAL_LIBRARY_DIR)/Frameworks",
				);
				GCC_PRECOMPILE_PREFIX_HEADER = YES;
				GCC_PREFIX_HEADER = "OpenWar-Prefix.pch";
				GCC_TREAT_IMPLICIT_FUNCTION_DECLARATIONS_AS_ERRORS = YES;
				GCC_TREAT_INCOMPATIBLE_POINTER_TYPE_WARNINGS_AS_ERRORS = YES;
				GCC_WARN_ABOUT_MISSING_NEWLINE = YES;
				GCC_WARN_ABOUT_MISSING_PROTOTYPES = YES;
				GCC_WARN_HIDDEN_VIRTUAL_FUNCTIONS = YES;
				GCC_WARN_NON_VIRTUAL_DESTRUCTOR = YES;
				HEADER_SEARCH_PATHS = (
					"\"$(SRCROOT)/External/glm\"",
					"\"$(SRCROOT)/External/lua/src\"",
				);
				INFOPLIST_FILE = "OpenWar-Info.plist";
				MACOSX_DEPLOYMENT_TARGET = 10.7;
				PRODUCT_NAME = "$(TARGET_NAME)";
				SDKROOT = macosx;
				WRAPPER_EXTENSION = app;
			};
			name = Release;
		};
		413B6E15175CE70B00AABF10 /* Debug */ = {
			isa = XCBuildConfiguration;
			buildSettings = {
				ALWAYS_SEARCH_USER_PATHS = NO;
				CLANG_CXX_LANGUAGE_STANDARD = "gnu++0x";
				CLANG_CXX_LIBRARY = "libc++";
				CLANG_WARN_CONSTANT_CONVERSION = YES;
				CLANG_WARN_EMPTY_BODY = YES;
				CLANG_WARN_ENUM_CONVERSION = YES;
				CLANG_WARN_INT_CONVERSION = YES;
				CLANG_WARN__DUPLICATE_METHOD_MATCH = YES;
				COPY_PHASE_STRIP = NO;
				GCC_C_LANGUAGE_STANDARD = gnu99;
				GCC_DYNAMIC_NO_PIC = NO;
				GCC_ENABLE_OBJC_EXCEPTIONS = YES;
				GCC_OPTIMIZATION_LEVEL = 0;
				GCC_PREPROCESSOR_DEFINITIONS = (
					"DEBUG=1",
					"$(inherited)",
				);
				GCC_SYMBOLS_PRIVATE_EXTERN = NO;
				GCC_WARN_64_TO_32_BIT_CONVERSION = YES;
				GCC_WARN_ABOUT_RETURN_TYPE = YES;
				GCC_WARN_UNINITIALIZED_AUTOS = YES;
				GCC_WARN_UNUSED_VARIABLE = YES;
				MACOSX_DEPLOYMENT_TARGET = 10.8;
				ONLY_ACTIVE_ARCH = YES;
				SDKROOT = macosx;
			};
			name = Debug;
		};
		413B6E16175CE70B00AABF10 /* Release */ = {
			isa = XCBuildConfiguration;
			buildSettings = {
				ALWAYS_SEARCH_USER_PATHS = NO;
				CLANG_CXX_LANGUAGE_STANDARD = "gnu++0x";
				CLANG_CXX_LIBRARY = "libc++";
				CLANG_WARN_CONSTANT_CONVERSION = YES;
				CLANG_WARN_EMPTY_BODY = YES;
				CLANG_WARN_ENUM_CONVERSION = YES;
				CLANG_WARN_INT_CONVERSION = YES;
				CLANG_WARN__DUPLICATE_METHOD_MATCH = YES;
				COPY_PHASE_STRIP = YES;
				DEBUG_INFORMATION_FORMAT = "dwarf-with-dsym";
				GCC_C_LANGUAGE_STANDARD = gnu99;
				GCC_ENABLE_OBJC_EXCEPTIONS = YES;
				GCC_WARN_64_TO_32_BIT_CONVERSION = YES;
				GCC_WARN_ABOUT_RETURN_TYPE = YES;
				GCC_WARN_UNINITIALIZED_AUTOS = YES;
				GCC_WARN_UNUSED_VARIABLE = YES;
				MACOSX_DEPLOYMENT_TARGET = 10.8;
				SDKROOT = macosx;
			};
			name = Release;
		};
/* End XCBuildConfiguration section */

/* Begin XCConfigurationList section */
		41396E2E17E7517F00EC1DA6 /* Build configuration list for PBXNativeTarget "Open War" */ = {
			isa = XCConfigurationList;
			buildConfigurations = (
				41396E2F17E7517F00EC1DA6 /* Debug */,
				41396E3017E7517F00EC1DA6 /* Release */,
			);
			defaultConfigurationIsVisible = 0;
			defaultConfigurationName = Release;
		};
		413B6DF2175CE70B00AABF10 /* Build configuration list for PBXProject "OpenWar" */ = {
			isa = XCConfigurationList;
			buildConfigurations = (
				413B6E15175CE70B00AABF10 /* Debug */,
				413B6E16175CE70B00AABF10 /* Release */,
			);
			defaultConfigurationIsVisible = 0;
			defaultConfigurationName = Release;
		};
/* End XCConfigurationList section */
	};
	rootObject = 413B6DEF175CE70B00AABF10 /* Project object */;
}
