// !$*UTF8*$!
{
	archiveVersion = 1;
	classes = {
	};
	objectVersion = 46;
	objects = {

/* Begin PBXBuildFile section */
		41158368175E15B4004F58D1 /* CommandAck.wav in Resources */ = {isa = PBXBuildFile; fileRef = 41158359175E15B4004F58D1 /* CommandAck.wav */; };
		41158369175E15B4004F58D1 /* CommandMod.wav in Resources */ = {isa = PBXBuildFile; fileRef = 4115835A175E15B4004F58D1 /* CommandMod.wav */; };
		4115836A175E15B4004F58D1 /* ButtonHighlight.png in Resources */ = {isa = PBXBuildFile; fileRef = 4115835C175E15B4004F58D1 /* ButtonHighlight.png */; };
		4115836B175E15B4004F58D1 /* ButtonNormal.png in Resources */ = {isa = PBXBuildFile; fileRef = 4115835D175E15B4004F58D1 /* ButtonNormal.png */; };
		4115836C175E15B4004F58D1 /* ButtonSelected.png in Resources */ = {isa = PBXBuildFile; fileRef = 4115835E175E15B4004F58D1 /* ButtonSelected.png */; };
		4115836D175E15B4004F58D1 /* EditorTools.png in Resources */ = {isa = PBXBuildFile; fileRef = 4115835F175E15B4004F58D1 /* EditorTools.png */; };
		4115836E175E15B4004F58D1 /* Linen128x128.png in Resources */ = {isa = PBXBuildFile; fileRef = 41158360175E15B4004F58D1 /* Linen128x128.png */; };
		4115836F175E15B4004F58D1 /* MissileBlue16x16.png in Resources */ = {isa = PBXBuildFile; fileRef = 41158361175E15B4004F58D1 /* MissileBlue16x16.png */; };
		41158370175E15B4004F58D1 /* MissileGray16x16.png in Resources */ = {isa = PBXBuildFile; fileRef = 41158362175E15B4004F58D1 /* MissileGray16x16.png */; };
		41158371175E15B4004F58D1 /* MissileRed16x16.png in Resources */ = {isa = PBXBuildFile; fileRef = 41158363175E15B4004F58D1 /* MissileRed16x16.png */; };
		41158372175E15B4004F58D1 /* MovementBlue16x16.png in Resources */ = {isa = PBXBuildFile; fileRef = 41158364175E15B4004F58D1 /* MovementBlue16x16.png */; };
		41158373175E15B4004F58D1 /* MovementGray16x16.png in Resources */ = {isa = PBXBuildFile; fileRef = 41158365175E15B4004F58D1 /* MovementGray16x16.png */; };
		41158374175E15B4004F58D1 /* MovementRed16x16.png in Resources */ = {isa = PBXBuildFile; fileRef = 41158366175E15B4004F58D1 /* MovementRed16x16.png */; };
		41158375175E15B4004F58D1 /* TouchMarker.png in Resources */ = {isa = PBXBuildFile; fileRef = 41158367175E15B4004F58D1 /* TouchMarker.png */; };
		41158387175E15CC004F58D1 /* ArrowsFlying.wav in Resources */ = {isa = PBXBuildFile; fileRef = 41158379175E15CC004F58D1 /* ArrowsFlying.wav */; };
		41158388175E15CC004F58D1 /* CavalryMarching.wav in Resources */ = {isa = PBXBuildFile; fileRef = 4115837A175E15CC004F58D1 /* CavalryMarching.wav */; };
		41158389175E15CC004F58D1 /* CavalryRunning.wav in Resources */ = {isa = PBXBuildFile; fileRef = 4115837B175E15CC004F58D1 /* CavalryRunning.wav */; };
		4115838A175E15CC004F58D1 /* InfantryFighting.wav in Resources */ = {isa = PBXBuildFile; fileRef = 4115837C175E15CC004F58D1 /* InfantryFighting.wav */; };
		4115838B175E15CC004F58D1 /* InfantryGrunting.wav in Resources */ = {isa = PBXBuildFile; fileRef = 4115837D175E15CC004F58D1 /* InfantryGrunting.wav */; };
		4115838C175E15CC004F58D1 /* InfantryMarching.wav in Resources */ = {isa = PBXBuildFile; fileRef = 4115837E175E15CC004F58D1 /* InfantryMarching.wav */; };
		4115838D175E15CC004F58D1 /* InfantryRunning.wav in Resources */ = {isa = PBXBuildFile; fileRef = 4115837F175E15CC004F58D1 /* InfantryRunning.wav */; };
		4115838E175E15CC004F58D1 /* MatchlockFire1.wav in Resources */ = {isa = PBXBuildFile; fileRef = 41158380175E15CC004F58D1 /* MatchlockFire1.wav */; };
		4115838F175E15CC004F58D1 /* MatchlockFire2.wav in Resources */ = {isa = PBXBuildFile; fileRef = 41158381175E15CC004F58D1 /* MatchlockFire2.wav */; };
		41158390175E15CC004F58D1 /* MatchlockFire3.wav in Resources */ = {isa = PBXBuildFile; fileRef = 41158382175E15CC004F58D1 /* MatchlockFire3.wav */; };
		41158391175E15CC004F58D1 /* MatchlockFire4.wav in Resources */ = {isa = PBXBuildFile; fileRef = 41158383175E15CC004F58D1 /* MatchlockFire4.wav */; };
		41158392175E15CC004F58D1 /* Billboards.png in Resources */ = {isa = PBXBuildFile; fileRef = 41158385175E15CC004F58D1 /* Billboards.png */; };
		41158393175E15CC004F58D1 /* Texture256x256.png in Resources */ = {isa = PBXBuildFile; fileRef = 41158386175E15CC004F58D1 /* Texture256x256.png */; };
		41158398175E1E9D004F58D1 /* OpenWarSurface.cpp in Sources */ = {isa = PBXBuildFile; fileRef = 41158396175E1E9D004F58D1 /* OpenWarSurface.cpp */; };
		4115839F175E7B59004F58D1 /* ButtonGesture.cpp in Sources */ = {isa = PBXBuildFile; fileRef = 41158399175E7B59004F58D1 /* ButtonGesture.cpp */; };
		411583A0175E7B59004F58D1 /* ButtonRendering.cpp in Sources */ = {isa = PBXBuildFile; fileRef = 4115839B175E7B59004F58D1 /* ButtonRendering.cpp */; };
		411583A1175E7B59004F58D1 /* ButtonView.cpp in Sources */ = {isa = PBXBuildFile; fileRef = 4115839D175E7B59004F58D1 /* ButtonView.cpp */; };
		411583B9175F2365004F58D1 /* ButtonIcons.png in Resources */ = {isa = PBXBuildFile; fileRef = 411583B8175F2365004F58D1 /* ButtonIcons.png */; };
		4129759D176A6BE500B9AC12 /* Maps in Resources */ = {isa = PBXBuildFile; fileRef = 4129759C176A6BE500B9AC12 /* Maps */; };
		413B6DFB175CE70B00AABF10 /* Cocoa.framework in Frameworks */ = {isa = PBXBuildFile; fileRef = 413B6DFA175CE70B00AABF10 /* Cocoa.framework */; };
		413B6E05175CE70B00AABF10 /* InfoPlist.strings in Resources */ = {isa = PBXBuildFile; fileRef = 413B6E03175CE70B00AABF10 /* InfoPlist.strings */; };
		413B6E07175CE70B00AABF10 /* main.mm in Sources */ = {isa = PBXBuildFile; fileRef = 413B6E06175CE70B00AABF10 /* main.mm */; };
		413B6E0B175CE70B00AABF10 /* Credits.rtf in Resources */ = {isa = PBXBuildFile; fileRef = 413B6E09175CE70B00AABF10 /* Credits.rtf */; };
		413B6E0E175CE70B00AABF10 /* OpenWarDocument.mm in Sources */ = {isa = PBXBuildFile; fileRef = 413B6E0D175CE70B00AABF10 /* OpenWarDocument.mm */; };
		413B6E11175CE70B00AABF10 /* OpenWarDocument.xib in Resources */ = {isa = PBXBuildFile; fileRef = 413B6E0F175CE70B00AABF10 /* OpenWarDocument.xib */; };
		413B6E14175CE70B00AABF10 /* MainMenu.xib in Resources */ = {isa = PBXBuildFile; fileRef = 413B6E12175CE70B00AABF10 /* MainMenu.xib */; };
		413B6EAB175DD20C00AABF10 /* quadtree.cpp in Sources */ = {isa = PBXBuildFile; fileRef = 413B6E9E175DD20C00AABF10 /* quadtree.cpp */; };
		413B6EAC175DD20C00AABF10 /* sampler.cpp in Sources */ = {isa = PBXBuildFile; fileRef = 413B6EA0175DD20C00AABF10 /* sampler.cpp */; };
		413B6EAD175DD20C00AABF10 /* geometry.cpp in Sources */ = {isa = PBXBuildFile; fileRef = 413B6EA4175DD20C00AABF10 /* geometry.cpp */; };
		413B6EAE175DD20C00AABF10 /* image.cpp in Sources */ = {isa = PBXBuildFile; fileRef = 413B6EA6175DD20C00AABF10 /* image.cpp */; };
		413B6EC8175DE03400AABF10 /* framebuffer.cpp in Sources */ = {isa = PBXBuildFile; fileRef = 413B6EBA175DE03400AABF10 /* framebuffer.cpp */; };
		413B6EC9175DE03400AABF10 /* renderbuffer.cpp in Sources */ = {isa = PBXBuildFile; fileRef = 413B6EBC175DE03400AABF10 /* renderbuffer.cpp */; };
		413B6ECA175DE03400AABF10 /* renderer.cpp in Sources */ = {isa = PBXBuildFile; fileRef = 413B6EBE175DE03400AABF10 /* renderer.cpp */; };
		413B6ECC175DE03400AABF10 /* texture.cpp in Sources */ = {isa = PBXBuildFile; fileRef = 413B6EC2175DE03400AABF10 /* texture.cpp */; };
		413B6ED0175DE18A00AABF10 /* GLKit.framework in Frameworks */ = {isa = PBXBuildFile; fileRef = 413B6ECF175DE18A00AABF10 /* GLKit.framework */; };
		413B6ED2175DE19200AABF10 /* OpenGL.framework in Frameworks */ = {isa = PBXBuildFile; fileRef = 413B6ED1175DE19200AABF10 /* OpenGL.framework */; };
		413B6EDC175DE3CA00AABF10 /* animation.cpp in Sources */ = {isa = PBXBuildFile; fileRef = 413B6ED4175DE3CA00AABF10 /* animation.cpp */; };
		413B6EDD175DE3CA00AABF10 /* sprite.cpp in Sources */ = {isa = PBXBuildFile; fileRef = 413B6ED6175DE3CA00AABF10 /* sprite.cpp */; };
		413B6EDE175DE3CA00AABF10 /* string_shape.cpp in Sources */ = {isa = PBXBuildFile; fileRef = 413B6ED8175DE3CA00AABF10 /* string_shape.cpp */; };
		413B6F8D175DF02F00AABF10 /* Gesture.cpp in Sources */ = {isa = PBXBuildFile; fileRef = 413B6F81175DF02F00AABF10 /* Gesture.cpp */; };
		413B6F8E175DF02F00AABF10 /* Surface.cpp in Sources */ = {isa = PBXBuildFile; fileRef = 413B6F83175DF02F00AABF10 /* Surface.cpp */; };
		413B6F8F175DF02F00AABF10 /* SurfaceView.mm in Sources */ = {isa = PBXBuildFile; fileRef = 413B6F86175DF02F00AABF10 /* SurfaceView.mm */; };
		413B6F91175DF02F00AABF10 /* Touch.cpp in Sources */ = {isa = PBXBuildFile; fileRef = 413B6F89175DF02F00AABF10 /* Touch.cpp */; };
		413B6F92175DF02F00AABF10 /* View.cpp in Sources */ = {isa = PBXBuildFile; fileRef = 413B6F8B175DF02F00AABF10 /* View.cpp */; };
		413B7020175DFE9200AABF10 /* SoundLoader.cpp in Sources */ = {isa = PBXBuildFile; fileRef = 413B701C175DFE9200AABF10 /* SoundLoader.cpp */; };
		413B7021175DFE9200AABF10 /* SoundPlayer.cpp in Sources */ = {isa = PBXBuildFile; fileRef = 413B701E175DFE9200AABF10 /* SoundPlayer.cpp */; };
		413B7023175DFEA900AABF10 /* OpenAL.framework in Frameworks */ = {isa = PBXBuildFile; fileRef = 413B7022175DFEA900AABF10 /* OpenAL.framework */; };
		413B7027175DFEC800AABF10 /* AudioToolbox.framework in Frameworks */ = {isa = PBXBuildFile; fileRef = 413B7026175DFEC800AABF10 /* AudioToolbox.framework */; };
		4169B57817676F9B00C2F34E /* liblua-mac.a in Frameworks */ = {isa = PBXBuildFile; fileRef = 4169B54917676D8C00C2F34E /* liblua-mac.a */; };
		63F5501F5AC1AC7A75B753A1 /* BillboardTexture.cpp in Sources */ = {isa = PBXBuildFile; fileRef = 63F550E335069D2EEE3723A8 /* BillboardTexture.cpp */; };
		63F55059A1B76F29DB55BB7F /* heightmap.cpp in Sources */ = {isa = PBXBuildFile; fileRef = 63F5540A8AF3B3D853FA7D3F /* heightmap.cpp */; };
		63F5508772C1D63A283143FB /* MovementMarker.cpp in Sources */ = {isa = PBXBuildFile; fileRef = 63F55977615093630BED9E6F /* MovementMarker.cpp */; };
		63F550C68636CD7316B5CC08 /* UnitCounter.cpp in Sources */ = {isa = PBXBuildFile; fileRef = 63F5557470DF86929CA211FA /* UnitCounter.cpp */; };
		63F55197EA31BF00D877C955 /* ShootingCounter.cpp in Sources */ = {isa = PBXBuildFile; fileRef = 63F55BDA157057D157E307C9 /* ShootingCounter.cpp */; };
		63F551DB42F387D1E8CC8870 /* TiledTerrainSurface.cpp in Sources */ = {isa = PBXBuildFile; fileRef = 63F550BC10AD74CCA2B4313B /* TiledTerrainSurface.cpp */; };
		63F55248F49132EFA7134DD4 /* BattleRendering.cpp in Sources */ = {isa = PBXBuildFile; fileRef = 63F5523A7244C95AEDF46F74 /* BattleRendering.cpp */; };
		63F55249577B14BB2E1BDFE0 /* TerrainGesture.cpp in Sources */ = {isa = PBXBuildFile; fileRef = 63F55CC494AF7D66DEF9BF5F /* TerrainGesture.cpp */; };
		63F552AA442BC79DB972C309 /* bspline.cpp in Sources */ = {isa = PBXBuildFile; fileRef = 63F55AF200D5648D23279089 /* bspline.cpp */; };
		63F552B3C9091157BBBD80AA /* BillboardRenderer.cpp in Sources */ = {isa = PBXBuildFile; fileRef = 63F5529F68A07CC6162BCF44 /* BillboardRenderer.cpp */; };
		63F55316E5AEA5528734655A /* BattleContext.cpp in Sources */ = {isa = PBXBuildFile; fileRef = 63F554815AC70C9D2E018975 /* BattleContext.cpp */; };
		63F55359864803517F75C527 /* RangeMarker.cpp in Sources */ = {isa = PBXBuildFile; fileRef = 63F552B223BCDEE835F81D43 /* RangeMarker.cpp */; };
		63F554C7D39D8DBC2C9B4D8B /* TerrainSurfaceRenderer.cpp in Sources */ = {isa = PBXBuildFile; fileRef = 63F55A1C944D09E02843500A /* TerrainSurfaceRenderer.cpp */; };
		63F554E5EADD1A7A006BFFF8 /* BattleScript.cpp in Sources */ = {isa = PBXBuildFile; fileRef = 63F55026F1B1D4FA3ED86125 /* BattleScript.cpp */; };
		63F5550707A96AFE37F3C01A /* TerrainForest.cpp in Sources */ = {isa = PBXBuildFile; fileRef = 63F55C316CF9F03BB75E7959 /* TerrainForest.cpp */; };
		63F5552FC0EB22287834E72A /* BattleModel.cpp in Sources */ = {isa = PBXBuildFile; fileRef = 63F5539136BD1EC880B88D54 /* BattleModel.cpp */; };
		63F555392A719212301644A1 /* EditorModel.cpp in Sources */ = {isa = PBXBuildFile; fileRef = 63F55A21CB78891343349B4F /* EditorModel.cpp */; };
		63F55585486C3A7671131512 /* TerrainView.cpp in Sources */ = {isa = PBXBuildFile; fileRef = 63F5593B74478343E2A98FBF /* TerrainView.cpp */; };
		63F5562DF06735D208DDCBC2 /* vertexbuffer.cpp in Sources */ = {isa = PBXBuildFile; fileRef = 63F55841973B995647E88800 /* vertexbuffer.cpp */; };
		63F5565BE284639317279C7B /* SmoothTerrainSurfaceRenderer.cpp in Sources */ = {isa = PBXBuildFile; fileRef = 63F55E3481851C824DAA0233 /* SmoothTerrainSurfaceRenderer.cpp */; };
		63F556BAF90A406C37B6FE6F /* BattleScripts in Resources */ = {isa = PBXBuildFile; fileRef = 63F559D75F0CCC44D0C8ECF3 /* BattleScripts */; };
		63F55760F3B39A3E42EDAA5E /* SmoothTerrainSurface.cpp in Sources */ = {isa = PBXBuildFile; fileRef = 63F55D5C0BFD572DC508C164 /* SmoothTerrainSurface.cpp */; };
		63F557CF71F1C893EE51497A /* SimulationRules.cpp in Sources */ = {isa = PBXBuildFile; fileRef = 63F5556B5E4B95C6046E29CB /* SimulationRules.cpp */; };
		63F558AA3FA5AB42B92EB1C7 /* EditorGesture.cpp in Sources */ = {isa = PBXBuildFile; fileRef = 63F55D5665CB9D3AF5C73979 /* EditorGesture.cpp */; };
		63F55A672EE972CC4D26DE6E /* CasualtyMarker.cpp in Sources */ = {isa = PBXBuildFile; fileRef = 63F55E589EB43FE093106219 /* CasualtyMarker.cpp */; };
		63F55AB19D127077CF6387D6 /* TerrainSurface.cpp in Sources */ = {isa = PBXBuildFile; fileRef = 63F556837468A47CB80377EC /* TerrainSurface.cpp */; };
		63F55AC0A60506A7D690049E /* TerrainModel.cpp in Sources */ = {isa = PBXBuildFile; fileRef = 63F55A77C807E38F54D128BF /* TerrainModel.cpp */; };
		63F55C99EAB3B7172666EAFB /* BattleGesture.cpp in Sources */ = {isa = PBXBuildFile; fileRef = 63F55FEDBDF52613CDF0F16C /* BattleGesture.cpp */; };
		63F55CC86046CE9AEFFBE71D /* affine2.h in Resources */ = {isa = PBXBuildFile; fileRef = 63F5596F135A23A4AAAA5FB5 /* affine2.h */; };
		63F55E9BE90C837BF2BFAC4E /* TrackingMarker.cpp in Sources */ = {isa = PBXBuildFile; fileRef = 63F551015746B4BAC3ADA148 /* TrackingMarker.cpp */; };
		63F55ECDC6282BAC7BA31425 /* BillboardTerrainForest.cpp in Sources */ = {isa = PBXBuildFile; fileRef = 63F55F6090A4F942C1781504 /* BillboardTerrainForest.cpp */; };
		63F55EEA4546CB30E247A932 /* TiledTerrainSurfaceRenderer.cpp in Sources */ = {isa = PBXBuildFile; fileRef = 63F550F23DA76C965C385802 /* TiledTerrainSurfaceRenderer.cpp */; };
		63F55EF6CE6A3354099D3C8E /* BattleView.cpp in Sources */ = {isa = PBXBuildFile; fileRef = 63F5536EC562EAF1ADA3D96C /* BattleView.cpp */; };
		63F55F16A26D21892615988C /* MovementRules.cpp in Sources */ = {isa = PBXBuildFile; fileRef = 63F5556B5319C80728CAB1FB /* MovementRules.cpp */; };
		63F55FA86A98E9D9EF3F06FA /* SmokeCounter.cpp in Sources */ = {isa = PBXBuildFile; fileRef = 63F55EAEF4835655F899B843 /* SmokeCounter.cpp */; };
/* End PBXBuildFile section */

/* Begin PBXContainerItemProxy section */
		4169B54817676D8C00C2F34E /* PBXContainerItemProxy */ = {
			isa = PBXContainerItemProxy;
			containerPortal = 4169B54417676D8B00C2F34E /* lua.xcodeproj */;
			proxyType = 2;
			remoteGlobalIDString = 410F067B1767661E00DBD017;
			remoteInfo = lua;
		};
		4169B57617676F9B00C2F34E /* PBXContainerItemProxy */ = {
			isa = PBXContainerItemProxy;
			containerPortal = 4169B54417676D8B00C2F34E /* lua.xcodeproj */;
			proxyType = 2;
			remoteGlobalIDString = 4169B55A17676EFB00C2F34E;
			remoteInfo = "lua-ios";
		};
/* End PBXContainerItemProxy section */

/* Begin PBXFileReference section */
		41158359175E15B4004F58D1 /* CommandAck.wav */ = {isa = PBXFileReference; lastKnownFileType = audio.wav; path = CommandAck.wav; sourceTree = "<group>"; };
		4115835A175E15B4004F58D1 /* CommandMod.wav */ = {isa = PBXFileReference; lastKnownFileType = audio.wav; path = CommandMod.wav; sourceTree = "<group>"; };
		4115835C175E15B4004F58D1 /* ButtonHighlight.png */ = {isa = PBXFileReference; lastKnownFileType = image.png; path = ButtonHighlight.png; sourceTree = "<group>"; };
		4115835D175E15B4004F58D1 /* ButtonNormal.png */ = {isa = PBXFileReference; lastKnownFileType = image.png; path = ButtonNormal.png; sourceTree = "<group>"; };
		4115835E175E15B4004F58D1 /* ButtonSelected.png */ = {isa = PBXFileReference; lastKnownFileType = image.png; path = ButtonSelected.png; sourceTree = "<group>"; };
		4115835F175E15B4004F58D1 /* EditorTools.png */ = {isa = PBXFileReference; lastKnownFileType = image.png; path = EditorTools.png; sourceTree = "<group>"; };
		41158360175E15B4004F58D1 /* Linen128x128.png */ = {isa = PBXFileReference; lastKnownFileType = image.png; path = Linen128x128.png; sourceTree = "<group>"; };
		41158361175E15B4004F58D1 /* MissileBlue16x16.png */ = {isa = PBXFileReference; lastKnownFileType = image.png; path = MissileBlue16x16.png; sourceTree = "<group>"; };
		41158362175E15B4004F58D1 /* MissileGray16x16.png */ = {isa = PBXFileReference; lastKnownFileType = image.png; path = MissileGray16x16.png; sourceTree = "<group>"; };
		41158363175E15B4004F58D1 /* MissileRed16x16.png */ = {isa = PBXFileReference; lastKnownFileType = image.png; path = MissileRed16x16.png; sourceTree = "<group>"; };
		41158364175E15B4004F58D1 /* MovementBlue16x16.png */ = {isa = PBXFileReference; lastKnownFileType = image.png; path = MovementBlue16x16.png; sourceTree = "<group>"; };
		41158365175E15B4004F58D1 /* MovementGray16x16.png */ = {isa = PBXFileReference; lastKnownFileType = image.png; path = MovementGray16x16.png; sourceTree = "<group>"; };
		41158366175E15B4004F58D1 /* MovementRed16x16.png */ = {isa = PBXFileReference; lastKnownFileType = image.png; path = MovementRed16x16.png; sourceTree = "<group>"; };
		41158367175E15B4004F58D1 /* TouchMarker.png */ = {isa = PBXFileReference; lastKnownFileType = image.png; path = TouchMarker.png; sourceTree = "<group>"; };
		41158379175E15CC004F58D1 /* ArrowsFlying.wav */ = {isa = PBXFileReference; lastKnownFileType = audio.wav; path = ArrowsFlying.wav; sourceTree = "<group>"; };
		4115837A175E15CC004F58D1 /* CavalryMarching.wav */ = {isa = PBXFileReference; lastKnownFileType = audio.wav; path = CavalryMarching.wav; sourceTree = "<group>"; };
		4115837B175E15CC004F58D1 /* CavalryRunning.wav */ = {isa = PBXFileReference; lastKnownFileType = audio.wav; path = CavalryRunning.wav; sourceTree = "<group>"; };
		4115837C175E15CC004F58D1 /* InfantryFighting.wav */ = {isa = PBXFileReference; lastKnownFileType = audio.wav; path = InfantryFighting.wav; sourceTree = "<group>"; };
		4115837D175E15CC004F58D1 /* InfantryGrunting.wav */ = {isa = PBXFileReference; lastKnownFileType = audio.wav; path = InfantryGrunting.wav; sourceTree = "<group>"; };
		4115837E175E15CC004F58D1 /* InfantryMarching.wav */ = {isa = PBXFileReference; lastKnownFileType = audio.wav; path = InfantryMarching.wav; sourceTree = "<group>"; };
		4115837F175E15CC004F58D1 /* InfantryRunning.wav */ = {isa = PBXFileReference; lastKnownFileType = audio.wav; path = InfantryRunning.wav; sourceTree = "<group>"; };
		41158380175E15CC004F58D1 /* MatchlockFire1.wav */ = {isa = PBXFileReference; lastKnownFileType = audio.wav; path = MatchlockFire1.wav; sourceTree = "<group>"; };
		41158381175E15CC004F58D1 /* MatchlockFire2.wav */ = {isa = PBXFileReference; lastKnownFileType = audio.wav; path = MatchlockFire2.wav; sourceTree = "<group>"; };
		41158382175E15CC004F58D1 /* MatchlockFire3.wav */ = {isa = PBXFileReference; lastKnownFileType = audio.wav; path = MatchlockFire3.wav; sourceTree = "<group>"; };
		41158383175E15CC004F58D1 /* MatchlockFire4.wav */ = {isa = PBXFileReference; lastKnownFileType = audio.wav; path = MatchlockFire4.wav; sourceTree = "<group>"; };
		41158385175E15CC004F58D1 /* Billboards.png */ = {isa = PBXFileReference; lastKnownFileType = image.png; path = Billboards.png; sourceTree = "<group>"; };
		41158386175E15CC004F58D1 /* Texture256x256.png */ = {isa = PBXFileReference; lastKnownFileType = image.png; path = Texture256x256.png; sourceTree = "<group>"; };
		41158396175E1E9D004F58D1 /* OpenWarSurface.cpp */ = {isa = PBXFileReference; fileEncoding = 4; lastKnownFileType = sourcecode.cpp.cpp; path = OpenWarSurface.cpp; sourceTree = "<group>"; };
		41158397175E1E9D004F58D1 /* OpenWarSurface.h */ = {isa = PBXFileReference; fileEncoding = 4; lastKnownFileType = sourcecode.c.h; path = OpenWarSurface.h; sourceTree = "<group>"; };
		41158399175E7B59004F58D1 /* ButtonGesture.cpp */ = {isa = PBXFileReference; fileEncoding = 4; lastKnownFileType = sourcecode.cpp.cpp; path = ButtonGesture.cpp; sourceTree = "<group>"; };
		4115839A175E7B59004F58D1 /* ButtonGesture.h */ = {isa = PBXFileReference; fileEncoding = 4; lastKnownFileType = sourcecode.c.h; path = ButtonGesture.h; sourceTree = "<group>"; };
		4115839B175E7B59004F58D1 /* ButtonRendering.cpp */ = {isa = PBXFileReference; fileEncoding = 4; lastKnownFileType = sourcecode.cpp.cpp; path = ButtonRendering.cpp; sourceTree = "<group>"; };
		4115839C175E7B59004F58D1 /* ButtonRendering.h */ = {isa = PBXFileReference; fileEncoding = 4; lastKnownFileType = sourcecode.c.h; path = ButtonRendering.h; sourceTree = "<group>"; };
		4115839D175E7B59004F58D1 /* ButtonView.cpp */ = {isa = PBXFileReference; fileEncoding = 4; lastKnownFileType = sourcecode.cpp.cpp; path = ButtonView.cpp; sourceTree = "<group>"; };
		4115839E175E7B59004F58D1 /* ButtonView.h */ = {isa = PBXFileReference; fileEncoding = 4; lastKnownFileType = sourcecode.c.h; path = ButtonView.h; sourceTree = "<group>"; };
		411583B8175F2365004F58D1 /* ButtonIcons.png */ = {isa = PBXFileReference; lastKnownFileType = image.png; path = ButtonIcons.png; sourceTree = "<group>"; };
		4129759C176A6BE500B9AC12 /* Maps */ = {isa = PBXFileReference; lastKnownFileType = folder; path = Maps; sourceTree = "<group>"; };
		413B6DF7175CE70B00AABF10 /* Open War.app */ = {isa = PBXFileReference; explicitFileType = wrapper.application; includeInIndex = 0; path = "Open War.app"; sourceTree = BUILT_PRODUCTS_DIR; };
		413B6DFA175CE70B00AABF10 /* Cocoa.framework */ = {isa = PBXFileReference; lastKnownFileType = wrapper.framework; name = Cocoa.framework; path = System/Library/Frameworks/Cocoa.framework; sourceTree = SDKROOT; };
		413B6DFD175CE70B00AABF10 /* AppKit.framework */ = {isa = PBXFileReference; lastKnownFileType = wrapper.framework; name = AppKit.framework; path = System/Library/Frameworks/AppKit.framework; sourceTree = SDKROOT; };
		413B6DFF175CE70B00AABF10 /* Foundation.framework */ = {isa = PBXFileReference; lastKnownFileType = wrapper.framework; name = Foundation.framework; path = System/Library/Frameworks/Foundation.framework; sourceTree = SDKROOT; };
		413B6E02175CE70B00AABF10 /* OpenWar-Info.plist */ = {isa = PBXFileReference; lastKnownFileType = text.plist.xml; path = "OpenWar-Info.plist"; sourceTree = "<group>"; };
		413B6E04175CE70B00AABF10 /* en */ = {isa = PBXFileReference; lastKnownFileType = text.plist.strings; name = en; path = en.lproj/InfoPlist.strings; sourceTree = "<group>"; };
		413B6E06175CE70B00AABF10 /* main.mm */ = {isa = PBXFileReference; lastKnownFileType = sourcecode.cpp.objcpp; path = main.mm; sourceTree = "<group>"; };
		413B6E08175CE70B00AABF10 /* OpenWar-Prefix.pch */ = {isa = PBXFileReference; lastKnownFileType = sourcecode.c.h; path = "OpenWar-Prefix.pch"; sourceTree = "<group>"; };
		413B6E0A175CE70B00AABF10 /* en */ = {isa = PBXFileReference; lastKnownFileType = text.rtf; name = en; path = en.lproj/Credits.rtf; sourceTree = "<group>"; };
		413B6E0C175CE70B00AABF10 /* OpenWarDocument.h */ = {isa = PBXFileReference; lastKnownFileType = sourcecode.c.h; path = OpenWarDocument.h; sourceTree = "<group>"; };
		413B6E0D175CE70B00AABF10 /* OpenWarDocument.mm */ = {isa = PBXFileReference; lastKnownFileType = sourcecode.cpp.objcpp; path = OpenWarDocument.mm; sourceTree = "<group>"; };
		413B6E10175CE70B00AABF10 /* OpenWarDocument.xib */ = {isa = PBXFileReference; lastKnownFileType = file.xib; name = OpenWarDocument.xib; path = en.lproj/OpenWarDocument.xib; sourceTree = "<group>"; };
		413B6E13175CE70B00AABF10 /* en */ = {isa = PBXFileReference; lastKnownFileType = file.xib; name = en; path = en.lproj/MainMenu.xib; sourceTree = "<group>"; };
		413B6E9E175DD20C00AABF10 /* quadtree.cpp */ = {isa = PBXFileReference; fileEncoding = 4; lastKnownFileType = sourcecode.cpp.cpp; path = quadtree.cpp; sourceTree = "<group>"; };
		413B6E9F175DD20C00AABF10 /* quadtree.h */ = {isa = PBXFileReference; fileEncoding = 4; lastKnownFileType = sourcecode.c.h; path = quadtree.h; sourceTree = "<group>"; };
		413B6EA0175DD20C00AABF10 /* sampler.cpp */ = {isa = PBXFileReference; fileEncoding = 4; lastKnownFileType = sourcecode.cpp.cpp; path = sampler.cpp; sourceTree = "<group>"; };
		413B6EA1175DD20C00AABF10 /* sampler.h */ = {isa = PBXFileReference; fileEncoding = 4; lastKnownFileType = sourcecode.c.h; path = sampler.h; sourceTree = "<group>"; };
		413B6EA3175DD20C00AABF10 /* bounds.h */ = {isa = PBXFileReference; fileEncoding = 4; lastKnownFileType = sourcecode.c.h; path = bounds.h; sourceTree = "<group>"; };
		413B6EA4175DD20C00AABF10 /* geometry.cpp */ = {isa = PBXFileReference; fileEncoding = 4; lastKnownFileType = sourcecode.cpp.cpp; path = geometry.cpp; sourceTree = "<group>"; };
		413B6EA5175DD20C00AABF10 /* geometry.h */ = {isa = PBXFileReference; fileEncoding = 4; lastKnownFileType = sourcecode.c.h; path = geometry.h; sourceTree = "<group>"; };
		413B6EA6175DD20C00AABF10 /* image.cpp */ = {isa = PBXFileReference; fileEncoding = 4; lastKnownFileType = sourcecode.cpp.cpp; path = image.cpp; sourceTree = "<group>"; };
		413B6EA7175DD20C00AABF10 /* image.h */ = {isa = PBXFileReference; fileEncoding = 4; lastKnownFileType = sourcecode.c.h; path = image.h; sourceTree = "<group>"; };
		413B6EBA175DE03400AABF10 /* framebuffer.cpp */ = {isa = PBXFileReference; fileEncoding = 4; lastKnownFileType = sourcecode.cpp.cpp; path = framebuffer.cpp; sourceTree = "<group>"; };
		413B6EBB175DE03400AABF10 /* framebuffer.h */ = {isa = PBXFileReference; fileEncoding = 4; lastKnownFileType = sourcecode.c.h; path = framebuffer.h; sourceTree = "<group>"; };
		413B6EBC175DE03400AABF10 /* renderbuffer.cpp */ = {isa = PBXFileReference; fileEncoding = 4; lastKnownFileType = sourcecode.cpp.cpp; path = renderbuffer.cpp; sourceTree = "<group>"; };
		413B6EBD175DE03400AABF10 /* renderbuffer.h */ = {isa = PBXFileReference; fileEncoding = 4; lastKnownFileType = sourcecode.c.h; path = renderbuffer.h; sourceTree = "<group>"; };
		413B6EBE175DE03400AABF10 /* renderer.cpp */ = {isa = PBXFileReference; fileEncoding = 4; lastKnownFileType = sourcecode.cpp.cpp; path = renderer.cpp; sourceTree = "<group>"; };
		413B6EBF175DE03400AABF10 /* renderer.h */ = {isa = PBXFileReference; fileEncoding = 4; lastKnownFileType = sourcecode.c.h; path = renderer.h; sourceTree = "<group>"; };
		413B6EC2175DE03400AABF10 /* texture.cpp */ = {isa = PBXFileReference; fileEncoding = 4; lastKnownFileType = sourcecode.cpp.cpp; path = texture.cpp; sourceTree = "<group>"; };
		413B6EC3175DE03400AABF10 /* texture.h */ = {isa = PBXFileReference; fileEncoding = 4; lastKnownFileType = sourcecode.c.h; path = texture.h; sourceTree = "<group>"; };
		413B6EC5175DE03400AABF10 /* uniforms.h */ = {isa = PBXFileReference; fileEncoding = 4; lastKnownFileType = sourcecode.c.h; path = uniforms.h; sourceTree = "<group>"; };
		413B6EC7175DE03400AABF10 /* vertex.h */ = {isa = PBXFileReference; fileEncoding = 4; lastKnownFileType = sourcecode.c.h; path = vertex.h; sourceTree = "<group>"; };
		413B6ECF175DE18A00AABF10 /* GLKit.framework */ = {isa = PBXFileReference; lastKnownFileType = wrapper.framework; name = GLKit.framework; path = System/Library/Frameworks/GLKit.framework; sourceTree = SDKROOT; };
		413B6ED1175DE19200AABF10 /* OpenGL.framework */ = {isa = PBXFileReference; lastKnownFileType = wrapper.framework; name = OpenGL.framework; path = System/Library/Frameworks/OpenGL.framework; sourceTree = SDKROOT; };
		413B6ED4175DE3CA00AABF10 /* animation.cpp */ = {isa = PBXFileReference; fileEncoding = 4; lastKnownFileType = sourcecode.cpp.cpp; path = animation.cpp; sourceTree = "<group>"; };
		413B6ED5175DE3CA00AABF10 /* animation.h */ = {isa = PBXFileReference; fileEncoding = 4; lastKnownFileType = sourcecode.c.h; path = animation.h; sourceTree = "<group>"; };
		413B6ED6175DE3CA00AABF10 /* sprite.cpp */ = {isa = PBXFileReference; fileEncoding = 4; lastKnownFileType = sourcecode.cpp.cpp; path = sprite.cpp; sourceTree = "<group>"; };
		413B6ED7175DE3CA00AABF10 /* sprite.h */ = {isa = PBXFileReference; fileEncoding = 4; lastKnownFileType = sourcecode.c.h; path = sprite.h; sourceTree = "<group>"; };
		413B6ED8175DE3CA00AABF10 /* string_shape.cpp */ = {isa = PBXFileReference; fileEncoding = 4; lastKnownFileType = sourcecode.cpp.cpp; path = string_shape.cpp; sourceTree = "<group>"; };
		413B6ED9175DE3CA00AABF10 /* string_shape.h */ = {isa = PBXFileReference; fileEncoding = 4; lastKnownFileType = sourcecode.c.h; path = string_shape.h; sourceTree = "<group>"; };
		413B6F81175DF02F00AABF10 /* Gesture.cpp */ = {isa = PBXFileReference; fileEncoding = 4; lastKnownFileType = sourcecode.cpp.cpp; path = Gesture.cpp; sourceTree = "<group>"; };
		413B6F82175DF02F00AABF10 /* Gesture.h */ = {isa = PBXFileReference; fileEncoding = 4; lastKnownFileType = sourcecode.c.h; path = Gesture.h; sourceTree = "<group>"; };
		413B6F83175DF02F00AABF10 /* Surface.cpp */ = {isa = PBXFileReference; fileEncoding = 4; lastKnownFileType = sourcecode.cpp.cpp; path = Surface.cpp; sourceTree = "<group>"; };
		413B6F84175DF02F00AABF10 /* Surface.h */ = {isa = PBXFileReference; fileEncoding = 4; lastKnownFileType = sourcecode.c.h; path = Surface.h; sourceTree = "<group>"; };
		413B6F85175DF02F00AABF10 /* SurfaceView.h */ = {isa = PBXFileReference; fileEncoding = 4; lastKnownFileType = sourcecode.c.h; path = SurfaceView.h; sourceTree = "<group>"; };
		413B6F86175DF02F00AABF10 /* SurfaceView.mm */ = {isa = PBXFileReference; fileEncoding = 4; lastKnownFileType = sourcecode.cpp.objcpp; path = SurfaceView.mm; sourceTree = "<group>"; };
		413B6F89175DF02F00AABF10 /* Touch.cpp */ = {isa = PBXFileReference; fileEncoding = 4; lastKnownFileType = sourcecode.cpp.cpp; path = Touch.cpp; sourceTree = "<group>"; };
		413B6F8A175DF02F00AABF10 /* Touch.h */ = {isa = PBXFileReference; fileEncoding = 4; lastKnownFileType = sourcecode.c.h; path = Touch.h; sourceTree = "<group>"; };
		413B6F8B175DF02F00AABF10 /* View.cpp */ = {isa = PBXFileReference; fileEncoding = 4; lastKnownFileType = sourcecode.cpp.cpp; path = View.cpp; sourceTree = "<group>"; };
		413B6F8C175DF02F00AABF10 /* View.h */ = {isa = PBXFileReference; fileEncoding = 4; lastKnownFileType = sourcecode.c.h; path = View.h; sourceTree = "<group>"; };
		413B701C175DFE9200AABF10 /* SoundLoader.cpp */ = {isa = PBXFileReference; fileEncoding = 4; lastKnownFileType = sourcecode.cpp.cpp; path = SoundLoader.cpp; sourceTree = "<group>"; };
		413B701D175DFE9200AABF10 /* SoundLoader.h */ = {isa = PBXFileReference; fileEncoding = 4; lastKnownFileType = sourcecode.c.h; path = SoundLoader.h; sourceTree = "<group>"; };
		413B701E175DFE9200AABF10 /* SoundPlayer.cpp */ = {isa = PBXFileReference; fileEncoding = 4; lastKnownFileType = sourcecode.cpp.cpp; path = SoundPlayer.cpp; sourceTree = "<group>"; };
		413B701F175DFE9200AABF10 /* SoundPlayer.h */ = {isa = PBXFileReference; fileEncoding = 4; lastKnownFileType = sourcecode.c.h; path = SoundPlayer.h; sourceTree = "<group>"; };
		413B7022175DFEA900AABF10 /* OpenAL.framework */ = {isa = PBXFileReference; lastKnownFileType = wrapper.framework; name = OpenAL.framework; path = System/Library/Frameworks/OpenAL.framework; sourceTree = SDKROOT; };
		413B7024175DFEB900AABF10 /* CoreAudio.framework */ = {isa = PBXFileReference; lastKnownFileType = wrapper.framework; name = CoreAudio.framework; path = System/Library/Frameworks/CoreAudio.framework; sourceTree = SDKROOT; };
		413B7026175DFEC800AABF10 /* AudioToolbox.framework */ = {isa = PBXFileReference; lastKnownFileType = wrapper.framework; name = AudioToolbox.framework; path = System/Library/Frameworks/AudioToolbox.framework; sourceTree = SDKROOT; };
		4169B54317676D3D00C2F34E /* luaconf.h */ = {isa = PBXFileReference; fileEncoding = 4; lastKnownFileType = sourcecode.c.h; path = luaconf.h; sourceTree = "<group>"; };
		4169B54417676D8B00C2F34E /* lua.xcodeproj */ = {isa = PBXFileReference; lastKnownFileType = "wrapper.pb-project"; path = lua.xcodeproj; sourceTree = "<group>"; };
		63F5502514299A67F121A4B1 /* MovementRules.h */ = {isa = PBXFileReference; fileEncoding = 4; lastKnownFileType = sourcecode.c.h; path = MovementRules.h; sourceTree = "<group>"; };
		63F55026F1B1D4FA3ED86125 /* BattleScript.cpp */ = {isa = PBXFileReference; fileEncoding = 4; lastKnownFileType = sourcecode.cpp.cpp; path = BattleScript.cpp; sourceTree = "<group>"; };
		63F550BC10AD74CCA2B4313B /* TiledTerrainSurface.cpp */ = {isa = PBXFileReference; fileEncoding = 4; lastKnownFileType = sourcecode.cpp.cpp; path = TiledTerrainSurface.cpp; sourceTree = "<group>"; };
		63F550E335069D2EEE3723A8 /* BillboardTexture.cpp */ = {isa = PBXFileReference; fileEncoding = 4; lastKnownFileType = sourcecode.cpp.cpp; path = BillboardTexture.cpp; sourceTree = "<group>"; };
		63F550EC91857163400D4704 /* TrackingMarker.h */ = {isa = PBXFileReference; fileEncoding = 4; lastKnownFileType = sourcecode.c.h; path = TrackingMarker.h; sourceTree = "<group>"; };
		63F550F23DA76C965C385802 /* TiledTerrainSurfaceRenderer.cpp */ = {isa = PBXFileReference; fileEncoding = 4; lastKnownFileType = sourcecode.cpp.cpp; path = TiledTerrainSurfaceRenderer.cpp; sourceTree = "<group>"; };
		63F551015746B4BAC3ADA148 /* TrackingMarker.cpp */ = {isa = PBXFileReference; fileEncoding = 4; lastKnownFileType = sourcecode.cpp.cpp; path = TrackingMarker.cpp; sourceTree = "<group>"; };
		63F55133DB45DA79353C065E /* EditorModel.h */ = {isa = PBXFileReference; fileEncoding = 4; lastKnownFileType = sourcecode.c.h; path = EditorModel.h; sourceTree = "<group>"; };
		63F551486360CFC73276A2D4 /* vertexbuffer.h */ = {isa = PBXFileReference; fileEncoding = 4; lastKnownFileType = sourcecode.c.h; path = vertexbuffer.h; sourceTree = "<group>"; };
		63F551C090421698FA53AC2E /* TerrainSurfaceRenderer.h */ = {isa = PBXFileReference; fileEncoding = 4; lastKnownFileType = sourcecode.c.h; path = TerrainSurfaceRenderer.h; sourceTree = "<group>"; };
		63F5523A7244C95AEDF46F74 /* BattleRendering.cpp */ = {isa = PBXFileReference; fileEncoding = 4; lastKnownFileType = sourcecode.cpp.cpp; path = BattleRendering.cpp; sourceTree = "<group>"; };
		63F5529F68A07CC6162BCF44 /* BillboardRenderer.cpp */ = {isa = PBXFileReference; fileEncoding = 4; lastKnownFileType = sourcecode.cpp.cpp; path = BillboardRenderer.cpp; sourceTree = "<group>"; };
		63F552B223BCDEE835F81D43 /* RangeMarker.cpp */ = {isa = PBXFileReference; fileEncoding = 4; lastKnownFileType = sourcecode.cpp.cpp; path = RangeMarker.cpp; sourceTree = "<group>"; };
		63F5536EC562EAF1ADA3D96C /* BattleView.cpp */ = {isa = PBXFileReference; fileEncoding = 4; lastKnownFileType = sourcecode.cpp.cpp; path = BattleView.cpp; sourceTree = "<group>"; };
		63F5539136BD1EC880B88D54 /* BattleModel.cpp */ = {isa = PBXFileReference; fileEncoding = 4; lastKnownFileType = sourcecode.cpp.cpp; path = BattleModel.cpp; sourceTree = "<group>"; };
		63F55396176B05C674B9DE7F /* BattleView.h */ = {isa = PBXFileReference; fileEncoding = 4; lastKnownFileType = sourcecode.c.h; path = BattleView.h; sourceTree = "<group>"; };
		63F553BE79BA6450912372D5 /* TerrainModel.h */ = {isa = PBXFileReference; fileEncoding = 4; lastKnownFileType = sourcecode.c.h; path = TerrainModel.h; sourceTree = "<group>"; };
		63F5540A8AF3B3D853FA7D3F /* heightmap.cpp */ = {isa = PBXFileReference; fileEncoding = 4; lastKnownFileType = sourcecode.cpp.cpp; path = heightmap.cpp; sourceTree = "<group>"; };
		63F5543DBC49F5BCD744028E /* ShootingCounter.h */ = {isa = PBXFileReference; fileEncoding = 4; lastKnownFileType = sourcecode.c.h; path = ShootingCounter.h; sourceTree = "<group>"; };
		63F55477A28CF8DCA4CE3E24 /* BillboardTexture.h */ = {isa = PBXFileReference; fileEncoding = 4; lastKnownFileType = sourcecode.c.h; path = BillboardTexture.h; sourceTree = "<group>"; };
		63F554815AC70C9D2E018975 /* BattleContext.cpp */ = {isa = PBXFileReference; fileEncoding = 4; lastKnownFileType = sourcecode.cpp.cpp; path = BattleContext.cpp; sourceTree = "<group>"; };
		63F55483D640A6B6785EED8B /* CasualtyMarker.h */ = {isa = PBXFileReference; fileEncoding = 4; lastKnownFileType = sourcecode.c.h; path = CasualtyMarker.h; sourceTree = "<group>"; };
		63F5556B5319C80728CAB1FB /* MovementRules.cpp */ = {isa = PBXFileReference; fileEncoding = 4; lastKnownFileType = sourcecode.cpp.cpp; path = MovementRules.cpp; sourceTree = "<group>"; };
		63F5556B5E4B95C6046E29CB /* SimulationRules.cpp */ = {isa = PBXFileReference; fileEncoding = 4; lastKnownFileType = sourcecode.cpp.cpp; path = SimulationRules.cpp; sourceTree = "<group>"; };
		63F5557470DF86929CA211FA /* UnitCounter.cpp */ = {isa = PBXFileReference; fileEncoding = 4; lastKnownFileType = sourcecode.cpp.cpp; path = UnitCounter.cpp; sourceTree = "<group>"; };
		63F555C99101D19BEB2B9CFB /* TerrainSurface.h */ = {isa = PBXFileReference; fileEncoding = 4; lastKnownFileType = sourcecode.c.h; path = TerrainSurface.h; sourceTree = "<group>"; };
		63F5566973A09F9C7FD1C2B0 /* BattleContext.h */ = {isa = PBXFileReference; fileEncoding = 4; lastKnownFileType = sourcecode.c.h; path = BattleContext.h; sourceTree = "<group>"; };
		63F556837468A47CB80377EC /* TerrainSurface.cpp */ = {isa = PBXFileReference; fileEncoding = 4; lastKnownFileType = sourcecode.cpp.cpp; path = TerrainSurface.cpp; sourceTree = "<group>"; };
		63F5578D6504908517597C91 /* TerrainForest.h */ = {isa = PBXFileReference; fileEncoding = 4; lastKnownFileType = sourcecode.c.h; path = TerrainForest.h; sourceTree = "<group>"; };
		63F557A61B0BF1ECEB7CE204 /* MovementMarker.h */ = {isa = PBXFileReference; fileEncoding = 4; lastKnownFileType = sourcecode.c.h; path = MovementMarker.h; sourceTree = "<group>"; };
		63F557CDB1BA76F05E76C6E8 /* TiledTerrainSurface.h */ = {isa = PBXFileReference; fileEncoding = 4; lastKnownFileType = sourcecode.c.h; path = TiledTerrainSurface.h; sourceTree = "<group>"; };
		63F557DE415C6E86F8986B72 /* SmoothTerrainSurfaceRenderer.h */ = {isa = PBXFileReference; fileEncoding = 4; lastKnownFileType = sourcecode.c.h; path = SmoothTerrainSurfaceRenderer.h; sourceTree = "<group>"; };
		63F557F563691C3F1A8E1FA2 /* EditorGesture.h */ = {isa = PBXFileReference; fileEncoding = 4; lastKnownFileType = sourcecode.c.h; path = EditorGesture.h; sourceTree = "<group>"; };
		63F55808044A3D9C13977269 /* bspline.h */ = {isa = PBXFileReference; fileEncoding = 4; lastKnownFileType = sourcecode.c.h; path = bspline.h; sourceTree = "<group>"; };
		63F55841973B995647E88800 /* vertexbuffer.cpp */ = {isa = PBXFileReference; fileEncoding = 4; lastKnownFileType = sourcecode.cpp.cpp; path = vertexbuffer.cpp; sourceTree = "<group>"; };
		63F558F9C1A144D916661F4B /* BillboardTerrainForest.h */ = {isa = PBXFileReference; fileEncoding = 4; lastKnownFileType = sourcecode.c.h; path = BillboardTerrainForest.h; sourceTree = "<group>"; };
		63F5591F1BBD00B0B5C49265 /* SmokeCounter.h */ = {isa = PBXFileReference; fileEncoding = 4; lastKnownFileType = sourcecode.c.h; path = SmokeCounter.h; sourceTree = "<group>"; };
		63F5593B74478343E2A98FBF /* TerrainView.cpp */ = {isa = PBXFileReference; fileEncoding = 4; lastKnownFileType = sourcecode.cpp.cpp; path = TerrainView.cpp; sourceTree = "<group>"; };
		63F5596F135A23A4AAAA5FB5 /* affine2.h */ = {isa = PBXFileReference; fileEncoding = 4; lastKnownFileType = sourcecode.c.h; path = affine2.h; sourceTree = "<group>"; };
		63F55977615093630BED9E6F /* MovementMarker.cpp */ = {isa = PBXFileReference; fileEncoding = 4; lastKnownFileType = sourcecode.cpp.cpp; path = MovementMarker.cpp; sourceTree = "<group>"; };
		63F559A402ACECE728E3AB82 /* BattleModel.h */ = {isa = PBXFileReference; fileEncoding = 4; lastKnownFileType = sourcecode.c.h; path = BattleModel.h; sourceTree = "<group>"; };
		63F559B4EEEF02BEBCDE71DC /* heightmap.h */ = {isa = PBXFileReference; fileEncoding = 4; lastKnownFileType = sourcecode.c.h; path = heightmap.h; sourceTree = "<group>"; };
		63F559D75F0CCC44D0C8ECF3 /* BattleScripts */ = {isa = PBXFileReference; fileEncoding = 4; lastKnownFileType = folder; path = BattleScripts; sourceTree = "<group>"; };
		63F559F78E1543FDC888634E /* SimulationRules.h */ = {isa = PBXFileReference; fileEncoding = 4; lastKnownFileType = sourcecode.c.h; path = SimulationRules.h; sourceTree = "<group>"; };
		63F55A1C944D09E02843500A /* TerrainSurfaceRenderer.cpp */ = {isa = PBXFileReference; fileEncoding = 4; lastKnownFileType = sourcecode.cpp.cpp; path = TerrainSurfaceRenderer.cpp; sourceTree = "<group>"; };
		63F55A21CB78891343349B4F /* EditorModel.cpp */ = {isa = PBXFileReference; fileEncoding = 4; lastKnownFileType = sourcecode.cpp.cpp; path = EditorModel.cpp; sourceTree = "<group>"; };
		63F55A77C807E38F54D128BF /* TerrainModel.cpp */ = {isa = PBXFileReference; fileEncoding = 4; lastKnownFileType = sourcecode.cpp.cpp; path = TerrainModel.cpp; sourceTree = "<group>"; };
		63F55AF200D5648D23279089 /* bspline.cpp */ = {isa = PBXFileReference; fileEncoding = 4; lastKnownFileType = sourcecode.cpp.cpp; path = bspline.cpp; sourceTree = "<group>"; };
		63F55B90DF083FC510A2E494 /* RangeMarker.h */ = {isa = PBXFileReference; fileEncoding = 4; lastKnownFileType = sourcecode.c.h; path = RangeMarker.h; sourceTree = "<group>"; };
		63F55BDA157057D157E307C9 /* ShootingCounter.cpp */ = {isa = PBXFileReference; fileEncoding = 4; lastKnownFileType = sourcecode.cpp.cpp; path = ShootingCounter.cpp; sourceTree = "<group>"; };
		63F55C316CF9F03BB75E7959 /* TerrainForest.cpp */ = {isa = PBXFileReference; fileEncoding = 4; lastKnownFileType = sourcecode.cpp.cpp; path = TerrainForest.cpp; sourceTree = "<group>"; };
		63F55CC494AF7D66DEF9BF5F /* TerrainGesture.cpp */ = {isa = PBXFileReference; fileEncoding = 4; lastKnownFileType = sourcecode.cpp.cpp; path = TerrainGesture.cpp; sourceTree = "<group>"; };
		63F55CE2B11E776AB05B77EA /* TiledTerrainSurfaceRenderer.h */ = {isa = PBXFileReference; fileEncoding = 4; lastKnownFileType = sourcecode.c.h; path = TiledTerrainSurfaceRenderer.h; sourceTree = "<group>"; };
		63F55D13655B586F5FFB3E5C /* BillboardRenderer.h */ = {isa = PBXFileReference; fileEncoding = 4; lastKnownFileType = sourcecode.c.h; path = BillboardRenderer.h; sourceTree = "<group>"; };
		63F55D5665CB9D3AF5C73979 /* EditorGesture.cpp */ = {isa = PBXFileReference; fileEncoding = 4; lastKnownFileType = sourcecode.cpp.cpp; path = EditorGesture.cpp; sourceTree = "<group>"; };
		63F55D5C0BFD572DC508C164 /* SmoothTerrainSurface.cpp */ = {isa = PBXFileReference; fileEncoding = 4; lastKnownFileType = sourcecode.cpp.cpp; path = SmoothTerrainSurface.cpp; sourceTree = "<group>"; };
		63F55D7EAA894FB9860C460A /* BattleRendering.h */ = {isa = PBXFileReference; fileEncoding = 4; lastKnownFileType = sourcecode.c.h; path = BattleRendering.h; sourceTree = "<group>"; };
		63F55E3481851C824DAA0233 /* SmoothTerrainSurfaceRenderer.cpp */ = {isa = PBXFileReference; fileEncoding = 4; lastKnownFileType = sourcecode.cpp.cpp; path = SmoothTerrainSurfaceRenderer.cpp; sourceTree = "<group>"; };
		63F55E589EB43FE093106219 /* CasualtyMarker.cpp */ = {isa = PBXFileReference; fileEncoding = 4; lastKnownFileType = sourcecode.cpp.cpp; path = CasualtyMarker.cpp; sourceTree = "<group>"; };
		63F55E6B18AF2217B015F065 /* TerrainView.h */ = {isa = PBXFileReference; fileEncoding = 4; lastKnownFileType = sourcecode.c.h; path = TerrainView.h; sourceTree = "<group>"; };
		63F55E760B5BC8257A102243 /* SmoothTerrainSurface.h */ = {isa = PBXFileReference; fileEncoding = 4; lastKnownFileType = sourcecode.c.h; path = SmoothTerrainSurface.h; sourceTree = "<group>"; };
		63F55E8D324F5578086C0E63 /* BattleScript.h */ = {isa = PBXFileReference; fileEncoding = 4; lastKnownFileType = sourcecode.c.h; path = BattleScript.h; sourceTree = "<group>"; };
		63F55EAEF4835655F899B843 /* SmokeCounter.cpp */ = {isa = PBXFileReference; fileEncoding = 4; lastKnownFileType = sourcecode.cpp.cpp; path = SmokeCounter.cpp; sourceTree = "<group>"; };
		63F55EE56071A4A169967837 /* BattleGesture.h */ = {isa = PBXFileReference; fileEncoding = 4; lastKnownFileType = sourcecode.c.h; path = BattleGesture.h; sourceTree = "<group>"; };
		63F55F6090A4F942C1781504 /* BillboardTerrainForest.cpp */ = {isa = PBXFileReference; fileEncoding = 4; lastKnownFileType = sourcecode.cpp.cpp; path = BillboardTerrainForest.cpp; sourceTree = "<group>"; };
		63F55FB1E41CCC9A1DE8BD28 /* TerrainGesture.h */ = {isa = PBXFileReference; fileEncoding = 4; lastKnownFileType = sourcecode.c.h; path = TerrainGesture.h; sourceTree = "<group>"; };
		63F55FD1F7CB58568215623F /* UnitCounter.h */ = {isa = PBXFileReference; fileEncoding = 4; lastKnownFileType = sourcecode.c.h; path = UnitCounter.h; sourceTree = "<group>"; };
		63F55FEDBDF52613CDF0F16C /* BattleGesture.cpp */ = {isa = PBXFileReference; fileEncoding = 4; lastKnownFileType = sourcecode.cpp.cpp; path = BattleGesture.cpp; sourceTree = "<group>"; };
/* End PBXFileReference section */

/* Begin PBXFrameworksBuildPhase section */
		413B6DF4175CE70B00AABF10 /* Frameworks */ = {
			isa = PBXFrameworksBuildPhase;
			buildActionMask = 2147483647;
			files = (
				4169B57817676F9B00C2F34E /* liblua-mac.a in Frameworks */,
				413B7027175DFEC800AABF10 /* AudioToolbox.framework in Frameworks */,
				413B6DFB175CE70B00AABF10 /* Cocoa.framework in Frameworks */,
				413B6ED0175DE18A00AABF10 /* GLKit.framework in Frameworks */,
				413B7023175DFEA900AABF10 /* OpenAL.framework in Frameworks */,
				413B6ED2175DE19200AABF10 /* OpenGL.framework in Frameworks */,
			);
			runOnlyForDeploymentPostprocessing = 0;
		};
/* End PBXFrameworksBuildPhase section */

/* Begin PBXGroup section */
		41158299175E07A1004F58D1 /* Sources */ = {
			isa = PBXGroup;
			children = (
				41158396175E1E9D004F58D1 /* OpenWarSurface.cpp */,
				41158397175E1E9D004F58D1 /* OpenWarSurface.h */,
				63F55026F1B1D4FA3ED86125 /* BattleScript.cpp */,
				63F55E8D324F5578086C0E63 /* BattleScript.h */,
				63F554815AC70C9D2E018975 /* BattleContext.cpp */,
				63F5566973A09F9C7FD1C2B0 /* BattleContext.h */,
				63F55822A1BED20B953896BA /* BattleModel */,
				63F558F239D3DE2A88057DF1 /* BattleView */,
				63F55031BCF5523947A588A0 /* Renderers */,
				63F55F168DE472F5B650F899 /* TerrainModel */,
				63F55597B7C873EB4A594355 /* TerrainView */,
				63F5527625649086121293FB /* Simulator */,
				63F55AB6F44466A50380E093 /* TerrainForest */,
				63F55E13534AC3607A54AF3D /* TerrainSurface */,
			);
			path = Sources;
			sourceTree = "<group>";
		};
		411582A6175E0891004F58D1 /* OpenWar */ = {
			isa = PBXGroup;
			children = (
				41158357175E15B4004F58D1 /* Media */,
				41158299175E07A1004F58D1 /* Sources */,
				413B6E00175CE70B00AABF10 /* Sources-Mac */,
			);
			path = OpenWar;
			sourceTree = "<group>";
		};
		41158357175E15B4004F58D1 /* Media */ = {
			isa = PBXGroup;
			children = (
				4129759C176A6BE500B9AC12 /* Maps */,
				41158358175E15B4004F58D1 /* Sounds */,
				4115835B175E15B4004F58D1 /* Textures */,
				63F559D75F0CCC44D0C8ECF3 /* BattleScripts */,
			);
			path = Media;
			sourceTree = "<group>";
		};
		41158358175E15B4004F58D1 /* Sounds */ = {
			isa = PBXGroup;
			children = (
				41158359175E15B4004F58D1 /* CommandAck.wav */,
				4115835A175E15B4004F58D1 /* CommandMod.wav */,
			);
			path = Sounds;
			sourceTree = "<group>";
		};
		4115835B175E15B4004F58D1 /* Textures */ = {
			isa = PBXGroup;
			children = (
				4115835C175E15B4004F58D1 /* ButtonHighlight.png */,
				4115835D175E15B4004F58D1 /* ButtonNormal.png */,
				4115835E175E15B4004F58D1 /* ButtonSelected.png */,
				411583B8175F2365004F58D1 /* ButtonIcons.png */,
				4115835F175E15B4004F58D1 /* EditorTools.png */,
				41158360175E15B4004F58D1 /* Linen128x128.png */,
				41158361175E15B4004F58D1 /* MissileBlue16x16.png */,
				41158362175E15B4004F58D1 /* MissileGray16x16.png */,
				41158363175E15B4004F58D1 /* MissileRed16x16.png */,
				41158364175E15B4004F58D1 /* MovementBlue16x16.png */,
				41158365175E15B4004F58D1 /* MovementGray16x16.png */,
				41158366175E15B4004F58D1 /* MovementRed16x16.png */,
				41158367175E15B4004F58D1 /* TouchMarker.png */,
			);
			path = Textures;
			sourceTree = "<group>";
		};
		41158376175E15CC004F58D1 /* Modules */ = {
			isa = PBXGroup;
			children = (
				41158377175E15CC004F58D1 /* SamuraiWars */,
			);
			path = Modules;
			sourceTree = "<group>";
		};
		41158377175E15CC004F58D1 /* SamuraiWars */ = {
			isa = PBXGroup;
			children = (
				41158378175E15CC004F58D1 /* Sounds */,
				41158384175E15CC004F58D1 /* Textures */,
			);
			path = SamuraiWars;
			sourceTree = "<group>";
		};
		41158378175E15CC004F58D1 /* Sounds */ = {
			isa = PBXGroup;
			children = (
				41158379175E15CC004F58D1 /* ArrowsFlying.wav */,
				4115837A175E15CC004F58D1 /* CavalryMarching.wav */,
				4115837B175E15CC004F58D1 /* CavalryRunning.wav */,
				4115837C175E15CC004F58D1 /* InfantryFighting.wav */,
				4115837D175E15CC004F58D1 /* InfantryGrunting.wav */,
				4115837E175E15CC004F58D1 /* InfantryMarching.wav */,
				4115837F175E15CC004F58D1 /* InfantryRunning.wav */,
				41158380175E15CC004F58D1 /* MatchlockFire1.wav */,
				41158381175E15CC004F58D1 /* MatchlockFire2.wav */,
				41158382175E15CC004F58D1 /* MatchlockFire3.wav */,
				41158383175E15CC004F58D1 /* MatchlockFire4.wav */,
			);
			path = Sounds;
			sourceTree = "<group>";
		};
		41158384175E15CC004F58D1 /* Textures */ = {
			isa = PBXGroup;
			children = (
				41158385175E15CC004F58D1 /* Billboards.png */,
				41158386175E15CC004F58D1 /* Texture256x256.png */,
			);
			path = Textures;
			sourceTree = "<group>";
		};
		413B6DEE175CE70B00AABF10 = {
			isa = PBXGroup;
			children = (
				4157EF8D1767694200266CFA /* External */,
				413B6E9A175DD1F600AABF10 /* Library */,
				41158376175E15CC004F58D1 /* Modules */,
				411582A6175E0891004F58D1 /* OpenWar */,
				413B6DF9175CE70B00AABF10 /* Frameworks */,
				413B6DF8175CE70B00AABF10 /* Products */,
			);
			sourceTree = "<group>";
		};
		413B6DF8175CE70B00AABF10 /* Products */ = {
			isa = PBXGroup;
			children = (
				413B6DF7175CE70B00AABF10 /* Open War.app */,
			);
			name = Products;
			sourceTree = "<group>";
		};
		413B6DF9175CE70B00AABF10 /* Frameworks */ = {
			isa = PBXGroup;
			children = (
				413B6DFD175CE70B00AABF10 /* AppKit.framework */,
				413B7026175DFEC800AABF10 /* AudioToolbox.framework */,
				413B6DFA175CE70B00AABF10 /* Cocoa.framework */,
				413B7024175DFEB900AABF10 /* CoreAudio.framework */,
				413B6DFF175CE70B00AABF10 /* Foundation.framework */,
				413B6ECF175DE18A00AABF10 /* GLKit.framework */,
				413B7022175DFEA900AABF10 /* OpenAL.framework */,
				413B6ED1175DE19200AABF10 /* OpenGL.framework */,
			);
			name = Frameworks;
			sourceTree = "<group>";
		};
		413B6E00175CE70B00AABF10 /* Sources-Mac */ = {
			isa = PBXGroup;
			children = (
				413B6E0C175CE70B00AABF10 /* OpenWarDocument.h */,
				413B6E0D175CE70B00AABF10 /* OpenWarDocument.mm */,
				413B6E0F175CE70B00AABF10 /* OpenWarDocument.xib */,
				413B6E06175CE70B00AABF10 /* main.mm */,
				413B6E12175CE70B00AABF10 /* MainMenu.xib */,
				413B6E02175CE70B00AABF10 /* OpenWar-Info.plist */,
				413B6E08175CE70B00AABF10 /* OpenWar-Prefix.pch */,
				413B6E01175CE70B00AABF10 /* Supporting Files */,
			);
			path = "Sources-Mac";
			sourceTree = "<group>";
		};
		413B6E01175CE70B00AABF10 /* Supporting Files */ = {
			isa = PBXGroup;
			children = (
				413B6E03175CE70B00AABF10 /* InfoPlist.strings */,
				413B6E09175CE70B00AABF10 /* Credits.rtf */,
			);
			name = "Supporting Files";
			sourceTree = "<group>";
		};
		413B6E9A175DD1F600AABF10 /* Library */ = {
			isa = PBXGroup;
			children = (
				413B6EA2175DD20C00AABF10 /* Algebra */,
				413B6E9B175DD20C00AABF10 /* Algorithms */,
				413B701B175DFE9200AABF10 /* Audio */,
				413B6EB9175DE03400AABF10 /* Graphics */,
				413B6ED3175DE3CA00AABF10 /* Renderers */,
				413B6F80175DF02F00AABF10 /* ViewCore */,
				413B6F93175DF1CE00AABF10 /* ViewExtra */,
			);
			path = Library;
			sourceTree = "<group>";
		};
		413B6E9B175DD20C00AABF10 /* Algorithms */ = {
			isa = PBXGroup;
			children = (
				413B6E9E175DD20C00AABF10 /* quadtree.cpp */,
				413B6E9F175DD20C00AABF10 /* quadtree.h */,
				413B6EA0175DD20C00AABF10 /* sampler.cpp */,
				413B6EA1175DD20C00AABF10 /* sampler.h */,
				63F55AF200D5648D23279089 /* bspline.cpp */,
				63F55808044A3D9C13977269 /* bspline.h */,
				63F5540A8AF3B3D853FA7D3F /* heightmap.cpp */,
				63F559B4EEEF02BEBCDE71DC /* heightmap.h */,
			);
			path = Algorithms;
			sourceTree = "<group>";
		};
		413B6EA2175DD20C00AABF10 /* Algebra */ = {
			isa = PBXGroup;
			children = (
				413B6EA3175DD20C00AABF10 /* bounds.h */,
				413B6EA4175DD20C00AABF10 /* geometry.cpp */,
				413B6EA5175DD20C00AABF10 /* geometry.h */,
				413B6EA6175DD20C00AABF10 /* image.cpp */,
				413B6EA7175DD20C00AABF10 /* image.h */,
				63F5596F135A23A4AAAA5FB5 /* affine2.h */,
			);
			path = Algebra;
			sourceTree = "<group>";
		};
		413B6EB9175DE03400AABF10 /* Graphics */ = {
			isa = PBXGroup;
			children = (
				413B6EBA175DE03400AABF10 /* framebuffer.cpp */,
				413B6EBB175DE03400AABF10 /* framebuffer.h */,
				413B6EBC175DE03400AABF10 /* renderbuffer.cpp */,
				413B6EBD175DE03400AABF10 /* renderbuffer.h */,
				413B6EBE175DE03400AABF10 /* renderer.cpp */,
				413B6EBF175DE03400AABF10 /* renderer.h */,
				413B6EC2175DE03400AABF10 /* texture.cpp */,
				413B6EC3175DE03400AABF10 /* texture.h */,
				413B6EC5175DE03400AABF10 /* uniforms.h */,
				413B6EC7175DE03400AABF10 /* vertex.h */,
				63F551486360CFC73276A2D4 /* vertexbuffer.h */,
				63F55841973B995647E88800 /* vertexbuffer.cpp */,
			);
			path = Graphics;
			sourceTree = "<group>";
		};
		413B6ED3175DE3CA00AABF10 /* Renderers */ = {
			isa = PBXGroup;
			children = (
				413B6ED4175DE3CA00AABF10 /* animation.cpp */,
				413B6ED5175DE3CA00AABF10 /* animation.h */,
				413B6ED6175DE3CA00AABF10 /* sprite.cpp */,
				413B6ED7175DE3CA00AABF10 /* sprite.h */,
				413B6ED8175DE3CA00AABF10 /* string_shape.cpp */,
				413B6ED9175DE3CA00AABF10 /* string_shape.h */,
			);
			path = Renderers;
			sourceTree = "<group>";
		};
		413B6F80175DF02F00AABF10 /* ViewCore */ = {
			isa = PBXGroup;
			children = (
				413B6F81175DF02F00AABF10 /* Gesture.cpp */,
				413B6F82175DF02F00AABF10 /* Gesture.h */,
				413B6F83175DF02F00AABF10 /* Surface.cpp */,
				413B6F84175DF02F00AABF10 /* Surface.h */,
				413B6F85175DF02F00AABF10 /* SurfaceView.h */,
				413B6F86175DF02F00AABF10 /* SurfaceView.mm */,
				413B6F89175DF02F00AABF10 /* Touch.cpp */,
				413B6F8A175DF02F00AABF10 /* Touch.h */,
				413B6F8B175DF02F00AABF10 /* View.cpp */,
				413B6F8C175DF02F00AABF10 /* View.h */,
			);
			path = ViewCore;
			sourceTree = "<group>";
		};
		413B6F93175DF1CE00AABF10 /* ViewExtra */ = {
			isa = PBXGroup;
			children = (
				41158399175E7B59004F58D1 /* ButtonGesture.cpp */,
				4115839A175E7B59004F58D1 /* ButtonGesture.h */,
				4115839B175E7B59004F58D1 /* ButtonRendering.cpp */,
				4115839C175E7B59004F58D1 /* ButtonRendering.h */,
				4115839D175E7B59004F58D1 /* ButtonView.cpp */,
				4115839E175E7B59004F58D1 /* ButtonView.h */,
			);
			path = ViewExtra;
			sourceTree = "<group>";
		};
		413B701B175DFE9200AABF10 /* Audio */ = {
			isa = PBXGroup;
			children = (
				413B701C175DFE9200AABF10 /* SoundLoader.cpp */,
				413B701D175DFE9200AABF10 /* SoundLoader.h */,
				413B701E175DFE9200AABF10 /* SoundPlayer.cpp */,
				413B701F175DFE9200AABF10 /* SoundPlayer.h */,
			);
			path = Audio;
			sourceTree = "<group>";
		};
		4157EF8D1767694200266CFA /* External */ = {
			isa = PBXGroup;
			children = (
				4169B54417676D8B00C2F34E /* lua.xcodeproj */,
				4169B54317676D3D00C2F34E /* luaconf.h */,
			);
			path = External;
			sourceTree = "<group>";
		};
		4169B54517676D8B00C2F34E /* Products */ = {
			isa = PBXGroup;
			children = (
				4169B57717676F9B00C2F34E /* liblua-ios.a */,
				4169B54917676D8C00C2F34E /* liblua-mac.a */,
			);
			name = Products;
			sourceTree = "<group>";
		};
		63F55031BCF5523947A588A0 /* Renderers */ = {
			isa = PBXGroup;
			children = (
				63F5529F68A07CC6162BCF44 /* BillboardRenderer.cpp */,
				63F550E335069D2EEE3723A8 /* BillboardTexture.cpp */,
				63F55D13655B586F5FFB3E5C /* BillboardRenderer.h */,
				63F55477A28CF8DCA4CE3E24 /* BillboardTexture.h */,
				63F55D7EAA894FB9860C460A /* BattleRendering.h */,
				63F5523A7244C95AEDF46F74 /* BattleRendering.cpp */,
			);
			path = Renderers;
			sourceTree = "<group>";
		};
		63F5527625649086121293FB /* Simulator */ = {
			isa = PBXGroup;
			children = (
				63F5502514299A67F121A4B1 /* MovementRules.h */,
				63F5556B5319C80728CAB1FB /* MovementRules.cpp */,
				63F559F78E1543FDC888634E /* SimulationRules.h */,
				63F5556B5E4B95C6046E29CB /* SimulationRules.cpp */,
			);
			path = Simulator;
			sourceTree = "<group>";
		};
		63F55597B7C873EB4A594355 /* TerrainView */ = {
			isa = PBXGroup;
			children = (
				63F5593B74478343E2A98FBF /* TerrainView.cpp */,
				63F55FB1E41CCC9A1DE8BD28 /* TerrainGesture.h */,
				63F55E6B18AF2217B015F065 /* TerrainView.h */,
				63F55CC494AF7D66DEF9BF5F /* TerrainGesture.cpp */,
				63F557F563691C3F1A8E1FA2 /* EditorGesture.h */,
				63F55A21CB78891343349B4F /* EditorModel.cpp */,
				63F55133DB45DA79353C065E /* EditorModel.h */,
				63F55D5665CB9D3AF5C73979 /* EditorGesture.cpp */,
			);
			path = TerrainView;
			sourceTree = "<group>";
		};
		63F55822A1BED20B953896BA /* BattleModel */ = {
			isa = PBXGroup;
			children = (
				63F559A402ACECE728E3AB82 /* BattleModel.h */,
				63F5539136BD1EC880B88D54 /* BattleModel.cpp */,
				63F5591F1BBD00B0B5C49265 /* SmokeCounter.h */,
				63F55BDA157057D157E307C9 /* ShootingCounter.cpp */,
				63F5543DBC49F5BCD744028E /* ShootingCounter.h */,
				63F55EAEF4835655F899B843 /* SmokeCounter.cpp */,
				63F5557470DF86929CA211FA /* UnitCounter.cpp */,
				63F55FD1F7CB58568215623F /* UnitCounter.h */,
			);
			path = BattleModel;
			sourceTree = "<group>";
		};
		63F558F239D3DE2A88057DF1 /* BattleView */ = {
			isa = PBXGroup;
			children = (
				63F55396176B05C674B9DE7F /* BattleView.h */,
				63F5536EC562EAF1ADA3D96C /* BattleView.cpp */,
				63F55FEDBDF52613CDF0F16C /* BattleGesture.cpp */,
				63F55EE56071A4A169967837 /* BattleGesture.h */,
				63F55E589EB43FE093106219 /* CasualtyMarker.cpp */,
				63F55483D640A6B6785EED8B /* CasualtyMarker.h */,
				63F55977615093630BED9E6F /* MovementMarker.cpp */,
				63F557A61B0BF1ECEB7CE204 /* MovementMarker.h */,
				63F552B223BCDEE835F81D43 /* RangeMarker.cpp */,
				63F55B90DF083FC510A2E494 /* RangeMarker.h */,
				63F551015746B4BAC3ADA148 /* TrackingMarker.cpp */,
				63F550EC91857163400D4704 /* TrackingMarker.h */,
			);
			path = BattleView;
			sourceTree = "<group>";
		};
		63F55AB6F44466A50380E093 /* TerrainForest */ = {
			isa = PBXGroup;
			children = (
				63F558F9C1A144D916661F4B /* BillboardTerrainForest.h */,
				63F55F6090A4F942C1781504 /* BillboardTerrainForest.cpp */,
				63F5578D6504908517597C91 /* TerrainForest.h */,
				63F55C316CF9F03BB75E7959 /* TerrainForest.cpp */,
			);
			path = TerrainForest;
			sourceTree = "<group>";
		};
		63F55E13534AC3607A54AF3D /* TerrainSurface */ = {
			isa = PBXGroup;
			children = (
				63F557CDB1BA76F05E76C6E8 /* TiledTerrainSurface.h */,
				63F550BC10AD74CCA2B4313B /* TiledTerrainSurface.cpp */,
				63F55A1C944D09E02843500A /* TerrainSurfaceRenderer.cpp */,
				63F551C090421698FA53AC2E /* TerrainSurfaceRenderer.h */,
				63F55CE2B11E776AB05B77EA /* TiledTerrainSurfaceRenderer.h */,
				63F550F23DA76C965C385802 /* TiledTerrainSurfaceRenderer.cpp */,
				63F556837468A47CB80377EC /* TerrainSurface.cpp */,
				63F555C99101D19BEB2B9CFB /* TerrainSurface.h */,
				63F55E3481851C824DAA0233 /* SmoothTerrainSurfaceRenderer.cpp */,
				63F55E760B5BC8257A102243 /* SmoothTerrainSurface.h */,
				63F55D5C0BFD572DC508C164 /* SmoothTerrainSurface.cpp */,
				63F557DE415C6E86F8986B72 /* SmoothTerrainSurfaceRenderer.h */,
			);
			path = TerrainSurface;
			sourceTree = "<group>";
		};
		63F55F168DE472F5B650F899 /* TerrainModel */ = {
			isa = PBXGroup;
			children = (
				63F55A77C807E38F54D128BF /* TerrainModel.cpp */,
				63F553BE79BA6450912372D5 /* TerrainModel.h */,
			);
			path = TerrainModel;
			sourceTree = "<group>";
		};
/* End PBXGroup section */

/* Begin PBXNativeTarget section */
		413B6DF6175CE70B00AABF10 /* Open War */ = {
			isa = PBXNativeTarget;
			buildConfigurationList = 413B6E17175CE70B00AABF10 /* Build configuration list for PBXNativeTarget "Open War" */;
			buildPhases = (
				413B6DF3175CE70B00AABF10 /* Sources */,
				413B6DF4175CE70B00AABF10 /* Frameworks */,
				413B6DF5175CE70B00AABF10 /* Resources */,
			);
			buildRules = (
			);
			dependencies = (
			);
			name = "Open War";
			productName = OpenWar;
			productReference = 413B6DF7175CE70B00AABF10 /* Open War.app */;
			productType = "com.apple.product-type.application";
		};
/* End PBXNativeTarget section */

/* Begin PBXProject section */
		413B6DEF175CE70B00AABF10 /* Project object */ = {
			isa = PBXProject;
			attributes = {
				LastUpgradeCheck = 0460;
				ORGANIZATIONNAME = openwar.org;
			};
			buildConfigurationList = 413B6DF2175CE70B00AABF10 /* Build configuration list for PBXProject "OpenWar" */;
			compatibilityVersion = "Xcode 3.2";
			developmentRegion = English;
			hasScannedForEncodings = 0;
			knownRegions = (
				en,
			);
			mainGroup = 413B6DEE175CE70B00AABF10;
			productRefGroup = 413B6DF8175CE70B00AABF10 /* Products */;
			projectDirPath = "";
			projectReferences = (
				{
					ProductGroup = 4169B54517676D8B00C2F34E /* Products */;
					ProjectRef = 4169B54417676D8B00C2F34E /* lua.xcodeproj */;
				},
			);
			projectRoot = "";
			targets = (
				413B6DF6175CE70B00AABF10 /* Open War */,
			);
		};
/* End PBXProject section */

/* Begin PBXReferenceProxy section */
		4169B54917676D8C00C2F34E /* liblua-mac.a */ = {
			isa = PBXReferenceProxy;
			fileType = archive.ar;
			path = "liblua-mac.a";
			remoteRef = 4169B54817676D8C00C2F34E /* PBXContainerItemProxy */;
			sourceTree = BUILT_PRODUCTS_DIR;
		};
		4169B57717676F9B00C2F34E /* liblua-ios.a */ = {
			isa = PBXReferenceProxy;
			fileType = archive.ar;
			path = "liblua-ios.a";
			remoteRef = 4169B57617676F9B00C2F34E /* PBXContainerItemProxy */;
			sourceTree = BUILT_PRODUCTS_DIR;
		};
/* End PBXReferenceProxy section */

/* Begin PBXResourcesBuildPhase section */
		413B6DF5175CE70B00AABF10 /* Resources */ = {
			isa = PBXResourcesBuildPhase;
			buildActionMask = 2147483647;
			files = (
				413B6E05175CE70B00AABF10 /* InfoPlist.strings in Resources */,
				413B6E0B175CE70B00AABF10 /* Credits.rtf in Resources */,
				413B6E11175CE70B00AABF10 /* OpenWarDocument.xib in Resources */,
				413B6E14175CE70B00AABF10 /* MainMenu.xib in Resources */,
				41158368175E15B4004F58D1 /* CommandAck.wav in Resources */,
				41158369175E15B4004F58D1 /* CommandMod.wav in Resources */,
				4115836A175E15B4004F58D1 /* ButtonHighlight.png in Resources */,
				4115836B175E15B4004F58D1 /* ButtonNormal.png in Resources */,
				4115836C175E15B4004F58D1 /* ButtonSelected.png in Resources */,
				4115836D175E15B4004F58D1 /* EditorTools.png in Resources */,
				4115836E175E15B4004F58D1 /* Linen128x128.png in Resources */,
				4115836F175E15B4004F58D1 /* MissileBlue16x16.png in Resources */,
				41158370175E15B4004F58D1 /* MissileGray16x16.png in Resources */,
				41158371175E15B4004F58D1 /* MissileRed16x16.png in Resources */,
				41158372175E15B4004F58D1 /* MovementBlue16x16.png in Resources */,
				41158373175E15B4004F58D1 /* MovementGray16x16.png in Resources */,
				41158374175E15B4004F58D1 /* MovementRed16x16.png in Resources */,
				41158375175E15B4004F58D1 /* TouchMarker.png in Resources */,
				41158387175E15CC004F58D1 /* ArrowsFlying.wav in Resources */,
				41158388175E15CC004F58D1 /* CavalryMarching.wav in Resources */,
				41158389175E15CC004F58D1 /* CavalryRunning.wav in Resources */,
				4115838A175E15CC004F58D1 /* InfantryFighting.wav in Resources */,
				4115838B175E15CC004F58D1 /* InfantryGrunting.wav in Resources */,
				4115838C175E15CC004F58D1 /* InfantryMarching.wav in Resources */,
				4115838D175E15CC004F58D1 /* InfantryRunning.wav in Resources */,
				4115838E175E15CC004F58D1 /* MatchlockFire1.wav in Resources */,
				4115838F175E15CC004F58D1 /* MatchlockFire2.wav in Resources */,
				41158390175E15CC004F58D1 /* MatchlockFire3.wav in Resources */,
				41158391175E15CC004F58D1 /* MatchlockFire4.wav in Resources */,
				41158392175E15CC004F58D1 /* Billboards.png in Resources */,
				41158393175E15CC004F58D1 /* Texture256x256.png in Resources */,
				411583B9175F2365004F58D1 /* ButtonIcons.png in Resources */,
				4129759D176A6BE500B9AC12 /* Maps in Resources */,
				63F556BAF90A406C37B6FE6F /* BattleScripts in Resources */,
				63F55CC86046CE9AEFFBE71D /* affine2.h in Resources */,
			);
			runOnlyForDeploymentPostprocessing = 0;
		};
/* End PBXResourcesBuildPhase section */

/* Begin PBXSourcesBuildPhase section */
		413B6DF3175CE70B00AABF10 /* Sources */ = {
			isa = PBXSourcesBuildPhase;
			buildActionMask = 2147483647;
			files = (
				413B6E07175CE70B00AABF10 /* main.mm in Sources */,
				413B6E0E175CE70B00AABF10 /* OpenWarDocument.mm in Sources */,
				413B6EAB175DD20C00AABF10 /* quadtree.cpp in Sources */,
				413B6EAC175DD20C00AABF10 /* sampler.cpp in Sources */,
				413B6EAD175DD20C00AABF10 /* geometry.cpp in Sources */,
				413B6EAE175DD20C00AABF10 /* image.cpp in Sources */,
				413B6EC8175DE03400AABF10 /* framebuffer.cpp in Sources */,
				413B6EC9175DE03400AABF10 /* renderbuffer.cpp in Sources */,
				413B6ECA175DE03400AABF10 /* renderer.cpp in Sources */,
				413B6ECC175DE03400AABF10 /* texture.cpp in Sources */,
				63F5562DF06735D208DDCBC2 /* vertexbuffer.cpp in Sources */,
				413B6EDC175DE3CA00AABF10 /* animation.cpp in Sources */,
				413B6EDD175DE3CA00AABF10 /* sprite.cpp in Sources */,
				413B6EDE175DE3CA00AABF10 /* string_shape.cpp in Sources */,
				413B6F8D175DF02F00AABF10 /* Gesture.cpp in Sources */,
				413B6F8E175DF02F00AABF10 /* Surface.cpp in Sources */,
				413B6F8F175DF02F00AABF10 /* SurfaceView.mm in Sources */,
				413B6F91175DF02F00AABF10 /* Touch.cpp in Sources */,
				413B6F92175DF02F00AABF10 /* View.cpp in Sources */,
				413B7020175DFE9200AABF10 /* SoundLoader.cpp in Sources */,
				413B7021175DFE9200AABF10 /* SoundPlayer.cpp in Sources */,
				41158398175E1E9D004F58D1 /* OpenWarSurface.cpp in Sources */,
				4115839F175E7B59004F58D1 /* ButtonGesture.cpp in Sources */,
				411583A0175E7B59004F58D1 /* ButtonRendering.cpp in Sources */,
				411583A1175E7B59004F58D1 /* ButtonView.cpp in Sources */,
				63F552AA442BC79DB972C309 /* bspline.cpp in Sources */,
				63F55059A1B76F29DB55BB7F /* heightmap.cpp in Sources */,
				63F554E5EADD1A7A006BFFF8 /* BattleScript.cpp in Sources */,
				63F55316E5AEA5528734655A /* BattleContext.cpp in Sources */,
				63F55585486C3A7671131512 /* TerrainView.cpp in Sources */,
				63F55249577B14BB2E1BDFE0 /* TerrainGesture.cpp in Sources */,
				63F552B3C9091157BBBD80AA /* BillboardRenderer.cpp in Sources */,
				63F5501F5AC1AC7A75B753A1 /* BillboardTexture.cpp in Sources */,
				63F5552FC0EB22287834E72A /* BattleModel.cpp in Sources */,
				63F55EF6CE6A3354099D3C8E /* BattleView.cpp in Sources */,
				63F555392A719212301644A1 /* EditorModel.cpp in Sources */,
				63F558AA3FA5AB42B92EB1C7 /* EditorGesture.cpp in Sources */,
				63F55C99EAB3B7172666EAFB /* BattleGesture.cpp in Sources */,
				63F55248F49132EFA7134DD4 /* BattleRendering.cpp in Sources */,
				63F55F16A26D21892615988C /* MovementRules.cpp in Sources */,
				63F557CF71F1C893EE51497A /* SimulationRules.cpp in Sources */,
				63F55A672EE972CC4D26DE6E /* CasualtyMarker.cpp in Sources */,
				63F5508772C1D63A283143FB /* MovementMarker.cpp in Sources */,
				63F55359864803517F75C527 /* RangeMarker.cpp in Sources */,
				63F55E9BE90C837BF2BFAC4E /* TrackingMarker.cpp in Sources */,
				63F55197EA31BF00D877C955 /* ShootingCounter.cpp in Sources */,
				63F55FA86A98E9D9EF3F06FA /* SmokeCounter.cpp in Sources */,
				63F550C68636CD7316B5CC08 /* UnitCounter.cpp in Sources */,
				63F55AC0A60506A7D690049E /* TerrainModel.cpp in Sources */,
				63F55ECDC6282BAC7BA31425 /* BillboardTerrainForest.cpp in Sources */,
				63F5550707A96AFE37F3C01A /* TerrainForest.cpp in Sources */,
				63F551DB42F387D1E8CC8870 /* TiledTerrainSurface.cpp in Sources */,
				63F554C7D39D8DBC2C9B4D8B /* TerrainSurfaceRenderer.cpp in Sources */,
				63F55EEA4546CB30E247A932 /* TiledTerrainSurfaceRenderer.cpp in Sources */,
				63F55AB19D127077CF6387D6 /* TerrainSurface.cpp in Sources */,
				63F5565BE284639317279C7B /* SmoothTerrainSurfaceRenderer.cpp in Sources */,
				63F55760F3B39A3E42EDAA5E /* SmoothTerrainSurface.cpp in Sources */,
			);
			runOnlyForDeploymentPostprocessing = 0;
		};
/* End PBXSourcesBuildPhase section */

/* Begin PBXVariantGroup section */
		413B6E03175CE70B00AABF10 /* InfoPlist.strings */ = {
			isa = PBXVariantGroup;
			children = (
				413B6E04175CE70B00AABF10 /* en */,
			);
			name = InfoPlist.strings;
			sourceTree = "<group>";
		};
		413B6E09175CE70B00AABF10 /* Credits.rtf */ = {
			isa = PBXVariantGroup;
			children = (
				413B6E0A175CE70B00AABF10 /* en */,
			);
			name = Credits.rtf;
			sourceTree = "<group>";
		};
		413B6E0F175CE70B00AABF10 /* OpenWarDocument.xib */ = {
			isa = PBXVariantGroup;
			children = (
				413B6E10175CE70B00AABF10 /* OpenWarDocument.xib */,
			);
			name = OpenWarDocument.xib;
			sourceTree = "<group>";
		};
		413B6E12175CE70B00AABF10 /* MainMenu.xib */ = {
			isa = PBXVariantGroup;
			children = (
				413B6E13175CE70B00AABF10 /* en */,
			);
			name = MainMenu.xib;
			sourceTree = "<group>";
		};
/* End PBXVariantGroup section */

/* Begin XCBuildConfiguration section */
		413B6E15175CE70B00AABF10 /* Debug */ = {
			isa = XCBuildConfiguration;
			buildSettings = {
				ALWAYS_SEARCH_USER_PATHS = NO;
				ARCHS = "$(ARCHS_STANDARD_64_BIT)";
				CLANG_CXX_LANGUAGE_STANDARD = "gnu++0x";
				CLANG_CXX_LIBRARY = "libc++";
				CLANG_WARN_CONSTANT_CONVERSION = YES;
				CLANG_WARN_EMPTY_BODY = YES;
				CLANG_WARN_ENUM_CONVERSION = YES;
				CLANG_WARN_INT_CONVERSION = YES;
				CLANG_WARN__DUPLICATE_METHOD_MATCH = YES;
				COPY_PHASE_STRIP = NO;
				GCC_C_LANGUAGE_STANDARD = gnu99;
				GCC_DYNAMIC_NO_PIC = NO;
				GCC_ENABLE_OBJC_EXCEPTIONS = YES;
				GCC_OPTIMIZATION_LEVEL = 0;
				GCC_PREPROCESSOR_DEFINITIONS = (
					"DEBUG=1",
					"$(inherited)",
				);
				GCC_SYMBOLS_PRIVATE_EXTERN = NO;
				GCC_WARN_64_TO_32_BIT_CONVERSION = YES;
				GCC_WARN_ABOUT_RETURN_TYPE = YES;
				GCC_WARN_UNINITIALIZED_AUTOS = YES;
				GCC_WARN_UNUSED_VARIABLE = YES;
				MACOSX_DEPLOYMENT_TARGET = 10.8;
				ONLY_ACTIVE_ARCH = YES;
				SDKROOT = macosx;
			};
			name = Debug;
		};
		413B6E16175CE70B00AABF10 /* Release */ = {
			isa = XCBuildConfiguration;
			buildSettings = {
				ALWAYS_SEARCH_USER_PATHS = NO;
				ARCHS = "$(ARCHS_STANDARD_64_BIT)";
				CLANG_CXX_LANGUAGE_STANDARD = "gnu++0x";
				CLANG_CXX_LIBRARY = "libc++";
				CLANG_WARN_CONSTANT_CONVERSION = YES;
				CLANG_WARN_EMPTY_BODY = YES;
				CLANG_WARN_ENUM_CONVERSION = YES;
				CLANG_WARN_INT_CONVERSION = YES;
				CLANG_WARN__DUPLICATE_METHOD_MATCH = YES;
				COPY_PHASE_STRIP = YES;
				DEBUG_INFORMATION_FORMAT = "dwarf-with-dsym";
				GCC_C_LANGUAGE_STANDARD = gnu99;
				GCC_ENABLE_OBJC_EXCEPTIONS = YES;
				GCC_WARN_64_TO_32_BIT_CONVERSION = YES;
				GCC_WARN_ABOUT_RETURN_TYPE = YES;
				GCC_WARN_UNINITIALIZED_AUTOS = YES;
				GCC_WARN_UNUSED_VARIABLE = YES;
				MACOSX_DEPLOYMENT_TARGET = 10.8;
				SDKROOT = macosx;
			};
			name = Release;
		};
		413B6E18175CE70B00AABF10 /* Debug */ = {
			isa = XCBuildConfiguration;
			buildSettings = {
				CLANG_WARN_SUSPICIOUS_IMPLICIT_CONVERSION = YES;
				COMBINE_HIDPI_IMAGES = YES;
				GCC_INPUT_FILETYPE = sourcecode.cpp.objcpp;
				GCC_PRECOMPILE_PREFIX_HEADER = YES;
				GCC_PREFIX_HEADER = "OpenWar/Sources-Mac/OpenWar-Prefix.pch";
				GCC_TREAT_IMPLICIT_FUNCTION_DECLARATIONS_AS_ERRORS = YES;
				GCC_TREAT_INCOMPATIBLE_POINTER_TYPE_WARNINGS_AS_ERRORS = YES;
				GCC_VERSION = com.apple.compilers.llvm.clang.1_0;
				GCC_WARN_ABOUT_MISSING_NEWLINE = YES;
				GCC_WARN_ABOUT_MISSING_PROTOTYPES = YES;
				GCC_WARN_HIDDEN_VIRTUAL_FUNCTIONS = YES;
				GCC_WARN_NON_VIRTUAL_DESTRUCTOR = YES;
				HEADER_SEARCH_PATHS = (
					"\"$(SRCROOT)/External/glm\"",
					"\"$(SRCROOT)/External/lua/src\"",
				);
				INFOPLIST_FILE = "OpenWar/Sources-Mac/OpenWar-Info.plist";
				MACOSX_DEPLOYMENT_TARGET = 10.7;
				PRODUCT_NAME = "$(TARGET_NAME)";
				SDKROOT = macosx10.8;
				WRAPPER_EXTENSION = app;
			};
			name = Debug;
		};
		413B6E19175CE70B00AABF10 /* Release */ = {
			isa = XCBuildConfiguration;
			buildSettings = {
				CLANG_WARN_SUSPICIOUS_IMPLICIT_CONVERSION = YES;
				COMBINE_HIDPI_IMAGES = YES;
				GCC_INPUT_FILETYPE = sourcecode.cpp.objcpp;
				GCC_PRECOMPILE_PREFIX_HEADER = YES;
				GCC_PREFIX_HEADER = "OpenWar/Sources-Mac/OpenWar-Prefix.pch";
				GCC_TREAT_IMPLICIT_FUNCTION_DECLARATIONS_AS_ERRORS = YES;
				GCC_TREAT_INCOMPATIBLE_POINTER_TYPE_WARNINGS_AS_ERRORS = YES;
				GCC_VERSION = com.apple.compilers.llvm.clang.1_0;
				GCC_WARN_ABOUT_MISSING_NEWLINE = YES;
				GCC_WARN_ABOUT_MISSING_PROTOTYPES = YES;
				GCC_WARN_HIDDEN_VIRTUAL_FUNCTIONS = YES;
				GCC_WARN_NON_VIRTUAL_DESTRUCTOR = YES;
				HEADER_SEARCH_PATHS = (
					"\"$(SRCROOT)/External/glm\"",
					"\"$(SRCROOT)/External/lua/src\"",
				);
				INFOPLIST_FILE = "OpenWar/Sources-Mac/OpenWar-Info.plist";
				MACOSX_DEPLOYMENT_TARGET = 10.7;
				PRODUCT_NAME = "$(TARGET_NAME)";
				SDKROOT = macosx10.8;
				WRAPPER_EXTENSION = app;
			};
			name = Release;
		};
/* End XCBuildConfiguration section */

/* Begin XCConfigurationList section */
		413B6DF2175CE70B00AABF10 /* Build configuration list for PBXProject "OpenWar" */ = {
			isa = XCConfigurationList;
			buildConfigurations = (
				413B6E15175CE70B00AABF10 /* Debug */,
				413B6E16175CE70B00AABF10 /* Release */,
			);
			defaultConfigurationIsVisible = 0;
			defaultConfigurationName = Release;
		};
		413B6E17175CE70B00AABF10 /* Build configuration list for PBXNativeTarget "Open War" */ = {
			isa = XCConfigurationList;
			buildConfigurations = (
				413B6E18175CE70B00AABF10 /* Debug */,
				413B6E19175CE70B00AABF10 /* Release */,
			);
			defaultConfigurationIsVisible = 0;
			defaultConfigurationName = Release;
		};
/* End XCConfigurationList section */
	};
	rootObject = 413B6DEF175CE70B00AABF10 /* Project object */;
}
