// !$*UTF8*$!
{
	archiveVersion = 1;
	classes = {
	};
	objectVersion = 46;
	objects = {

/* Begin PBXBuildFile section */
		413B6DFB175CE70B00AABF10 /* Cocoa.framework in Frameworks */ = {isa = PBXBuildFile; fileRef = 413B6DFA175CE70B00AABF10 /* Cocoa.framework */; };
		413B6E05175CE70B00AABF10 /* InfoPlist.strings in Resources */ = {isa = PBXBuildFile; fileRef = 413B6E03175CE70B00AABF10 /* InfoPlist.strings */; };
		413B6E07175CE70B00AABF10 /* main.mm in Sources */ = {isa = PBXBuildFile; fileRef = 413B6E06175CE70B00AABF10 /* main.mm */; };
		413B6E0B175CE70B00AABF10 /* Credits.rtf in Resources */ = {isa = PBXBuildFile; fileRef = 413B6E09175CE70B00AABF10 /* Credits.rtf */; };
		413B6E0E175CE70B00AABF10 /* Document.mm in Sources */ = {isa = PBXBuildFile; fileRef = 413B6E0D175CE70B00AABF10 /* Document.mm */; };
		413B6E11175CE70B00AABF10 /* Document.xib in Resources */ = {isa = PBXBuildFile; fileRef = 413B6E0F175CE70B00AABF10 /* Document.xib */; };
		413B6E14175CE70B00AABF10 /* MainMenu.xib in Resources */ = {isa = PBXBuildFile; fileRef = 413B6E12175CE70B00AABF10 /* MainMenu.xib */; };
/* End PBXBuildFile section */

/* Begin PBXFileReference section */
		413B6DF7175CE70B00AABF10 /* Open War.app */ = {isa = PBXFileReference; explicitFileType = wrapper.application; includeInIndex = 0; path = "Open War.app"; sourceTree = BUILT_PRODUCTS_DIR; };
		413B6DFA175CE70B00AABF10 /* Cocoa.framework */ = {isa = PBXFileReference; lastKnownFileType = wrapper.framework; name = Cocoa.framework; path = System/Library/Frameworks/Cocoa.framework; sourceTree = SDKROOT; };
		413B6DFD175CE70B00AABF10 /* AppKit.framework */ = {isa = PBXFileReference; lastKnownFileType = wrapper.framework; name = AppKit.framework; path = System/Library/Frameworks/AppKit.framework; sourceTree = SDKROOT; };
		413B6DFE175CE70B00AABF10 /* CoreData.framework */ = {isa = PBXFileReference; lastKnownFileType = wrapper.framework; name = CoreData.framework; path = System/Library/Frameworks/CoreData.framework; sourceTree = SDKROOT; };
		413B6DFF175CE70B00AABF10 /* Foundation.framework */ = {isa = PBXFileReference; lastKnownFileType = wrapper.framework; name = Foundation.framework; path = System/Library/Frameworks/Foundation.framework; sourceTree = SDKROOT; };
		413B6E02175CE70B00AABF10 /* OpenWar-Info.plist */ = {isa = PBXFileReference; lastKnownFileType = text.plist.xml; path = "OpenWar-Info.plist"; sourceTree = "<group>"; };
		413B6E04175CE70B00AABF10 /* en */ = {isa = PBXFileReference; lastKnownFileType = text.plist.strings; name = en; path = en.lproj/InfoPlist.strings; sourceTree = "<group>"; };
		413B6E06175CE70B00AABF10 /* main.mm */ = {isa = PBXFileReference; lastKnownFileType = sourcecode.cpp.objcpp; path = main.mm; sourceTree = "<group>"; };
		413B6E08175CE70B00AABF10 /* OpenWar-Prefix.pch */ = {isa = PBXFileReference; lastKnownFileType = sourcecode.c.h; path = "OpenWar-Prefix.pch"; sourceTree = "<group>"; };
		413B6E0A175CE70B00AABF10 /* en */ = {isa = PBXFileReference; lastKnownFileType = text.rtf; name = en; path = en.lproj/Credits.rtf; sourceTree = "<group>"; };
		413B6E0C175CE70B00AABF10 /* Document.h */ = {isa = PBXFileReference; lastKnownFileType = sourcecode.c.h; path = Document.h; sourceTree = "<group>"; };
		413B6E0D175CE70B00AABF10 /* Document.mm */ = {isa = PBXFileReference; lastKnownFileType = sourcecode.cpp.objcpp; path = Document.mm; sourceTree = "<group>"; };
		413B6E10175CE70B00AABF10 /* en */ = {isa = PBXFileReference; lastKnownFileType = file.xib; name = en; path = en.lproj/Document.xib; sourceTree = "<group>"; };
		413B6E13175CE70B00AABF10 /* en */ = {isa = PBXFileReference; lastKnownFileType = file.xib; name = en; path = en.lproj/MainMenu.xib; sourceTree = "<group>"; };
/* End PBXFileReference section */

/* Begin PBXFrameworksBuildPhase section */
		413B6DF4175CE70B00AABF10 /* Frameworks */ = {
			isa = PBXFrameworksBuildPhase;
			buildActionMask = 2147483647;
			files = (
				413B6DFB175CE70B00AABF10 /* Cocoa.framework in Frameworks */,
			);
			runOnlyForDeploymentPostprocessing = 0;
		};
/* End PBXFrameworksBuildPhase section */

/* Begin PBXGroup section */
		413B6DEE175CE70B00AABF10 = {
			isa = PBXGroup;
			children = (
				413B6E00175CE70B00AABF10 /* OpenWar */,
				413B6DF9175CE70B00AABF10 /* Frameworks */,
				413B6DF8175CE70B00AABF10 /* Products */,
			);
			sourceTree = "<group>";
		};
		413B6DF8175CE70B00AABF10 /* Products */ = {
			isa = PBXGroup;
			children = (
				413B6DF7175CE70B00AABF10 /* Open War.app */,
			);
			name = Products;
			sourceTree = "<group>";
		};
		413B6DF9175CE70B00AABF10 /* Frameworks */ = {
			isa = PBXGroup;
			children = (
				413B6DFA175CE70B00AABF10 /* Cocoa.framework */,
				413B6DFC175CE70B00AABF10 /* Other Frameworks */,
			);
			name = Frameworks;
			sourceTree = "<group>";
		};
		413B6DFC175CE70B00AABF10 /* Other Frameworks */ = {
			isa = PBXGroup;
			children = (
				413B6DFD175CE70B00AABF10 /* AppKit.framework */,
				413B6DFE175CE70B00AABF10 /* CoreData.framework */,
				413B6DFF175CE70B00AABF10 /* Foundation.framework */,
			);
			name = "Other Frameworks";
			sourceTree = "<group>";
		};
		413B6E00175CE70B00AABF10 /* OpenWar */ = {
			isa = PBXGroup;
			children = (
				413B6E0C175CE70B00AABF10 /* Document.h */,
				413B6E0D175CE70B00AABF10 /* Document.mm */,
				413B6E0F175CE70B00AABF10 /* Document.xib */,
				413B6E12175CE70B00AABF10 /* MainMenu.xib */,
				413B6E01175CE70B00AABF10 /* Supporting Files */,
			);
			name = OpenWar;
			path = "Sources-Mac";
			sourceTree = "<group>";
		};
		413B6E01175CE70B00AABF10 /* Supporting Files */ = {
			isa = PBXGroup;
			children = (
				413B6E02175CE70B00AABF10 /* OpenWar-Info.plist */,
				413B6E03175CE70B00AABF10 /* InfoPlist.strings */,
				413B6E06175CE70B00AABF10 /* main.mm */,
				413B6E08175CE70B00AABF10 /* OpenWar-Prefix.pch */,
				413B6E09175CE70B00AABF10 /* Credits.rtf */,
			);
			name = "Supporting Files";
			sourceTree = "<group>";
		};
/* End PBXGroup section */

/* Begin PBXNativeTarget section */
		413B6DF6175CE70B00AABF10 /* Open War */ = {
			isa = PBXNativeTarget;
			buildConfigurationList = 413B6E17175CE70B00AABF10 /* Build configuration list for PBXNativeTarget "Open War" */;
			buildPhases = (
				413B6DF3175CE70B00AABF10 /* Sources */,
				413B6DF4175CE70B00AABF10 /* Frameworks */,
				413B6DF5175CE70B00AABF10 /* Resources */,
			);
			buildRules = (
			);
			dependencies = (
			);
			name = "Open War";
			productName = OpenWar;
			productReference = 413B6DF7175CE70B00AABF10 /* Open War.app */;
			productType = "com.apple.product-type.application";
		};
/* End PBXNativeTarget section */

/* Begin PBXProject section */
		413B6DEF175CE70B00AABF10 /* Project object */ = {
			isa = PBXProject;
			attributes = {
				LastUpgradeCheck = 0460;
				ORGANIZATIONNAME = openwar.org;
			};
			buildConfigurationList = 413B6DF2175CE70B00AABF10 /* Build configuration list for PBXProject "OpenWar" */;
			compatibilityVersion = "Xcode 3.2";
			developmentRegion = English;
			hasScannedForEncodings = 0;
			knownRegions = (
				en,
			);
			mainGroup = 413B6DEE175CE70B00AABF10;
			productRefGroup = 413B6DF8175CE70B00AABF10 /* Products */;
			projectDirPath = "";
			projectRoot = "";
			targets = (
				413B6DF6175CE70B00AABF10 /* Open War */,
			);
		};
/* End PBXProject section */

/* Begin PBXResourcesBuildPhase section */
		413B6DF5175CE70B00AABF10 /* Resources */ = {
			isa = PBXResourcesBuildPhase;
			buildActionMask = 2147483647;
			files = (
				413B6E05175CE70B00AABF10 /* InfoPlist.strings in Resources */,
				413B6E0B175CE70B00AABF10 /* Credits.rtf in Resources */,
				413B6E11175CE70B00AABF10 /* Document.xib in Resources */,
				413B6E14175CE70B00AABF10 /* MainMenu.xib in Resources */,
			);
			runOnlyForDeploymentPostprocessing = 0;
		};
/* End PBXResourcesBuildPhase section */

/* Begin PBXSourcesBuildPhase section */
		413B6DF3175CE70B00AABF10 /* Sources */ = {
			isa = PBXSourcesBuildPhase;
			buildActionMask = 2147483647;
			files = (
				413B6E07175CE70B00AABF10 /* main.mm in Sources */,
				413B6E0E175CE70B00AABF10 /* Document.mm in Sources */,
			);
			runOnlyForDeploymentPostprocessing = 0;
		};
/* End PBXSourcesBuildPhase section */

/* Begin PBXVariantGroup section */
		413B6E03175CE70B00AABF10 /* InfoPlist.strings */ = {
			isa = PBXVariantGroup;
			children = (
				413B6E04175CE70B00AABF10 /* en */,
			);
			name = InfoPlist.strings;
			sourceTree = "<group>";
		};
		413B6E09175CE70B00AABF10 /* Credits.rtf */ = {
			isa = PBXVariantGroup;
			children = (
				413B6E0A175CE70B00AABF10 /* en */,
			);
			name = Credits.rtf;
			sourceTree = "<group>";
		};
		413B6E0F175CE70B00AABF10 /* Document.xib */ = {
			isa = PBXVariantGroup;
			children = (
				413B6E10175CE70B00AABF10 /* en */,
			);
			name = Document.xib;
			sourceTree = "<group>";
		};
		413B6E12175CE70B00AABF10 /* MainMenu.xib */ = {
			isa = PBXVariantGroup;
			children = (
				413B6E13175CE70B00AABF10 /* en */,
			);
			name = MainMenu.xib;
			sourceTree = "<group>";
		};
/* End PBXVariantGroup section */

/* Begin XCBuildConfiguration section */
		413B6E15175CE70B00AABF10 /* Debug */ = {
			isa = XCBuildConfiguration;
			buildSettings = {
				ALWAYS_SEARCH_USER_PATHS = NO;
				ARCHS = "$(ARCHS_STANDARD_64_BIT)";
				CLANG_CXX_LANGUAGE_STANDARD = "gnu++0x";
				CLANG_CXX_LIBRARY = "libc++";
				CLANG_WARN_CONSTANT_CONVERSION = YES;
				CLANG_WARN_EMPTY_BODY = YES;
				CLANG_WARN_ENUM_CONVERSION = YES;
				CLANG_WARN_INT_CONVERSION = YES;
				CLANG_WARN__DUPLICATE_METHOD_MATCH = YES;
				COPY_PHASE_STRIP = NO;
				GCC_C_LANGUAGE_STANDARD = gnu99;
				GCC_DYNAMIC_NO_PIC = NO;
				GCC_ENABLE_OBJC_EXCEPTIONS = YES;
				GCC_OPTIMIZATION_LEVEL = 0;
				GCC_PREPROCESSOR_DEFINITIONS = (
					"DEBUG=1",
					"$(inherited)",
				);
				GCC_SYMBOLS_PRIVATE_EXTERN = NO;
				GCC_WARN_64_TO_32_BIT_CONVERSION = YES;
				GCC_WARN_ABOUT_RETURN_TYPE = YES;
				GCC_WARN_UNINITIALIZED_AUTOS = YES;
				GCC_WARN_UNUSED_VARIABLE = YES;
				MACOSX_DEPLOYMENT_TARGET = 10.8;
				ONLY_ACTIVE_ARCH = YES;
				SDKROOT = macosx;
			};
			name = Debug;
		};
		413B6E16175CE70B00AABF10 /* Release */ = {
			isa = XCBuildConfiguration;
			buildSettings = {
				ALWAYS_SEARCH_USER_PATHS = NO;
				ARCHS = "$(ARCHS_STANDARD_64_BIT)";
				CLANG_CXX_LANGUAGE_STANDARD = "gnu++0x";
				CLANG_CXX_LIBRARY = "libc++";
				CLANG_WARN_CONSTANT_CONVERSION = YES;
				CLANG_WARN_EMPTY_BODY = YES;
				CLANG_WARN_ENUM_CONVERSION = YES;
				CLANG_WARN_INT_CONVERSION = YES;
				CLANG_WARN__DUPLICATE_METHOD_MATCH = YES;
				COPY_PHASE_STRIP = YES;
				DEBUG_INFORMATION_FORMAT = "dwarf-with-dsym";
				GCC_C_LANGUAGE_STANDARD = gnu99;
				GCC_ENABLE_OBJC_EXCEPTIONS = YES;
				GCC_WARN_64_TO_32_BIT_CONVERSION = YES;
				GCC_WARN_ABOUT_RETURN_TYPE = YES;
				GCC_WARN_UNINITIALIZED_AUTOS = YES;
				GCC_WARN_UNUSED_VARIABLE = YES;
				MACOSX_DEPLOYMENT_TARGET = 10.8;
				SDKROOT = macosx;
			};
			name = Release;
		};
		413B6E18175CE70B00AABF10 /* Debug */ = {
			isa = XCBuildConfiguration;
			buildSettings = {
				COMBINE_HIDPI_IMAGES = YES;
				GCC_PRECOMPILE_PREFIX_HEADER = YES;
				GCC_PREFIX_HEADER = "Sources-Mac/OpenWar-Prefix.pch";
				INFOPLIST_FILE = "Sources-Mac/OpenWar-Info.plist";
				MACOSX_DEPLOYMENT_TARGET = 10.7;
				PRODUCT_NAME = "$(TARGET_NAME)";
				WRAPPER_EXTENSION = app;
			};
			name = Debug;
		};
		413B6E19175CE70B00AABF10 /* Release */ = {
			isa = XCBuildConfiguration;
			buildSettings = {
				COMBINE_HIDPI_IMAGES = YES;
				GCC_PRECOMPILE_PREFIX_HEADER = YES;
				GCC_PREFIX_HEADER = "Sources-Mac/OpenWar-Prefix.pch";
				INFOPLIST_FILE = "Sources-Mac/OpenWar-Info.plist";
				MACOSX_DEPLOYMENT_TARGET = 10.7;
				PRODUCT_NAME = "$(TARGET_NAME)";
				WRAPPER_EXTENSION = app;
			};
			name = Release;
		};
/* End XCBuildConfiguration section */

/* Begin XCConfigurationList section */
		413B6DF2175CE70B00AABF10 /* Build configuration list for PBXProject "OpenWar" */ = {
			isa = XCConfigurationList;
			buildConfigurations = (
				413B6E15175CE70B00AABF10 /* Debug */,
				413B6E16175CE70B00AABF10 /* Release */,
			);
			defaultConfigurationIsVisible = 0;
			defaultConfigurationName = Release;
		};
		413B6E17175CE70B00AABF10 /* Build configuration list for PBXNativeTarget "Open War" */ = {
			isa = XCConfigurationList;
			buildConfigurations = (
				413B6E18175CE70B00AABF10 /* Debug */,
				413B6E19175CE70B00AABF10 /* Release */,
			);
			defaultConfigurationIsVisible = 0;
			defaultConfigurationName = Release;
		};
/* End XCConfigurationList section */
	};
	rootObject = 413B6DEF175CE70B00AABF10 /* Project object */;
}
